// !$*UTF8*$!
{
	archiveVersion = 1;
	classes = {
	};
	objectVersion = 77;
	objects = {

/* Begin PBXBuildFile section */
		09A1B2C3D4E5F60718293A4B /* AppIcon.icon in Resources */ = {isa = PBXBuildFile; fileRef = 19A1B2C3D4E5F60718293A4B /* AppIcon.icon */; };
		1383C76F463DAE3D42A4C7FC /* ContextStripView.swift in Sources */ = {isa = PBXBuildFile; fileRef = BC63FD2674437F1139255B3E /* ContextStripView.swift */; };
		1E9155B18597D48510ACEDD8 /* PaneStripStore.swift in Sources */ = {isa = PBXBuildFile; fileRef = 8DEEB96E79CCE6DC7CB29BFD /* PaneStripStore.swift */; };
		1F8E1A9AF4D6D24D2C324242 /* main.swift in Sources */ = {isa = PBXBuildFile; fileRef = 6BC138BE273ED92291124633 /* main.swift */; };
		2D8A6B7C5E4F3102A1B9C8D7 /* AppDelegateTests.swift in Sources */ = {isa = PBXBuildFile; fileRef = 6F5E4D3C2B1A098765432112 /* AppDelegateTests.swift */; };
		3C7B6A5D4E3F2109B8A7C6D5 /* AppMenuBuilder.swift in Sources */ = {isa = PBXBuildFile; fileRef = 4B3A29181716151413121110 /* AppMenuBuilder.swift */; };
		44F6A7B8C9D0E1F203142536 /* PaneContainerViewTests.swift in Sources */ = {isa = PBXBuildFile; fileRef = 55E6D7C8B9A0F1E203142536 /* PaneContainerViewTests.swift */; };
		4777880E60AB7C29B7CD2E12 /* PaneCommand.swift in Sources */ = {isa = PBXBuildFile; fileRef = 474B9A1AC6A427A707683CA3 /* PaneCommand.swift */; };
		48F07B2E3A80B9D431002E57 /* PaneContainerView.swift in Sources */ = {isa = PBXBuildFile; fileRef = 3870D523D8F0FCB79FE51ADF /* PaneContainerView.swift */; };
		581E3A1AB04E391540AC02F1 /* SidebarView.swift in Sources */ = {isa = PBXBuildFile; fileRef = 0D86A2473F58EC67BBFC4C7A /* SidebarView.swift */; };
		5A2D8C9B19A64C02B8F3F1A1 /* PaneLayoutSizing.swift in Sources */ = {isa = PBXBuildFile; fileRef = 5A2D8C9B19A64C02B8F3F1A0 /* PaneLayoutSizing.swift */; };
		5A2D8C9B19A64C02B8F3F1A3 /* PaneStripViewTests.swift in Sources */ = {isa = PBXBuildFile; fileRef = 5A2D8C9B19A64C02B8F3F1A2 /* PaneStripViewTests.swift */; };
		5C2E8D9B19A64C02B8F3F1A3 /* PaneStripMotionControllerTests.swift in Sources */ = {isa = PBXBuildFile; fileRef = 5C2E8D9B19A64C02B8F3F1A2 /* PaneStripMotionControllerTests.swift */; };
		6A1D2E3F4B5C6D7E8F901234 /* TerminalPaneHostViewTests.swift in Sources */ = {isa = PBXBuildFile; fileRef = 6A1D2E3F4B5C6D7E8F901233 /* TerminalPaneHostViewTests.swift */; };
		6A1D2E3F4B5C6D7E8F901236 /* TerminalAdapter.swift in Sources */ = {isa = PBXBuildFile; fileRef = 6A1D2E3F4B5C6D7E8F901235 /* TerminalAdapter.swift */; };
		6A1D2E3F4B5C6D7E8F901238 /* TerminalMetadata.swift in Sources */ = {isa = PBXBuildFile; fileRef = 6A1D2E3F4B5C6D7E8F901237 /* TerminalMetadata.swift */; };
		6A1D2E3F4B5C6D7E8F90123A /* TerminalPaneHostView.swift in Sources */ = {isa = PBXBuildFile; fileRef = 6A1D2E3F4B5C6D7E8F901239 /* TerminalPaneHostView.swift */; };
		6D1D2E3F4B5C6D7E8F90123C /* TerminalAdapterRegistry.swift in Sources */ = {isa = PBXBuildFile; fileRef = 6D1D2E3F4B5C6D7E8F90123B /* TerminalAdapterRegistry.swift */; };
		6E1D2E3F4B5C6D7E8F90123E /* MockTerminalAdapter.swift in Sources */ = {isa = PBXBuildFile; fileRef = 6E1D2E3F4B5C6D7E8F90123D /* MockTerminalAdapter.swift */; };
		6F1D2E3F4B5C6D7E8F901240 /* LibghosttyAdapter.swift in Sources */ = {isa = PBXBuildFile; fileRef = 6F1D2E3F4B5C6D7E8F90123F /* LibghosttyAdapter.swift */; };
		701D2E3F4B5C6D7E8F901242 /* LibghosttyView.swift in Sources */ = {isa = PBXBuildFile; fileRef = 701D2E3F4B5C6D7E8F901241 /* LibghosttyView.swift */; };
		702D2E3F4B5C6D7E8F901244 /* LibghosttySurface.swift in Sources */ = {isa = PBXBuildFile; fileRef = 702D2E3F4B5C6D7E8F901243 /* LibghosttySurface.swift */; };
		703D2E3F4B5C6D7E8F901246 /* LibghosttyRuntime.swift in Sources */ = {isa = PBXBuildFile; fileRef = 703D2E3F4B5C6D7E8F901245 /* LibghosttyRuntime.swift */; };
		6B1D2E3F4B5C6D7E8F90123A /* LibghosttyAdapterTests.swift in Sources */ = {isa = PBXBuildFile; fileRef = 6B1D2E3F4B5C6D7E8F901239 /* LibghosttyAdapterTests.swift */; };
		6C1D2E3F4B5C6D7E8F90123A /* LibghosttyViewTests.swift in Sources */ = {isa = PBXBuildFile; fileRef = 6C1D2E3F4B5C6D7E8F901239 /* LibghosttyViewTests.swift */; };
		7B2C3D4E5F60718293A4B5C6 /* GhosttyKit.xcframework in Frameworks */ = {isa = PBXBuildFile; fileRef = 7B2C3D4E5F60718293A4B5C5 /* GhosttyKit.xcframework */; };
		801ECD25402540B6F022BC3F /* KeyboardShortcutResolver.swift in Sources */ = {isa = PBXBuildFile; fileRef = 2A94FD26FCD146425105D3FD /* KeyboardShortcutResolver.swift */; };
		87EA948CE9A1C6B7DF2A1FBD /* ZenttyTests.swift in Sources */ = {isa = PBXBuildFile; fileRef = 74CEBFAB725FA2FFBC3E014B /* ZenttyTests.swift */; };
		8F0F568491CA91D81FE0BE47 /* PaneStripStateTests.swift in Sources */ = {isa = PBXBuildFile; fileRef = 4DBA5050D2AB5F66D5F0B804 /* PaneStripStateTests.swift */; };
		9D7601CFA6D9A38A2C6B4E58 /* PaneStripView.swift in Sources */ = {isa = PBXBuildFile; fileRef = 51A592CFA32B2CA6FC7D24FB /* PaneStripView.swift */; };
		A3BA15B5A0157C439C268E41 /* KeyboardShortcutResolverTests.swift in Sources */ = {isa = PBXBuildFile; fileRef = 1AE42248703776A7F3829B77 /* KeyboardShortcutResolverTests.swift */; };
		A9684C3ACA26BE7756C04436 /* RootViewController.swift in Sources */ = {isa = PBXBuildFile; fileRef = 7B93F46C5542A31805301C02 /* RootViewController.swift */; };
		ADDC80F33AD74B2D67F3A005 /* MainWindowControllerTests.swift in Sources */ = {isa = PBXBuildFile; fileRef = 7120EEE7A0C06BD8315283B9 /* MainWindowControllerTests.swift */; };
		AFA0CB1E830B1464903655D6 /* MainWindowController.swift in Sources */ = {isa = PBXBuildFile; fileRef = DBAD1A9BF197EEA6E4F636D7 /* MainWindowController.swift */; };
		C01A739643B858C0F3A69C88 /* PaneStripMotionController.swift in Sources */ = {isa = PBXBuildFile; fileRef = FD6261C82AADF1EDAAA09BC9 /* PaneStripMotionController.swift */; };
		C11A739643B858C0F3A69C88 /* TrackpadPanGestureDriver.swift in Sources */ = {isa = PBXBuildFile; fileRef = F16261C82AADF1EDAAA09BC9 /* TrackpadPanGestureDriver.swift */; };
		C384A9FA26C72AC1B662D7A4 /* AppDelegate.swift in Sources */ = {isa = PBXBuildFile; fileRef = A3CFC2B870895651B043DF45 /* AppDelegate.swift */; };
		C5B93AB63BA8FD549DF63C95 /* PaneStripStoreTests.swift in Sources */ = {isa = PBXBuildFile; fileRef = AE8E84FD25CC1033F027FE62 /* PaneStripStoreTests.swift */; };
		EBD8B30A46636BC41AACF9CD /* RootViewCompositionTests.swift in Sources */ = {isa = PBXBuildFile; fileRef = FF4944514D465B85C6D9A3AC /* RootViewCompositionTests.swift */; };
		ED97F9FB42E05ECE3179E60D /* PaneStripState.swift in Sources */ = {isa = PBXBuildFile; fileRef = 3D36706DB3DF677FA13DC722 /* PaneStripState.swift */; };
		F33474EA4FEC1975F4FB4754 /* KeyboardShortcut.swift in Sources */ = {isa = PBXBuildFile; fileRef = B8D348923237491F345AB193 /* KeyboardShortcut.swift */; };
		FE927A90AB3D0A3AE1AF2004 /* AppCanvasView.swift in Sources */ = {isa = PBXBuildFile; fileRef = 8085EEB54A83D5D7F7A68CAB /* AppCanvasView.swift */; };
/* End PBXBuildFile section */

/* Begin PBXContainerItemProxy section */
		3052D0B64530701B3D43629A /* PBXContainerItemProxy */ = {
			isa = PBXContainerItemProxy;
			containerPortal = 7A0ED500B3C67C2B4985B5EE /* Project object */;
			proxyType = 1;
			remoteGlobalIDString = E6B2AAF72FA88E67CF89C62D;
			remoteInfo = Zentty;
		};
/* End PBXContainerItemProxy section */

/* Begin PBXFrameworksBuildPhase section */
		7B2C3D4E5F60718293A4B5C8 /* Frameworks */ = {
			isa = PBXFrameworksBuildPhase;
			buildActionMask = 2147483647;
			files = (
				7B2C3D4E5F60718293A4B5C6 /* GhosttyKit.xcframework in Frameworks */,
			);
			runOnlyForDeploymentPostprocessing = 0;
		};
/* End PBXFrameworksBuildPhase section */

/* Begin PBXFileReference section */
		0D86A2473F58EC67BBFC4C7A /* SidebarView.swift */ = {isa = PBXFileReference; lastKnownFileType = sourcecode.swift; path = SidebarView.swift; sourceTree = "<group>"; };
		19A1B2C3D4E5F60718293A4B /* AppIcon.icon */ = {isa = PBXFileReference; lastKnownFileType = folder.iconcomposer.icon; path = AppIcon.icon; sourceTree = "<group>"; };
		1AE42248703776A7F3829B77 /* KeyboardShortcutResolverTests.swift */ = {isa = PBXFileReference; lastKnownFileType = sourcecode.swift; path = KeyboardShortcutResolverTests.swift; sourceTree = "<group>"; };
		2A94FD26FCD146425105D3FD /* KeyboardShortcutResolver.swift */ = {isa = PBXFileReference; lastKnownFileType = sourcecode.swift; path = KeyboardShortcutResolver.swift; sourceTree = "<group>"; };
		3870D523D8F0FCB79FE51ADF /* PaneContainerView.swift */ = {isa = PBXFileReference; lastKnownFileType = sourcecode.swift; path = PaneContainerView.swift; sourceTree = "<group>"; };
		3D36706DB3DF677FA13DC722 /* PaneStripState.swift */ = {isa = PBXFileReference; lastKnownFileType = sourcecode.swift; path = PaneStripState.swift; sourceTree = "<group>"; };
		4B3A29181716151413121110 /* AppMenuBuilder.swift */ = {isa = PBXFileReference; lastKnownFileType = sourcecode.swift; path = AppMenuBuilder.swift; sourceTree = "<group>"; };
		474B9A1AC6A427A707683CA3 /* PaneCommand.swift */ = {isa = PBXFileReference; lastKnownFileType = sourcecode.swift; path = PaneCommand.swift; sourceTree = "<group>"; };
		4DBA5050D2AB5F66D5F0B804 /* PaneStripStateTests.swift */ = {isa = PBXFileReference; lastKnownFileType = sourcecode.swift; path = PaneStripStateTests.swift; sourceTree = "<group>"; };
		55E6D7C8B9A0F1E203142536 /* PaneContainerViewTests.swift */ = {isa = PBXFileReference; lastKnownFileType = sourcecode.swift; path = PaneContainerViewTests.swift; sourceTree = "<group>"; };
		5A2D8C9B19A64C02B8F3F1A0 /* PaneLayoutSizing.swift */ = {isa = PBXFileReference; lastKnownFileType = sourcecode.swift; path = PaneLayoutSizing.swift; sourceTree = "<group>"; };
		5A2D8C9B19A64C02B8F3F1A2 /* PaneStripViewTests.swift */ = {isa = PBXFileReference; lastKnownFileType = sourcecode.swift; path = PaneStripViewTests.swift; sourceTree = "<group>"; };
		5C2E8D9B19A64C02B8F3F1A2 /* PaneStripMotionControllerTests.swift */ = {isa = PBXFileReference; lastKnownFileType = sourcecode.swift; path = PaneStripMotionControllerTests.swift; sourceTree = "<group>"; };
		6A1D2E3F4B5C6D7E8F901233 /* TerminalPaneHostViewTests.swift */ = {isa = PBXFileReference; lastKnownFileType = sourcecode.swift; path = TerminalPaneHostViewTests.swift; sourceTree = "<group>"; };
		6A1D2E3F4B5C6D7E8F901235 /* TerminalAdapter.swift */ = {isa = PBXFileReference; lastKnownFileType = sourcecode.swift; path = TerminalAdapter.swift; sourceTree = "<group>"; };
		6A1D2E3F4B5C6D7E8F901237 /* TerminalMetadata.swift */ = {isa = PBXFileReference; lastKnownFileType = sourcecode.swift; path = TerminalMetadata.swift; sourceTree = "<group>"; };
		6A1D2E3F4B5C6D7E8F901239 /* TerminalPaneHostView.swift */ = {isa = PBXFileReference; lastKnownFileType = sourcecode.swift; path = TerminalPaneHostView.swift; sourceTree = "<group>"; };
		6D1D2E3F4B5C6D7E8F90123B /* TerminalAdapterRegistry.swift */ = {isa = PBXFileReference; lastKnownFileType = sourcecode.swift; path = TerminalAdapterRegistry.swift; sourceTree = "<group>"; };
		6E1D2E3F4B5C6D7E8F90123D /* MockTerminalAdapter.swift */ = {isa = PBXFileReference; lastKnownFileType = sourcecode.swift; path = MockTerminalAdapter.swift; sourceTree = "<group>"; };
		6F1D2E3F4B5C6D7E8F90123F /* LibghosttyAdapter.swift */ = {isa = PBXFileReference; lastKnownFileType = sourcecode.swift; path = LibghosttyAdapter.swift; sourceTree = "<group>"; };
		701D2E3F4B5C6D7E8F901241 /* LibghosttyView.swift */ = {isa = PBXFileReference; lastKnownFileType = sourcecode.swift; path = LibghosttyView.swift; sourceTree = "<group>"; };
		702D2E3F4B5C6D7E8F901243 /* LibghosttySurface.swift */ = {isa = PBXFileReference; lastKnownFileType = sourcecode.swift; path = LibghosttySurface.swift; sourceTree = "<group>"; };
		703D2E3F4B5C6D7E8F901245 /* LibghosttyRuntime.swift */ = {isa = PBXFileReference; lastKnownFileType = sourcecode.swift; path = LibghosttyRuntime.swift; sourceTree = "<group>"; };
		6B1D2E3F4B5C6D7E8F901239 /* LibghosttyAdapterTests.swift */ = {isa = PBXFileReference; lastKnownFileType = sourcecode.swift; path = LibghosttyAdapterTests.swift; sourceTree = "<group>"; };
		6C1D2E3F4B5C6D7E8F901239 /* LibghosttyViewTests.swift */ = {isa = PBXFileReference; lastKnownFileType = sourcecode.swift; path = LibghosttyViewTests.swift; sourceTree = "<group>"; };
		7B2C3D4E5F60718293A4B5C5 /* GhosttyKit.xcframework */ = {isa = PBXFileReference; lastKnownFileType = wrapper.xcframework; path = GhosttyKit.xcframework; sourceTree = "<group>"; };
		51A592CFA32B2CA6FC7D24FB /* PaneStripView.swift */ = {isa = PBXFileReference; lastKnownFileType = sourcecode.swift; path = PaneStripView.swift; sourceTree = "<group>"; };
		6F5E4D3C2B1A098765432112 /* AppDelegateTests.swift */ = {isa = PBXFileReference; lastKnownFileType = sourcecode.swift; path = AppDelegateTests.swift; sourceTree = "<group>"; };
		6BC138BE273ED92291124633 /* main.swift */ = {isa = PBXFileReference; lastKnownFileType = sourcecode.swift; path = main.swift; sourceTree = "<group>"; };
		7120EEE7A0C06BD8315283B9 /* MainWindowControllerTests.swift */ = {isa = PBXFileReference; lastKnownFileType = sourcecode.swift; path = MainWindowControllerTests.swift; sourceTree = "<group>"; };
		74CEBFAB725FA2FFBC3E014B /* ZenttyTests.swift */ = {isa = PBXFileReference; lastKnownFileType = sourcecode.swift; path = ZenttyTests.swift; sourceTree = "<group>"; };
		7B93F46C5542A31805301C02 /* RootViewController.swift */ = {isa = PBXFileReference; lastKnownFileType = sourcecode.swift; path = RootViewController.swift; sourceTree = "<group>"; };
		8085EEB54A83D5D7F7A68CAB /* AppCanvasView.swift */ = {isa = PBXFileReference; lastKnownFileType = sourcecode.swift; path = AppCanvasView.swift; sourceTree = "<group>"; };
		8DEEB96E79CCE6DC7CB29BFD /* PaneStripStore.swift */ = {isa = PBXFileReference; lastKnownFileType = sourcecode.swift; path = PaneStripStore.swift; sourceTree = "<group>"; };
		A3CFC2B870895651B043DF45 /* AppDelegate.swift */ = {isa = PBXFileReference; lastKnownFileType = sourcecode.swift; path = AppDelegate.swift; sourceTree = "<group>"; };
		AE8E84FD25CC1033F027FE62 /* PaneStripStoreTests.swift */ = {isa = PBXFileReference; lastKnownFileType = sourcecode.swift; path = PaneStripStoreTests.swift; sourceTree = "<group>"; };
		B530C90C0E34C9180D7FA019 /* Info.plist */ = {isa = PBXFileReference; lastKnownFileType = text.plist; path = Info.plist; sourceTree = "<group>"; };
		B8D348923237491F345AB193 /* KeyboardShortcut.swift */ = {isa = PBXFileReference; lastKnownFileType = sourcecode.swift; path = KeyboardShortcut.swift; sourceTree = "<group>"; };
		BC63FD2674437F1139255B3E /* ContextStripView.swift */ = {isa = PBXFileReference; lastKnownFileType = sourcecode.swift; path = ContextStripView.swift; sourceTree = "<group>"; };
		CBF4079FD49C87B216061EB3 /* Info.plist */ = {isa = PBXFileReference; lastKnownFileType = text.plist; path = Info.plist; sourceTree = "<group>"; };
		DBAD1A9BF197EEA6E4F636D7 /* MainWindowController.swift */ = {isa = PBXFileReference; lastKnownFileType = sourcecode.swift; path = MainWindowController.swift; sourceTree = "<group>"; };
		E5BDEE21BACB5E0E7AB95AE0 /* ZenttyTests.xctest */ = {isa = PBXFileReference; explicitFileType = wrapper.cfbundle; includeInIndex = 0; path = ZenttyTests.xctest; sourceTree = BUILT_PRODUCTS_DIR; };
		EE4A79EE9DA488020E7D0C71 /* Zentty.app */ = {isa = PBXFileReference; explicitFileType = wrapper.application; includeInIndex = 0; path = Zentty.app; sourceTree = BUILT_PRODUCTS_DIR; };
		FD6261C82AADF1EDAAA09BC9 /* PaneStripMotionController.swift */ = {isa = PBXFileReference; lastKnownFileType = sourcecode.swift; path = PaneStripMotionController.swift; sourceTree = "<group>"; };
		F16261C82AADF1EDAAA09BC9 /* TrackpadPanGestureDriver.swift */ = {isa = PBXFileReference; lastKnownFileType = sourcecode.swift; path = TrackpadPanGestureDriver.swift; sourceTree = "<group>"; };
		FF4944514D465B85C6D9A3AC /* RootViewCompositionTests.swift */ = {isa = PBXFileReference; lastKnownFileType = sourcecode.swift; path = RootViewCompositionTests.swift; sourceTree = "<group>"; };
/* End PBXFileReference section */

/* Begin PBXGroup section */
		1C0506CDB868054B09C5CA8D /* AppState */ = {
			isa = PBXGroup;
			children = (
				8DEEB96E79CCE6DC7CB29BFD /* PaneStripStore.swift */,
			);
			path = AppState;
			sourceTree = "<group>";
		};
		3113646FB0F299F70B834339 /* Zentty */ = {
			isa = PBXGroup;
			children = (
				19A1B2C3D4E5F60718293A4B /* AppIcon.icon */,
				4B3A29181716151413121110 /* AppMenuBuilder.swift */,
				A3CFC2B870895651B043DF45 /* AppDelegate.swift */,
				B530C90C0E34C9180D7FA019 /* Info.plist */,
				6BC138BE273ED92291124633 /* main.swift */,
				DBAD1A9BF197EEA6E4F636D7 /* MainWindowController.swift */,
				1C0506CDB868054B09C5CA8D /* AppState */,
				86D8A35364B8935BD9D2D219 /* Input */,
				7F1FD0AFD7DC8203464D5523 /* Layout */,
				E839246BBEECA8F611076C8E /* Motion */,
				6A1D2E3F4B5C6D7E8F90123B /* Terminal */,
				DF5F1230FC57111D71EAF9A9 /* UI */,
			);
			path = Zentty;
			sourceTree = "<group>";
		};
		37CB5D1993A4151C254A16D2 = {
			isa = PBXGroup;
			children = (
				7B2C3D4E5F60718293A4B5C7 /* FrameworksLocal */,
				3113646FB0F299F70B834339 /* Zentty */,
				928C5204454C83A419DEEAFF /* ZenttyTests */,
				77D242A536F1FD4B6EE328F9 /* Products */,
			);
			sourceTree = "<group>";
		};
		7B2C3D4E5F60718293A4B5C7 /* FrameworksLocal */ = {
			isa = PBXGroup;
			children = (
				7B2C3D4E5F60718293A4B5C5 /* GhosttyKit.xcframework */,
			);
			path = FrameworksLocal;
			sourceTree = "<group>";
		};
		77D242A536F1FD4B6EE328F9 /* Products */ = {
			isa = PBXGroup;
			children = (
				EE4A79EE9DA488020E7D0C71 /* Zentty.app */,
				E5BDEE21BACB5E0E7AB95AE0 /* ZenttyTests.xctest */,
			);
			name = Products;
			sourceTree = "<group>";
		};
		7F1FD0AFD7DC8203464D5523 /* Layout */ = {
			isa = PBXGroup;
			children = (
				5A2D8C9B19A64C02B8F3F1A0 /* PaneLayoutSizing.swift */,
				3D36706DB3DF677FA13DC722 /* PaneStripState.swift */,
			);
			path = Layout;
			sourceTree = "<group>";
		};
		86D8A35364B8935BD9D2D219 /* Input */ = {
			isa = PBXGroup;
			children = (
				B8D348923237491F345AB193 /* KeyboardShortcut.swift */,
				2A94FD26FCD146425105D3FD /* KeyboardShortcutResolver.swift */,
				474B9A1AC6A427A707683CA3 /* PaneCommand.swift */,
			);
			path = Input;
			sourceTree = "<group>";
		};
		6A1D2E3F4B5C6D7E8F90123B /* Terminal */ = {
			isa = PBXGroup;
			children = (
				6A1D2E3F4B5C6D7E8F901235 /* TerminalAdapter.swift */,
				6D1D2E3F4B5C6D7E8F90123B /* TerminalAdapterRegistry.swift */,
				6A1D2E3F4B5C6D7E8F901237 /* TerminalMetadata.swift */,
				6A1D2E3F4B5C6D7E8F901239 /* TerminalPaneHostView.swift */,
				6E1D2E3F4B5C6D7E8F90123D /* MockTerminalAdapter.swift */,
				6F1D2E3F4B5C6D7E8F90123F /* LibghosttyAdapter.swift */,
				701D2E3F4B5C6D7E8F901241 /* LibghosttyView.swift */,
				702D2E3F4B5C6D7E8F901243 /* LibghosttySurface.swift */,
				703D2E3F4B5C6D7E8F901245 /* LibghosttyRuntime.swift */,
			);
			path = Terminal;
			sourceTree = "<group>";
		};
		928C5204454C83A419DEEAFF /* ZenttyTests */ = {
			isa = PBXGroup;
			children = (
				6F5E4D3C2B1A098765432112 /* AppDelegateTests.swift */,
				CBF4079FD49C87B216061EB3 /* Info.plist */,
				1AE42248703776A7F3829B77 /* KeyboardShortcutResolverTests.swift */,
				6B1D2E3F4B5C6D7E8F901239 /* LibghosttyAdapterTests.swift */,
				6C1D2E3F4B5C6D7E8F901239 /* LibghosttyViewTests.swift */,
				7120EEE7A0C06BD8315283B9 /* MainWindowControllerTests.swift */,
				55E6D7C8B9A0F1E203142536 /* PaneContainerViewTests.swift */,
				5C2E8D9B19A64C02B8F3F1A2 /* PaneStripMotionControllerTests.swift */,
				6A1D2E3F4B5C6D7E8F901233 /* TerminalPaneHostViewTests.swift */,
				4DBA5050D2AB5F66D5F0B804 /* PaneStripStateTests.swift */,
				5A2D8C9B19A64C02B8F3F1A2 /* PaneStripViewTests.swift */,
				AE8E84FD25CC1033F027FE62 /* PaneStripStoreTests.swift */,
				FF4944514D465B85C6D9A3AC /* RootViewCompositionTests.swift */,
				74CEBFAB725FA2FFBC3E014B /* ZenttyTests.swift */,
			);
			path = ZenttyTests;
			sourceTree = "<group>";
		};
		DF5F1230FC57111D71EAF9A9 /* UI */ = {
			isa = PBXGroup;
			children = (
				8085EEB54A83D5D7F7A68CAB /* AppCanvasView.swift */,
				BC63FD2674437F1139255B3E /* ContextStripView.swift */,
				3870D523D8F0FCB79FE51ADF /* PaneContainerView.swift */,
				51A592CFA32B2CA6FC7D24FB /* PaneStripView.swift */,
				7B93F46C5542A31805301C02 /* RootViewController.swift */,
				0D86A2473F58EC67BBFC4C7A /* SidebarView.swift */,
			);
			path = UI;
			sourceTree = "<group>";
		};
		E839246BBEECA8F611076C8E /* Motion */ = {
			isa = PBXGroup;
			children = (
				FD6261C82AADF1EDAAA09BC9 /* PaneStripMotionController.swift */,
				F16261C82AADF1EDAAA09BC9 /* TrackpadPanGestureDriver.swift */,
			);
			path = Motion;
			sourceTree = "<group>";
		};
/* End PBXGroup section */

/* Begin PBXNativeTarget section */
		1DF8F62E1BE7CCB86231ED30 /* ZenttyTests */ = {
			isa = PBXNativeTarget;
			buildConfigurationList = 4FCFCF2564A6DA103A27CCEE /* Build configuration list for PBXNativeTarget "ZenttyTests" */;
			buildPhases = (
				B9EEEBFA0C651DF53E2B0A3C /* Sources */,
			);
			buildRules = (
			);
			dependencies = (
				2D4FCC98FF4C309C0E7AEFA5 /* PBXTargetDependency */,
			);
			name = ZenttyTests;
			packageProductDependencies = (
			);
			productName = ZenttyTests;
			productReference = E5BDEE21BACB5E0E7AB95AE0 /* ZenttyTests.xctest */;
			productType = "com.apple.product-type.bundle.unit-test";
		};
		E6B2AAF72FA88E67CF89C62D /* Zentty */ = {
			isa = PBXNativeTarget;
			buildConfigurationList = 8CF3F2B2CC3B4077397556BF /* Build configuration list for PBXNativeTarget "Zentty" */;
			buildPhases = (
				7B2C3D4E5F60718293A4B5C9 /* Verify GhosttyKit */,
				7B2C3D4E5F60718293A4B5C8 /* Frameworks */,
				7F3DAA66194F5E5435D20992 /* Sources */,
				29A1B2C3D4E5F60718293A4B /* Resources */,
			);
			buildRules = (
			);
			dependencies = (
			);
			name = Zentty;
			packageProductDependencies = (
			);
			productName = Zentty;
			productReference = EE4A79EE9DA488020E7D0C71 /* Zentty.app */;
			productType = "com.apple.product-type.application";
		};
/* End PBXNativeTarget section */

/* Begin PBXProject section */
		7A0ED500B3C67C2B4985B5EE /* Project object */ = {
			isa = PBXProject;
			attributes = {
				BuildIndependentTargetsInParallel = YES;
				LastUpgradeCheck = 1430;
				TargetAttributes = {
					1DF8F62E1BE7CCB86231ED30 = {
						ProvisioningStyle = Automatic;
					};
					E6B2AAF72FA88E67CF89C62D = {
						ProvisioningStyle = Automatic;
					};
				};
			};
			buildConfigurationList = 41E011D77BB2E01F52BCA543 /* Build configuration list for PBXProject "Zentty" */;
			developmentRegion = en;
			hasScannedForEncodings = 0;
			knownRegions = (
				Base,
				en,
			);
			mainGroup = 37CB5D1993A4151C254A16D2;
			minimizedProjectReferenceProxies = 1;
			preferredProjectObjectVersion = 77;
			productRefGroup = 77D242A536F1FD4B6EE328F9 /* Products */;
			projectDirPath = "";
			projectRoot = "";
			targets = (
				E6B2AAF72FA88E67CF89C62D /* Zentty */,
				1DF8F62E1BE7CCB86231ED30 /* ZenttyTests */,
			);
		};
/* End PBXProject section */

/* Begin PBXResourcesBuildPhase section */
		29A1B2C3D4E5F60718293A4B /* Resources */ = {
			isa = PBXResourcesBuildPhase;
			buildActionMask = 2147483647;
			files = (
				09A1B2C3D4E5F60718293A4B /* AppIcon.icon in Resources */,
			);
			runOnlyForDeploymentPostprocessing = 0;
		};
/* End PBXResourcesBuildPhase section */

/* Begin PBXShellScriptBuildPhase section */
		7B2C3D4E5F60718293A4B5C9 /* Verify GhosttyKit */ = {
			isa = PBXShellScriptBuildPhase;
			alwaysOutOfDate = 1;
			buildActionMask = 2147483647;
			files = (
			);
			inputFileListPaths = (
			);
			inputPaths = (
			);
			name = "Verify GhosttyKit";
			outputFileListPaths = (
			);
			outputPaths = (
			);
			runOnlyForDeploymentPostprocessing = 0;
			shellPath = /bin/sh;
			shellScript = "FRAMEWORK_PATH=\"${PROJECT_DIR}/FrameworksLocal/GhosttyKit.xcframework\"\nif [ ! -d \"$FRAMEWORK_PATH\" ]; then\n  echo \"error: GhosttyKit.xcframework not found. Run scripts/build_ghosttykit.sh first.\"\n  exit 1\nfi\n";
			showEnvVarsInLog = 0;
		};
/* End PBXShellScriptBuildPhase section */

/* Begin PBXSourcesBuildPhase section */
		7F3DAA66194F5E5435D20992 /* Sources */ = {
			isa = PBXSourcesBuildPhase;
			buildActionMask = 2147483647;
			files = (
				FE927A90AB3D0A3AE1AF2004 /* AppCanvasView.swift in Sources */,
				C384A9FA26C72AC1B662D7A4 /* AppDelegate.swift in Sources */,
				3C7B6A5D4E3F2109B8A7C6D5 /* AppMenuBuilder.swift in Sources */,
				1383C76F463DAE3D42A4C7FC /* ContextStripView.swift in Sources */,
				F33474EA4FEC1975F4FB4754 /* KeyboardShortcut.swift in Sources */,
				801ECD25402540B6F022BC3F /* KeyboardShortcutResolver.swift in Sources */,
				AFA0CB1E830B1464903655D6 /* MainWindowController.swift in Sources */,
				4777880E60AB7C29B7CD2E12 /* PaneCommand.swift in Sources */,
				48F07B2E3A80B9D431002E57 /* PaneContainerView.swift in Sources */,
				5A2D8C9B19A64C02B8F3F1A1 /* PaneLayoutSizing.swift in Sources */,
				C01A739643B858C0F3A69C88 /* PaneStripMotionController.swift in Sources */,
				C11A739643B858C0F3A69C88 /* TrackpadPanGestureDriver.swift in Sources */,
				ED97F9FB42E05ECE3179E60D /* PaneStripState.swift in Sources */,
				1E9155B18597D48510ACEDD8 /* PaneStripStore.swift in Sources */,
				9D7601CFA6D9A38A2C6B4E58 /* PaneStripView.swift in Sources */,
				A9684C3ACA26BE7756C04436 /* RootViewController.swift in Sources */,
				581E3A1AB04E391540AC02F1 /* SidebarView.swift in Sources */,
				1F8E1A9AF4D6D24D2C324242 /* main.swift in Sources */,
				6A1D2E3F4B5C6D7E8F901236 /* TerminalAdapter.swift in Sources */,
				6D1D2E3F4B5C6D7E8F90123C /* TerminalAdapterRegistry.swift in Sources */,
				6A1D2E3F4B5C6D7E8F901238 /* TerminalMetadata.swift in Sources */,
				6A1D2E3F4B5C6D7E8F90123A /* TerminalPaneHostView.swift in Sources */,
				6E1D2E3F4B5C6D7E8F90123E /* MockTerminalAdapter.swift in Sources */,
				6F1D2E3F4B5C6D7E8F901240 /* LibghosttyAdapter.swift in Sources */,
				701D2E3F4B5C6D7E8F901242 /* LibghosttyView.swift in Sources */,
				702D2E3F4B5C6D7E8F901244 /* LibghosttySurface.swift in Sources */,
				703D2E3F4B5C6D7E8F901246 /* LibghosttyRuntime.swift in Sources */,
			);
			runOnlyForDeploymentPostprocessing = 0;
		};
		B9EEEBFA0C651DF53E2B0A3C /* Sources */ = {
			isa = PBXSourcesBuildPhase;
			buildActionMask = 2147483647;
			files = (
				2D8A6B7C5E4F3102A1B9C8D7 /* AppDelegateTests.swift in Sources */,
				A3BA15B5A0157C439C268E41 /* KeyboardShortcutResolverTests.swift in Sources */,
				ADDC80F33AD74B2D67F3A005 /* MainWindowControllerTests.swift in Sources */,
				44F6A7B8C9D0E1F203142536 /* PaneContainerViewTests.swift in Sources */,
				5C2E8D9B19A64C02B8F3F1A3 /* PaneStripMotionControllerTests.swift in Sources */,
				6A1D2E3F4B5C6D7E8F901234 /* TerminalPaneHostViewTests.swift in Sources */,
				6B1D2E3F4B5C6D7E8F90123A /* LibghosttyAdapterTests.swift in Sources */,
				6C1D2E3F4B5C6D7E8F90123A /* LibghosttyViewTests.swift in Sources */,
				8F0F568491CA91D81FE0BE47 /* PaneStripStateTests.swift in Sources */,
				5A2D8C9B19A64C02B8F3F1A3 /* PaneStripViewTests.swift in Sources */,
				C5B93AB63BA8FD549DF63C95 /* PaneStripStoreTests.swift in Sources */,
				EBD8B30A46636BC41AACF9CD /* RootViewCompositionTests.swift in Sources */,
				87EA948CE9A1C6B7DF2A1FBD /* ZenttyTests.swift in Sources */,
			);
			runOnlyForDeploymentPostprocessing = 0;
		};
/* End PBXSourcesBuildPhase section */

/* Begin PBXTargetDependency section */
		2D4FCC98FF4C309C0E7AEFA5 /* PBXTargetDependency */ = {
			isa = PBXTargetDependency;
			target = E6B2AAF72FA88E67CF89C62D /* Zentty */;
			targetProxy = 3052D0B64530701B3D43629A /* PBXContainerItemProxy */;
		};
/* End PBXTargetDependency section */

/* Begin XCBuildConfiguration section */
		1C63BF5BC76D67B67A1A72EF /* Debug */ = {
			isa = XCBuildConfiguration;
			buildSettings = {
				ALWAYS_SEARCH_USER_PATHS = NO;
				CLANG_ANALYZER_NONNULL = YES;
				CLANG_ANALYZER_NUMBER_OBJECT_CONVERSION = YES_AGGRESSIVE;
				CLANG_CXX_LANGUAGE_STANDARD = "gnu++14";
				CLANG_CXX_LIBRARY = "libc++";
				CLANG_ENABLE_MODULES = YES;
				CLANG_ENABLE_OBJC_ARC = YES;
				CLANG_ENABLE_OBJC_WEAK = YES;
				CLANG_WARN_BLOCK_CAPTURE_AUTORELEASING = YES;
				CLANG_WARN_BOOL_CONVERSION = YES;
				CLANG_WARN_COMMA = YES;
				CLANG_WARN_CONSTANT_CONVERSION = YES;
				CLANG_WARN_DEPRECATED_OBJC_IMPLEMENTATIONS = YES;
				CLANG_WARN_DIRECT_OBJC_ISA_USAGE = YES_ERROR;
				CLANG_WARN_DOCUMENTATION_COMMENTS = YES;
				CLANG_WARN_EMPTY_BODY = YES;
				CLANG_WARN_ENUM_CONVERSION = YES;
				CLANG_WARN_INFINITE_RECURSION = YES;
				CLANG_WARN_INT_CONVERSION = YES;
				CLANG_WARN_NON_LITERAL_NULL_CONVERSION = YES;
				CLANG_WARN_OBJC_IMPLICIT_RETAIN_SELF = YES;
				CLANG_WARN_OBJC_LITERAL_CONVERSION = YES;
				CLANG_WARN_OBJC_ROOT_CLASS = YES_ERROR;
				CLANG_WARN_QUOTED_INCLUDE_IN_FRAMEWORK_HEADER = YES;
				CLANG_WARN_RANGE_LOOP_ANALYSIS = YES;
				CLANG_WARN_STRICT_PROTOTYPES = YES;
				CLANG_WARN_SUSPICIOUS_MOVE = YES;
				CLANG_WARN_UNGUARDED_AVAILABILITY = YES_AGGRESSIVE;
				CLANG_WARN_UNREACHABLE_CODE = YES;
				CLANG_WARN__DUPLICATE_METHOD_MATCH = YES;
				CODE_SIGN_STYLE = Automatic;
				COPY_PHASE_STRIP = NO;
				DEBUG_INFORMATION_FORMAT = dwarf;
				ENABLE_STRICT_OBJC_MSGSEND = YES;
				ENABLE_TESTABILITY = YES;
				GCC_C_LANGUAGE_STANDARD = gnu11;
				GCC_DYNAMIC_NO_PIC = NO;
				GCC_NO_COMMON_BLOCKS = YES;
				GCC_OPTIMIZATION_LEVEL = 0;
				GCC_PREPROCESSOR_DEFINITIONS = (
					"$(inherited)",
					"DEBUG=1",
				);
				GCC_WARN_64_TO_32_BIT_CONVERSION = YES;
				GCC_WARN_ABOUT_RETURN_TYPE = YES_ERROR;
				GCC_WARN_UNDECLARED_SELECTOR = YES;
				GCC_WARN_UNINITIALIZED_AUTOS = YES_AGGRESSIVE;
				GCC_WARN_UNUSED_FUNCTION = YES;
				GCC_WARN_UNUSED_VARIABLE = YES;
				GENERATE_INFOPLIST_FILE = NO;
				MACOSX_DEPLOYMENT_TARGET = 14.0;
				MTL_ENABLE_DEBUG_INFO = INCLUDE_SOURCE;
				MTL_FAST_MATH = YES;
				ONLY_ACTIVE_ARCH = YES;
				PRODUCT_NAME = Zentty;
				SDKROOT = macosx;
				SWIFT_ACTIVE_COMPILATION_CONDITIONS = DEBUG;
				SWIFT_OPTIMIZATION_LEVEL = "-Onone";
				SWIFT_VERSION = 6.0;
			};
			name = Debug;
		};
		2E8D36F2457EDB4F365E74D2 /* Release */ = {
			isa = XCBuildConfiguration;
			buildSettings = {
				ALWAYS_SEARCH_USER_PATHS = NO;
				CLANG_ANALYZER_NONNULL = YES;
				CLANG_ANALYZER_NUMBER_OBJECT_CONVERSION = YES_AGGRESSIVE;
				CLANG_CXX_LANGUAGE_STANDARD = "gnu++14";
				CLANG_CXX_LIBRARY = "libc++";
				CLANG_ENABLE_MODULES = YES;
				CLANG_ENABLE_OBJC_ARC = YES;
				CLANG_ENABLE_OBJC_WEAK = YES;
				CLANG_WARN_BLOCK_CAPTURE_AUTORELEASING = YES;
				CLANG_WARN_BOOL_CONVERSION = YES;
				CLANG_WARN_COMMA = YES;
				CLANG_WARN_CONSTANT_CONVERSION = YES;
				CLANG_WARN_DEPRECATED_OBJC_IMPLEMENTATIONS = YES;
				CLANG_WARN_DIRECT_OBJC_ISA_USAGE = YES_ERROR;
				CLANG_WARN_DOCUMENTATION_COMMENTS = YES;
				CLANG_WARN_EMPTY_BODY = YES;
				CLANG_WARN_ENUM_CONVERSION = YES;
				CLANG_WARN_INFINITE_RECURSION = YES;
				CLANG_WARN_INT_CONVERSION = YES;
				CLANG_WARN_NON_LITERAL_NULL_CONVERSION = YES;
				CLANG_WARN_OBJC_IMPLICIT_RETAIN_SELF = YES;
				CLANG_WARN_OBJC_LITERAL_CONVERSION = YES;
				CLANG_WARN_OBJC_ROOT_CLASS = YES_ERROR;
				CLANG_WARN_QUOTED_INCLUDE_IN_FRAMEWORK_HEADER = YES;
				CLANG_WARN_RANGE_LOOP_ANALYSIS = YES;
				CLANG_WARN_STRICT_PROTOTYPES = YES;
				CLANG_WARN_SUSPICIOUS_MOVE = YES;
				CLANG_WARN_UNGUARDED_AVAILABILITY = YES_AGGRESSIVE;
				CLANG_WARN_UNREACHABLE_CODE = YES;
				CLANG_WARN__DUPLICATE_METHOD_MATCH = YES;
				CODE_SIGN_STYLE = Automatic;
				COPY_PHASE_STRIP = NO;
				DEBUG_INFORMATION_FORMAT = "dwarf-with-dsym";
				ENABLE_NS_ASSERTIONS = NO;
				ENABLE_STRICT_OBJC_MSGSEND = YES;
				GCC_C_LANGUAGE_STANDARD = gnu11;
				GCC_NO_COMMON_BLOCKS = YES;
				GCC_WARN_64_TO_32_BIT_CONVERSION = YES;
				GCC_WARN_ABOUT_RETURN_TYPE = YES_ERROR;
				GCC_WARN_UNDECLARED_SELECTOR = YES;
				GCC_WARN_UNINITIALIZED_AUTOS = YES_AGGRESSIVE;
				GCC_WARN_UNUSED_FUNCTION = YES;
				GCC_WARN_UNUSED_VARIABLE = YES;
				GENERATE_INFOPLIST_FILE = NO;
				MACOSX_DEPLOYMENT_TARGET = 14.0;
				MTL_ENABLE_DEBUG_INFO = NO;
				MTL_FAST_MATH = YES;
				PRODUCT_NAME = Zentty;
				SDKROOT = macosx;
				SWIFT_COMPILATION_MODE = wholemodule;
				SWIFT_OPTIMIZATION_LEVEL = "-O";
				SWIFT_VERSION = 6.0;
			};
			name = Release;
		};
		894C3951CB1202029CDE7C79 /* Debug */ = {
			isa = XCBuildConfiguration;
			buildSettings = {
				BUNDLE_LOADER = "$(TEST_HOST)";
				COMBINE_HIDPI_IMAGES = YES;
				INFOPLIST_FILE = ZenttyTests/Info.plist;
				LD_RUNPATH_SEARCH_PATHS = (
					"$(inherited)",
					"@executable_path/../Frameworks",
					"@loader_path/../Frameworks",
				);
				PRODUCT_BUNDLE_IDENTIFIER = com.peterdedene.zenttyTests;
				PRODUCT_NAME = ZenttyTests;
				SDKROOT = macosx;
				TEST_HOST = "$(BUILT_PRODUCTS_DIR)/Zentty.app/Contents/MacOS/Zentty";
			};
			name = Debug;
		};
		91A4A41546D294D209429708 /* Debug */ = {
			isa = XCBuildConfiguration;
			buildSettings = {
				ASSETCATALOG_COMPILER_APPICON_NAME = AppIcon;
				COMBINE_HIDPI_IMAGES = YES;
				ENABLE_HARDENED_RUNTIME = YES;
				INFOPLIST_FILE = Zentty/Info.plist;
				LD_RUNPATH_SEARCH_PATHS = (
					"$(inherited)",
					"@executable_path/../Frameworks",
				);
				OTHER_LDFLAGS = (
					"-lc++",
					"-framework",
					Metal,
					"-framework",
					QuartzCore,
					"-framework",
					IOSurface,
					"-framework",
					UniformTypeIdentifiers,
					"-framework",
					Carbon,
				);
				PRODUCT_BUNDLE_IDENTIFIER = com.peterdedene.zentty;
				SDKROOT = macosx;
				SWIFT_EMIT_LOC_STRINGS = YES;
			};
			name = Debug;
		};
		BC09C6831896151FBEFE2CC3 /* Release */ = {
			isa = XCBuildConfiguration;
			buildSettings = {
				ASSETCATALOG_COMPILER_APPICON_NAME = AppIcon;
				COMBINE_HIDPI_IMAGES = YES;
				ENABLE_HARDENED_RUNTIME = YES;
				INFOPLIST_FILE = Zentty/Info.plist;
				LD_RUNPATH_SEARCH_PATHS = (
					"$(inherited)",
					"@executable_path/../Frameworks",
				);
				OTHER_LDFLAGS = (
					"-lc++",
					"-framework",
					Metal,
					"-framework",
					QuartzCore,
					"-framework",
					IOSurface,
					"-framework",
					UniformTypeIdentifiers,
					"-framework",
					Carbon,
				);
				PRODUCT_BUNDLE_IDENTIFIER = com.peterdedene.zentty;
				SDKROOT = macosx;
				SWIFT_EMIT_LOC_STRINGS = YES;
			};
			name = Release;
		};
		FD345E82C2B61BF4DF866E7F /* Release */ = {
			isa = XCBuildConfiguration;
			buildSettings = {
				BUNDLE_LOADER = "$(TEST_HOST)";
				COMBINE_HIDPI_IMAGES = YES;
				INFOPLIST_FILE = ZenttyTests/Info.plist;
				LD_RUNPATH_SEARCH_PATHS = (
					"$(inherited)",
					"@executable_path/../Frameworks",
					"@loader_path/../Frameworks",
				);
				PRODUCT_BUNDLE_IDENTIFIER = com.peterdedene.zenttyTests;
				PRODUCT_NAME = ZenttyTests;
				SDKROOT = macosx;
				TEST_HOST = "$(BUILT_PRODUCTS_DIR)/Zentty.app/Contents/MacOS/Zentty";
			};
			name = Release;
		};
/* End XCBuildConfiguration section */

/* Begin XCConfigurationList section */
		41E011D77BB2E01F52BCA543 /* Build configuration list for PBXProject "Zentty" */ = {
			isa = XCConfigurationList;
			buildConfigurations = (
				1C63BF5BC76D67B67A1A72EF /* Debug */,
				2E8D36F2457EDB4F365E74D2 /* Release */,
			);
			defaultConfigurationIsVisible = 0;
			defaultConfigurationName = Debug;
		};
		4FCFCF2564A6DA103A27CCEE /* Build configuration list for PBXNativeTarget "ZenttyTests" */ = {
			isa = XCConfigurationList;
			buildConfigurations = (
				894C3951CB1202029CDE7C79 /* Debug */,
				FD345E82C2B61BF4DF866E7F /* Release */,
			);
			defaultConfigurationIsVisible = 0;
			defaultConfigurationName = Debug;
		};
		8CF3F2B2CC3B4077397556BF /* Build configuration list for PBXNativeTarget "Zentty" */ = {
			isa = XCConfigurationList;
			buildConfigurations = (
				91A4A41546D294D209429708 /* Debug */,
				BC09C6831896151FBEFE2CC3 /* Release */,
			);
			defaultConfigurationIsVisible = 0;
			defaultConfigurationName = Debug;
		};
/* End XCConfigurationList section */
	};
	rootObject = 7A0ED500B3C67C2B4985B5EE /* Project object */;
}
