// !$*UTF8*$!
{
	archiveVersion = 1;
	classes = {
	};
	objectVersion = 77;
	objects = {

/* Begin PBXBuildFile section */
		039A651343EA7A91CA374AB3 /* AppIcon.icon in Resources */ = {isa = PBXBuildFile; fileRef = 70234FD008E68026E8248FF5 /* AppIcon.icon */; };
		04F27F3F3AE18FF0B4F78B44 /* AgentStatusPayload.swift in Sources */ = {isa = PBXBuildFile; fileRef = B79972CCAB3361277D4E949C /* AgentStatusPayload.swift */; };
		064942C21BFD943CB5C8D46F /* LibghosttyAdapter.swift in Sources */ = {isa = PBXBuildFile; fileRef = 7DDF1EF89E46D6EEECB8A320 /* LibghosttyAdapter.swift */; };
		0ED2C234E696C111255B212A /* LibghosttyAdapterTests.swift in Sources */ = {isa = PBXBuildFile; fileRef = C2671C2153DB1DFA70522E94 /* LibghosttyAdapterTests.swift */; };
		1041B5CDF3EA5C978F3580BC /* PanePresentationStateTests.swift in Sources */ = {isa = PBXBuildFile; fileRef = 017D80D8C20309A5F3A34381 /* PanePresentationStateTests.swift */; };
		1139F5A8823B615631F1616C /* LibghosttyView.swift in Sources */ = {isa = PBXBuildFile; fileRef = 50D5CEB5E915AE3FBE158512 /* LibghosttyView.swift */; };
		13A456B3644AB1AA586D10E9 /* PaneShellContext.swift in Sources */ = {isa = PBXBuildFile; fileRef = BFE28087CB8A8A0F579745CA /* PaneShellContext.swift */; };
		13AD6B773B110A9935CD8011 /* WorkspaceContextFormatterTests.swift in Sources */ = {isa = PBXBuildFile; fileRef = 0AB7D25628313D541820A119 /* WorkspaceContextFormatterTests.swift */; };
		13F377DF3A4216C68CAFA429 /* ScrollSwitchGestureHandlerTests.swift in Sources */ = {isa = PBXBuildFile; fileRef = CA40FC14CFDB525CB2065ECC /* ScrollSwitchGestureHandlerTests.swift */; };
		14192E7073143E85E7A14BE9 /* SidebarView.swift in Sources */ = {isa = PBXBuildFile; fileRef = ECBF42F4F7C6419804A6596F /* SidebarView.swift */; };
		16286140AE5631878304F2C5 /* WorkspaceStore.swift in Sources */ = {isa = PBXBuildFile; fileRef = 7404D6BABB68E5A9DF526865 /* WorkspaceStore.swift */; };
		166BEE11322EC8809FACB201 /* AppCanvasView.swift in Sources */ = {isa = PBXBuildFile; fileRef = 4C4740E3F7FBB64DB5815643 /* AppCanvasView.swift */; };
		16E1DE875672D6743DF1B86D /* WindowChromeViewTests.swift in Sources */ = {isa = PBXBuildFile; fileRef = EDB71268537F60FF02894F12 /* WindowChromeViewTests.swift */; };
		17245348FB36801D95C10395 /* ShellMetrics.swift in Sources */ = {isa = PBXBuildFile; fileRef = 16FEAF3CA4E96E1EB18692E8 /* ShellMetrics.swift */; };
		17E005AE9179F6781C059416 /* WorkspaceAttentionChipView.swift in Sources */ = {isa = PBXBuildFile; fileRef = 861A447F1412D69C3A79DD5F /* WorkspaceAttentionChipView.swift */; };
		196932893F690C070D526631 /* MockTerminalAdapter.swift in Sources */ = {isa = PBXBuildFile; fileRef = 765B5594B1CFDD53C4A7C00B /* MockTerminalAdapter.swift */; };
		1AC994B38934FF453310224A /* AppConfigStoreTests.swift in Sources */ = {isa = PBXBuildFile; fileRef = 3F4FEACEEB990E8008700659 /* AppConfigStoreTests.swift */; };
		1B7D9F6A4E2C11A8001E4B91 /* OpenWithCatalogTests.swift in Sources */ = {isa = PBXBuildFile; fileRef = 1B7D9F684E2C11A8001E4B91 /* OpenWithCatalogTests.swift */; };
		1D4BC844610BEFF7A6AA0605 /* AgentWrapperTests.swift in Sources */ = {isa = PBXBuildFile; fileRef = 768B2F414D9DCDC035D32626 /* AgentWrapperTests.swift */; };
		1F2A3B4C5D6E7F8091A2B3C4 /* OpenWithCatalog.swift in Sources */ = {isa = PBXBuildFile; fileRef = 1F2A3B4C5D6E7F8091A2B3C3 /* OpenWithCatalog.swift */; };
		2A7C91E54D1B44BFA0332211 /* OpenWithService.swift in Sources */ = {isa = PBXBuildFile; fileRef = 2A7C91E44D1B44BFA0332211 /* OpenWithService.swift */; };
		1F8E1A9AF4D6D24D2C324242 /* main.swift in Sources */ = {isa = PBXBuildFile; fileRef = 6BC138BE273ED92291124633 /* main.swift */; };
		21E006D9ECF19B42A661D6C1 /* AppConfigStore.swift in Sources */ = {isa = PBXBuildFile; fileRef = C491850BAA79B14AE9C4FF56 /* AppConfigStore.swift */; };
		267DEF07DD871705091F0BC8 /* SidebarMotionCoordinatorTests.swift in Sources */ = {isa = PBXBuildFile; fileRef = CA3810175E866C6CB11A8C87 /* SidebarMotionCoordinatorTests.swift */; };
		269DD148F3D616460B3E5DE2 /* ScrollSwitchGestureHandler.swift in Sources */ = {isa = PBXBuildFile; fileRef = 905DD9FD69FFEA7991390EA4 /* ScrollSwitchGestureHandler.swift */; };
		26D68604F3403C3BC9299DEC /* SidebarVisibilityControllerTests.swift in Sources */ = {isa = PBXBuildFile; fileRef = 25A34A831CA0E3FE65355578 /* SidebarVisibilityControllerTests.swift */; };
		2D567DB3A78588322173DF5D /* WorkspaceState+Testing.swift in Sources */ = {isa = PBXBuildFile; fileRef = A4779867D7B89FB04DE30400 /* WorkspaceState+Testing.swift */; };
		3021E4088216AF55D84D2A89 /* WorkspaceReviewStateResolver.swift in Sources */ = {isa = PBXBuildFile; fileRef = 7C375D40B7D01131EC91AB5E /* WorkspaceReviewStateResolver.swift */; };
		305673BBEEB5AA581054EF7D /* WorkspaceRenderCoordinator.swift in Sources */ = {isa = PBXBuildFile; fileRef = 5E8B2580EB7F0B2DE369502F /* WorkspaceRenderCoordinator.swift */; };
		329CFE325B0730BE010AF0BE /* WorkspaceHeaderSummary.swift in Sources */ = {isa = PBXBuildFile; fileRef = 65B4C03D59ECCAD47807696D /* WorkspaceHeaderSummary.swift */; };
		35C0E502B38BD3778920B0BD /* WindowChromeView.swift in Sources */ = {isa = PBXBuildFile; fileRef = 57E665DBFE88E93E1133FFEF /* WindowChromeView.swift */; };
		35C0E503B38BD3778920B0BD /* OpenWithPopoverController.swift in Sources */ = {isa = PBXBuildFile; fileRef = 35C0E504B38BD3778920B0BD /* OpenWithPopoverController.swift */; };
		9D11A6544B69B29D10228001 /* OpenWithPopoverContentView.swift in Sources */ = {isa = PBXBuildFile; fileRef = 9D11A6534B69B29D10228001 /* OpenWithPopoverContentView.swift */; };
		9D11A6564B69B29D10228001 /* OpenWithPopoverButtons.swift in Sources */ = {isa = PBXBuildFile; fileRef = 9D11A6554B69B29D10228001 /* OpenWithPopoverButtons.swift */; };
		37BA55C0F8CA3C6AB8738F66 /* ClaudeHookBridge.swift in Sources */ = {isa = PBXBuildFile; fileRef = 873301C3643C70777575BF64 /* ClaudeHookBridge.swift */; };
		38DB18B3D68AD8CDA8D85C4E /* AppMenuBuilder.swift in Sources */ = {isa = PBXBuildFile; fileRef = 4AB3C0ACB087A96811645CE3 /* AppMenuBuilder.swift */; };
		3C5EB873006F1C76827C67EA /* WorkspaceHeaderSummaryBuilderTests.swift in Sources */ = {isa = PBXBuildFile; fileRef = 5E538FD3113F73580976CC7F /* WorkspaceHeaderSummaryBuilderTests.swift */; };
		3F270AD6399CAA5729853F2D /* PaneContainerView.swift in Sources */ = {isa = PBXBuildFile; fileRef = 7F299D46F21F8BC295D1F0B3 /* PaneContainerView.swift */; };
		4777880E60AB7C29B7CD2E12 /* PaneCommand.swift in Sources */ = {isa = PBXBuildFile; fileRef = 474B9A1AC6A427A707683CA3 /* PaneCommand.swift */; };
		4FE322E96C1A232404A28D38 /* PaneLayoutPreferencesTests.swift in Sources */ = {isa = PBXBuildFile; fileRef = DAA052B6DDCA1EE9D9F58BC0 /* PaneLayoutPreferencesTests.swift */; };
		53C04E574AF84DBCF050718B /* PaneStripViewTests.swift in Sources */ = {isa = PBXBuildFile; fileRef = 94042661C850159F74FC9F69 /* PaneStripViewTests.swift */; };
		54F61F4B11847106665021D6 /* WorkspaceSidebarSummary.swift in Sources */ = {isa = PBXBuildFile; fileRef = AB09D3290BC74B522436CD80 /* WorkspaceSidebarSummary.swift */; };
		55480AC0A7C9DEA6E42FB686 /* WorkspaceState+Testing.swift in Sources */ = {isa = PBXBuildFile; fileRef = 16796BFEEF511152544CB6CD /* WorkspaceState+Testing.swift */; };
		55C1CC506BD2F0613AD94835 /* AgentStatusSupportTests.swift in Sources */ = {isa = PBXBuildFile; fileRef = 003771A9512A8005B0DCF7DE /* AgentStatusSupportTests.swift */; };
		5DC7AC548DD0073978E02681 /* KeyboardShortcutResolverTests.swift in Sources */ = {isa = PBXBuildFile; fileRef = 2B076EBD34D3A673A0937579 /* KeyboardShortcutResolverTests.swift */; };
		6407E321D23E068FFB2B995B /* PaneLayoutPreferences.swift in Sources */ = {isa = PBXBuildFile; fileRef = CC71C4EF3052C39DDD2F1F57 /* PaneLayoutPreferences.swift */; };
		642A516045C2AE1A58840CF3 /* WorkspaceStore+ReviewState.swift in Sources */ = {isa = PBXBuildFile; fileRef = 264B50030DEF3D754AF17738 /* WorkspaceStore+ReviewState.swift */; };
		653D122294981E5A6241FB87 /* SidebarWorkspaceRowButtonTests.swift in Sources */ = {isa = PBXBuildFile; fileRef = 40F1A8BF59BE6D2250680C16 /* SidebarWorkspaceRowButtonTests.swift */; };
		65C5388D0DFD8FB84B5FCD14 /* AppConfigTOML.swift in Sources */ = {isa = PBXBuildFile; fileRef = 25C38CE6BD2D5F5D24B1B7FE /* AppConfigTOML.swift */; };
		68542C40B0F24B31DDB1E9A2 /* PaneLayoutSettingsWindowControllerTests.swift in Sources */ = {isa = PBXBuildFile; fileRef = 48F435FA119C97C5F497FBD9 /* PaneLayoutSettingsWindowControllerTests.swift */; };
		68971AE9A84508C3E111C8E7 /* GhosttyThemeResolverTests.swift in Sources */ = {isa = PBXBuildFile; fileRef = F32F85F7274DE278E845FF4A /* GhosttyThemeResolverTests.swift */; };
		6BDA3DD6058C31E9C1635868 /* AgentStatusCommand.swift in Sources */ = {isa = PBXBuildFile; fileRef = D1DB0F3E90C5CCF115A2E27B /* AgentStatusCommand.swift */; };
		6D1FE5590C9482B094476836 /* LibghosttyRuntime.swift in Sources */ = {isa = PBXBuildFile; fileRef = 041FEB5F657A57B5668D9BFD /* LibghosttyRuntime.swift */; };
		6E96BC22B94EF59BDF0E11E3 /* PaneStripView+Transitions.swift in Sources */ = {isa = PBXBuildFile; fileRef = 28E15DDC0970C4214A4C9E5E /* PaneStripView+Transitions.swift */; };
		720727A2DA0A0EA0C32EC86E /* ClaudeHookSessionStore.swift in Sources */ = {isa = PBXBuildFile; fileRef = C344F4EE24498B605D2794B3 /* ClaudeHookSessionStore.swift */; };
		738453B16B8499ADFB4722CB /* WindowChromeRowLayoutPlannerTests.swift in Sources */ = {isa = PBXBuildFile; fileRef = 86917D1F9201725F12438AD5 /* WindowChromeRowLayoutPlannerTests.swift */; };
		74A2DE5A0880B028476E3D8D /* PaneStripMotionControllerTests.swift in Sources */ = {isa = PBXBuildFile; fileRef = CDD7AA3458BBF1FAEFFC158A /* PaneStripMotionControllerTests.swift */; };
		7564C7F11282A9CD3B3D0CC0 /* AgentStatusHelper.swift in Sources */ = {isa = PBXBuildFile; fileRef = 10C70E68528914C7BDC3B755 /* AgentStatusHelper.swift */; };
		D4E5F60718293A4B5CA1B2C3 /* ProcessCWDResolver.swift in Sources */ = {isa = PBXBuildFile; fileRef = A1B2C3D4E5F60718293A4B5C /* ProcessCWDResolver.swift */; };
		761C5B69FE5495105A3495B8 /* SidebarWorkspaceRowLayout.swift in Sources */ = {isa = PBXBuildFile; fileRef = 6A8E385B72B10B7D1AC7693E /* SidebarWorkspaceRowLayout.swift */; };
		7A9172FD19A31EFC1F0A38B0 /* WorkspaceStore+AgentStatus.swift in Sources */ = {isa = PBXBuildFile; fileRef = E2CB877AA1685B897411B467 /* WorkspaceStore+AgentStatus.swift */; };
		8000FFBB2A9BB2606A89CD92 /* PaneLayoutSizing.swift in Sources */ = {isa = PBXBuildFile; fileRef = AF38754F46DCDAAF2D32B847 /* PaneLayoutSizing.swift */; };
		80151BBA3E6C4EBB099460AB /* TerminalPaneHostView.swift in Sources */ = {isa = PBXBuildFile; fileRef = 8F82AEDB8F3C8B3C5F014D8D /* TerminalPaneHostView.swift */; };
		801ECD25402540B6F022BC3F /* KeyboardShortcutResolver.swift in Sources */ = {isa = PBXBuildFile; fileRef = 2A94FD26FCD146425105D3FD /* KeyboardShortcutResolver.swift */; };
		840FDF34FA89D7BA5649AF0C /* PaneAuxiliaryState.swift in Sources */ = {isa = PBXBuildFile; fileRef = E101FFDD49FF6625AC16DDED /* PaneAuxiliaryState.swift */; };
		84D6E5E335E3E3688E462E50 /* WorkspaceHeaderSummaryBuilder.swift in Sources */ = {isa = PBXBuildFile; fileRef = 18065CC38B9A9058E3A43CD0 /* WorkspaceHeaderSummaryBuilder.swift */; };
		8553A4E49623C76F26D166F5 /* AgentStatusCenter.swift in Sources */ = {isa = PBXBuildFile; fileRef = 58C0293DF0B4BA096A6646CC /* AgentStatusCenter.swift */; };
		87EA948CE9A1C6B7DF2A1FBD /* ZenttyTests.swift in Sources */ = {isa = PBXBuildFile; fileRef = 74CEBFAB725FA2FFBC3E014B /* ZenttyTests.swift */; };
		8B1430D7C662CD2D1CC2E080 /* RootViewCompositionTests.swift in Sources */ = {isa = PBXBuildFile; fileRef = D24F62AFB71CBBAE4BC9B5A1 /* RootViewCompositionTests.swift */; };
		8C2BF7BE47535FD7A67CB268 /* WorkspaceAttentionNotificationCoordinator.swift in Sources */ = {isa = PBXBuildFile; fileRef = 5F668C5A47A3DF347AA3AEB6 /* WorkspaceAttentionNotificationCoordinator.swift */; };
		8D16DCB2D9A5CBFD25CBC5D1 /* LibghosttySurface.swift in Sources */ = {isa = PBXBuildFile; fileRef = 5EEF748059F59CD2590E1C2C /* LibghosttySurface.swift */; };
		8E0796EA041134058F72C2D1 /* AppTheme.swift in Sources */ = {isa = PBXBuildFile; fileRef = 4006842B9BBF4DF8426EE5F3 /* AppTheme.swift */; };
		8E2852FEAFC265DC3EC050BF /* AgentInteractionClassifier.swift in Sources */ = {isa = PBXBuildFile; fileRef = 290AC219C812A96036CA9061 /* AgentInteractionClassifier.swift */; };
		8E847756B23CB6F02E3897BD /* PaneAgentReducerTests.swift in Sources */ = {isa = PBXBuildFile; fileRef = 5E316EB04A90576B80F838D9 /* PaneAgentReducerTests.swift */; };
		8EC0BEECF0B373F8EB2689E9 /* WorkspaceAttentionSummaryBuilderTests.swift in Sources */ = {isa = PBXBuildFile; fileRef = EEC6392B8F0DAA70B35EA99B /* WorkspaceAttentionSummaryBuilderTests.swift */; };
		9305DFB3157057C5F774497D /* PaneContainerViewTests.swift in Sources */ = {isa = PBXBuildFile; fileRef = 37F4631D0A8465D807F16977 /* PaneContainerViewTests.swift */; };
		961ADDCEBB2BBB78B2820F67 /* PaneStripView.swift in Sources */ = {isa = PBXBuildFile; fileRef = FEFFC2CAEA605772B62E73E5 /* PaneStripView.swift */; };
		97B14DE69BD7962A75E993F9 /* SidebarWorkspaceRowLayoutTests.swift in Sources */ = {isa = PBXBuildFile; fileRef = 5144655F178B621FFCE38EDF /* SidebarWorkspaceRowLayoutTests.swift */; };
		9C601B72AA8D79E012E42F61 /* WorkspaceReviewStateResolverTests.swift in Sources */ = {isa = PBXBuildFile; fileRef = 241BA69646CA6F342C7EA767 /* WorkspaceReviewStateResolverTests.swift */; };
		A31E0FD93C75D6B6059E3809 /* SidebarMotionCoordinator.swift in Sources */ = {isa = PBXBuildFile; fileRef = 162C940D9CBDBBB47552AA86 /* SidebarMotionCoordinator.swift */; };
		A524DA357EFACE58D38A111D /* WindowChromeRowLayoutPlanner.swift in Sources */ = {isa = PBXBuildFile; fileRef = 7017B142217423B1126B8E2A /* WindowChromeRowLayoutPlanner.swift */; };
		A92728F291D5458A677DDD7B /* GlassSurfaceView.swift in Sources */ = {isa = PBXBuildFile; fileRef = 28B65FF8B847E8E743D485D4 /* GlassSurfaceView.swift */; };
		A9684C3ACA26BE7756C04436 /* RootViewController.swift in Sources */ = {isa = PBXBuildFile; fileRef = 7B93F46C5542A31805301C02 /* RootViewController.swift */; };
		ADDC80F33AD74B2D67F3A005 /* MainWindowControllerTests.swift in Sources */ = {isa = PBXBuildFile; fileRef = 7120EEE7A0C06BD8315283B9 /* MainWindowControllerTests.swift */; };
		AE15A3294DF80781A48DF69F /* TerminalMetadata.swift in Sources */ = {isa = PBXBuildFile; fileRef = 6D46D74C2BFDAC52C678BDB1 /* TerminalMetadata.swift */; };
		AFA0CB1E830B1464903655D6 /* MainWindowController.swift in Sources */ = {isa = PBXBuildFile; fileRef = DBAD1A9BF197EEA6E4F636D7 /* MainWindowController.swift */; };
		B2F734E62886962BE7FDBFEE /* WorkspaceContextFormatter.swift in Sources */ = {isa = PBXBuildFile; fileRef = EA608346157BAE8D62A040C0 /* WorkspaceContextFormatter.swift */; };
		BE6EAD5D790B664C18EF082A /* PaneLayoutSettingsWindowController.swift in Sources */ = {isa = PBXBuildFile; fileRef = DE5E3F546E3753078DA6BF42 /* PaneLayoutSettingsWindowController.swift */; };
		C01A739643B858C0F3A69C88 /* PaneStripMotionController.swift in Sources */ = {isa = PBXBuildFile; fileRef = FD6261C82AADF1EDAAA09BC9 /* PaneStripMotionController.swift */; };
		C1E6E40E7FEAE93149414E37 /* PaneStripStateTests.swift in Sources */ = {isa = PBXBuildFile; fileRef = E469BF2F5A021DBF256E8D20 /* PaneStripStateTests.swift */; };
		C34632753C7F7CF13DB71196 /* WorkspaceSidebarSummaryTests.swift in Sources */ = {isa = PBXBuildFile; fileRef = 489C32A2F39FD781A5882283 /* WorkspaceSidebarSummaryTests.swift */; };
		C384A9FA26C72AC1B662D7A4 /* AppDelegate.swift in Sources */ = {isa = PBXBuildFile; fileRef = A3CFC2B870895651B043DF45 /* AppDelegate.swift */; };
		C7E03A7F4908AC8B2713A19B /* SidebarVisibilityController.swift in Sources */ = {isa = PBXBuildFile; fileRef = 163D5C0FE862CC71E8B354E2 /* SidebarVisibilityController.swift */; };
		C901A081809E9A1625D997DE /* WorkspaceAttentionSummaryBuilder.swift in Sources */ = {isa = PBXBuildFile; fileRef = 11CCB35B6B709D47E3838B95 /* WorkspaceAttentionSummaryBuilder.swift */; };
		C93043964F6A50BBB62A868D /* WorkspaceAttentionChipViewTests.swift in Sources */ = {isa = PBXBuildFile; fileRef = C1CE434538AE32B76DD2A883 /* WorkspaceAttentionChipViewTests.swift */; };
		C9940E2AC5DA4EC65555C4C0 /* WorkspaceStoreGitContextTests.swift in Sources */ = {isa = PBXBuildFile; fileRef = CFF845BEE5B989D3B3F5E8FF /* WorkspaceStoreGitContextTests.swift */; };
		D9E8C4A64E2C124B001E4B91 /* WorkspaceStoreOpenWithTests.swift in Sources */ = {isa = PBXBuildFile; fileRef = D9E8C4A54E2C124B001E4B91 /* WorkspaceStoreOpenWithTests.swift */; };
		D58A19DD4038B6D8E127DA5D /* TerminalPaneHostViewTests.swift in Sources */ = {isa = PBXBuildFile; fileRef = FE8E85EADB93A2FE0E71BEA6 /* TerminalPaneHostViewTests.swift */; };
		D59DA89E6E0CE0E9766052F0 /* AppConfig.swift in Sources */ = {isa = PBXBuildFile; fileRef = C917E13A98AEBA7EDD90654E /* AppConfig.swift */; };
		D7C9A22E1AA4A984D3128663 /* SidebarWorkspaceRowButton.swift in Sources */ = {isa = PBXBuildFile; fileRef = A82AF72195ADAF95D5CDEA11 /* SidebarWorkspaceRowButton.swift */; };
		DC139F18052FBD8126678D7F /* TerminalAdapter.swift in Sources */ = {isa = PBXBuildFile; fileRef = AB7FF718B0E0C3314C57BFC5 /* TerminalAdapter.swift */; };
		E35D333286219155A79F8E92 /* GhosttyThemeResolver.swift in Sources */ = {isa = PBXBuildFile; fileRef = 51F182C0E58D8DC4249303AA /* GhosttyThemeResolver.swift */; };
		E6D0CAB78E81B81367E2F583 /* AgentStatus.swift in Sources */ = {isa = PBXBuildFile; fileRef = AAEEE6EDBC73B9A55E684093 /* AgentStatus.swift */; };
		EA26FAD62B5C3CE90789F5E0 /* WorkspaceStore+Metadata.swift in Sources */ = {isa = PBXBuildFile; fileRef = 8C28736E4D07F0610C33AAB2 /* WorkspaceStore+Metadata.swift */; };
		ED86A6329D7754EA3ADAE6EB /* WorkspaceGitContextResolverTests.swift in Sources */ = {isa = PBXBuildFile; fileRef = 39B05DD005B59A7F662CFDEE /* WorkspaceGitContextResolverTests.swift */; };
		ED97F9FB42E05ECE3179E60D /* PaneStripState.swift in Sources */ = {isa = PBXBuildFile; fileRef = 3D36706DB3DF677FA13DC722 /* PaneStripState.swift */; };
		96C8DAEB457704BB7D4DEC7D /* PaneAgentReducer.swift in Sources */ = {isa = PBXBuildFile; fileRef = EB869749410CBF86B97FA142 /* PaneAgentReducer.swift */; };
		EDF799E6005B1597EEA1314D /* AppDelegateTests.swift in Sources */ = {isa = PBXBuildFile; fileRef = 63590216920018B71F1ACB7A /* AppDelegateTests.swift */; };
		EE970D14373E2C135E45C480 /* ThemeCoordinator.swift in Sources */ = {isa = PBXBuildFile; fileRef = 73931D75238B5C4F1427B708 /* ThemeCoordinator.swift */; };
		F0FF1DAC11BDA07A28868FE4 /* TrackpadPanGestureDriver.swift in Sources */ = {isa = PBXBuildFile; fileRef = D25EF5AC625776DA85911237 /* TrackpadPanGestureDriver.swift */; };
		F1E79CD825C39C592E844B63 /* PaneRuntimeRegistryTests.swift in Sources */ = {isa = PBXBuildFile; fileRef = 76857E75C1FF0BD95C889941 /* PaneRuntimeRegistryTests.swift */; };
		F2CC773E6329B7259DDB1868 /* SidebarWidthPreference.swift in Sources */ = {isa = PBXBuildFile; fileRef = ED4764B4017D1DF1354C6FFB /* SidebarWidthPreference.swift */; };
		F33474EA4FEC1975F4FB4754 /* KeyboardShortcut.swift in Sources */ = {isa = PBXBuildFile; fileRef = B8D348923237491F345AB193 /* KeyboardShortcut.swift */; };
		F42E958471B9D597F85A3894 /* GhosttyKit.xcframework in Frameworks */ = {isa = PBXBuildFile; fileRef = 43EC896B9EA214B488CDCD09 /* GhosttyKit.xcframework */; };
		F75C8D5EDC0772F56DE54C52 /* PaneStripStoreTests.swift in Sources */ = {isa = PBXBuildFile; fileRef = CFB4690A6E06FB3FC4C1909E /* PaneStripStoreTests.swift */; };
		FB6421E478EA88F89ACE1603 /* RootViewControllerHeaderIntegrationTests.swift in Sources */ = {isa = PBXBuildFile; fileRef = B50181BE811AE835D0DAAF33 /* RootViewControllerHeaderIntegrationTests.swift */; };
		FF9A2483E459965DE8FDEC5A /* WorkspaceSidebarSummaryBuilder.swift in Sources */ = {isa = PBXBuildFile; fileRef = CF28DD423B3DBCA9B0C589F8 /* WorkspaceSidebarSummaryBuilder.swift */; };
/* End PBXBuildFile section */

/* Begin PBXContainerItemProxy section */
		1C70CA881BB38F14002D9145 /* PBXContainerItemProxy */ = {
			isa = PBXContainerItemProxy;
			containerPortal = 7A0ED500B3C67C2B4985B5EE /* Project object */;
			proxyType = 1;
			remoteGlobalIDString = E6B2AAF72FA88E67CF89C62D;
			remoteInfo = Zentty;
		};
		3052D0B64530701B3D43629A /* PBXContainerItemProxy */ = {
			isa = PBXContainerItemProxy;
			containerPortal = 7A0ED500B3C67C2B4985B5EE /* Project object */;
			proxyType = 1;
			remoteGlobalIDString = E6B2AAF72FA88E67CF89C62D;
			remoteInfo = Zentty;
		};
/* End PBXContainerItemProxy section */

/* Begin PBXFileReference section */
		003771A9512A8005B0DCF7DE /* AgentStatusSupportTests.swift */ = {isa = PBXFileReference; lastKnownFileType = sourcecode.swift; path = AgentStatusSupportTests.swift; sourceTree = "<group>"; };
		017D80D8C20309A5F3A34381 /* PanePresentationStateTests.swift */ = {isa = PBXFileReference; lastKnownFileType = sourcecode.swift; path = PanePresentationStateTests.swift; sourceTree = "<group>"; };
		041FEB5F657A57B5668D9BFD /* LibghosttyRuntime.swift */ = {isa = PBXFileReference; lastKnownFileType = sourcecode.swift; path = LibghosttyRuntime.swift; sourceTree = "<group>"; };
		0AB7D25628313D541820A119 /* WorkspaceContextFormatterTests.swift */ = {isa = PBXFileReference; lastKnownFileType = sourcecode.swift; path = WorkspaceContextFormatterTests.swift; sourceTree = "<group>"; };
		10C70E68528914C7BDC3B755 /* AgentStatusHelper.swift */ = {isa = PBXFileReference; lastKnownFileType = sourcecode.swift; path = AgentStatusHelper.swift; sourceTree = "<group>"; };
		A1B2C3D4E5F60718293A4B5C /* ProcessCWDResolver.swift */ = {isa = PBXFileReference; lastKnownFileType = sourcecode.swift; path = ProcessCWDResolver.swift; sourceTree = "<group>"; };
		11CCB35B6B709D47E3838B95 /* WorkspaceAttentionSummaryBuilder.swift */ = {isa = PBXFileReference; lastKnownFileType = sourcecode.swift; path = WorkspaceAttentionSummaryBuilder.swift; sourceTree = "<group>"; };
		162C940D9CBDBBB47552AA86 /* SidebarMotionCoordinator.swift */ = {isa = PBXFileReference; lastKnownFileType = sourcecode.swift; path = SidebarMotionCoordinator.swift; sourceTree = "<group>"; };
		163D5C0FE862CC71E8B354E2 /* SidebarVisibilityController.swift */ = {isa = PBXFileReference; lastKnownFileType = sourcecode.swift; path = SidebarVisibilityController.swift; sourceTree = "<group>"; };
		16796BFEEF511152544CB6CD /* WorkspaceState+Testing.swift */ = {isa = PBXFileReference; lastKnownFileType = sourcecode.swift; path = "WorkspaceState+Testing.swift"; sourceTree = "<group>"; };
		16FEAF3CA4E96E1EB18692E8 /* ShellMetrics.swift */ = {isa = PBXFileReference; lastKnownFileType = sourcecode.swift; path = ShellMetrics.swift; sourceTree = "<group>"; };
		18065CC38B9A9058E3A43CD0 /* WorkspaceHeaderSummaryBuilder.swift */ = {isa = PBXFileReference; lastKnownFileType = sourcecode.swift; path = WorkspaceHeaderSummaryBuilder.swift; sourceTree = "<group>"; };
		241BA69646CA6F342C7EA767 /* WorkspaceReviewStateResolverTests.swift */ = {isa = PBXFileReference; lastKnownFileType = sourcecode.swift; path = WorkspaceReviewStateResolverTests.swift; sourceTree = "<group>"; };
		25A34A831CA0E3FE65355578 /* SidebarVisibilityControllerTests.swift */ = {isa = PBXFileReference; lastKnownFileType = sourcecode.swift; path = SidebarVisibilityControllerTests.swift; sourceTree = "<group>"; };
		25C38CE6BD2D5F5D24B1B7FE /* AppConfigTOML.swift */ = {isa = PBXFileReference; lastKnownFileType = sourcecode.swift; path = AppConfigTOML.swift; sourceTree = "<group>"; };
		264B50030DEF3D754AF17738 /* WorkspaceStore+ReviewState.swift */ = {isa = PBXFileReference; lastKnownFileType = sourcecode.swift; path = "WorkspaceStore+ReviewState.swift"; sourceTree = "<group>"; };
		28B65FF8B847E8E743D485D4 /* GlassSurfaceView.swift */ = {isa = PBXFileReference; lastKnownFileType = sourcecode.swift; path = GlassSurfaceView.swift; sourceTree = "<group>"; };
		28E15DDC0970C4214A4C9E5E /* PaneStripView+Transitions.swift */ = {isa = PBXFileReference; lastKnownFileType = sourcecode.swift; path = "PaneStripView+Transitions.swift"; sourceTree = "<group>"; };
		290AC219C812A96036CA9061 /* AgentInteractionClassifier.swift */ = {isa = PBXFileReference; lastKnownFileType = sourcecode.swift; path = AgentInteractionClassifier.swift; sourceTree = "<group>"; };
		2A94FD26FCD146425105D3FD /* KeyboardShortcutResolver.swift */ = {isa = PBXFileReference; lastKnownFileType = sourcecode.swift; path = KeyboardShortcutResolver.swift; sourceTree = "<group>"; };
		2B076EBD34D3A673A0937579 /* KeyboardShortcutResolverTests.swift */ = {isa = PBXFileReference; lastKnownFileType = sourcecode.swift; path = KeyboardShortcutResolverTests.swift; sourceTree = "<group>"; };
		37F4631D0A8465D807F16977 /* PaneContainerViewTests.swift */ = {isa = PBXFileReference; lastKnownFileType = sourcecode.swift; path = PaneContainerViewTests.swift; sourceTree = "<group>"; };
		39B05DD005B59A7F662CFDEE /* WorkspaceGitContextResolverTests.swift */ = {isa = PBXFileReference; lastKnownFileType = sourcecode.swift; path = WorkspaceGitContextResolverTests.swift; sourceTree = "<group>"; };
		3D36706DB3DF677FA13DC722 /* PaneStripState.swift */ = {isa = PBXFileReference; lastKnownFileType = sourcecode.swift; path = PaneStripState.swift; sourceTree = "<group>"; };
		3F4FEACEEB990E8008700659 /* AppConfigStoreTests.swift */ = {isa = PBXFileReference; lastKnownFileType = sourcecode.swift; path = AppConfigStoreTests.swift; sourceTree = "<group>"; };
		1B7D9F684E2C11A8001E4B91 /* OpenWithCatalogTests.swift */ = {isa = PBXFileReference; lastKnownFileType = sourcecode.swift; path = OpenWithCatalogTests.swift; sourceTree = "<group>"; };
		1F2A3B4C5D6E7F8091A2B3C3 /* OpenWithCatalog.swift */ = {isa = PBXFileReference; lastKnownFileType = sourcecode.swift; path = OpenWithCatalog.swift; sourceTree = "<group>"; };
		2A7C91E44D1B44BFA0332211 /* OpenWithService.swift */ = {isa = PBXFileReference; lastKnownFileType = sourcecode.swift; path = OpenWithService.swift; sourceTree = "<group>"; };
		4006842B9BBF4DF8426EE5F3 /* AppTheme.swift */ = {isa = PBXFileReference; lastKnownFileType = sourcecode.swift; path = AppTheme.swift; sourceTree = "<group>"; };
		40F1A8BF59BE6D2250680C16 /* SidebarWorkspaceRowButtonTests.swift */ = {isa = PBXFileReference; lastKnownFileType = sourcecode.swift; path = SidebarWorkspaceRowButtonTests.swift; sourceTree = "<group>"; };
		43EC896B9EA214B488CDCD09 /* GhosttyKit.xcframework */ = {isa = PBXFileReference; lastKnownFileType = wrapper.xcframework; name = GhosttyKit.xcframework; path = FrameworksLocal/GhosttyKit.xcframework; sourceTree = "<group>"; };
		474B9A1AC6A427A707683CA3 /* PaneCommand.swift */ = {isa = PBXFileReference; lastKnownFileType = sourcecode.swift; path = PaneCommand.swift; sourceTree = "<group>"; };
		489C32A2F39FD781A5882283 /* WorkspaceSidebarSummaryTests.swift */ = {isa = PBXFileReference; lastKnownFileType = sourcecode.swift; path = WorkspaceSidebarSummaryTests.swift; sourceTree = "<group>"; };
		48F435FA119C97C5F497FBD9 /* PaneLayoutSettingsWindowControllerTests.swift */ = {isa = PBXFileReference; lastKnownFileType = sourcecode.swift; path = PaneLayoutSettingsWindowControllerTests.swift; sourceTree = "<group>"; };
		4AB3C0ACB087A96811645CE3 /* AppMenuBuilder.swift */ = {isa = PBXFileReference; lastKnownFileType = sourcecode.swift; path = AppMenuBuilder.swift; sourceTree = "<group>"; };
		4C4740E3F7FBB64DB5815643 /* AppCanvasView.swift */ = {isa = PBXFileReference; lastKnownFileType = sourcecode.swift; path = AppCanvasView.swift; sourceTree = "<group>"; };
		50D5CEB5E915AE3FBE158512 /* LibghosttyView.swift */ = {isa = PBXFileReference; lastKnownFileType = sourcecode.swift; path = LibghosttyView.swift; sourceTree = "<group>"; };
		5144655F178B621FFCE38EDF /* SidebarWorkspaceRowLayoutTests.swift */ = {isa = PBXFileReference; lastKnownFileType = sourcecode.swift; path = SidebarWorkspaceRowLayoutTests.swift; sourceTree = "<group>"; };
		51F182C0E58D8DC4249303AA /* GhosttyThemeResolver.swift */ = {isa = PBXFileReference; lastKnownFileType = sourcecode.swift; path = GhosttyThemeResolver.swift; sourceTree = "<group>"; };
		57E665DBFE88E93E1133FFEF /* WindowChromeView.swift */ = {isa = PBXFileReference; lastKnownFileType = sourcecode.swift; path = WindowChromeView.swift; sourceTree = "<group>"; };
		35C0E504B38BD3778920B0BD /* OpenWithPopoverController.swift */ = {isa = PBXFileReference; lastKnownFileType = sourcecode.swift; path = OpenWithPopoverController.swift; sourceTree = "<group>"; };
		9D11A6534B69B29D10228001 /* OpenWithPopoverContentView.swift */ = {isa = PBXFileReference; lastKnownFileType = sourcecode.swift; path = OpenWithPopoverContentView.swift; sourceTree = "<group>"; };
		9D11A6554B69B29D10228001 /* OpenWithPopoverButtons.swift */ = {isa = PBXFileReference; lastKnownFileType = sourcecode.swift; path = OpenWithPopoverButtons.swift; sourceTree = "<group>"; };
		58C0293DF0B4BA096A6646CC /* AgentStatusCenter.swift */ = {isa = PBXFileReference; lastKnownFileType = sourcecode.swift; path = AgentStatusCenter.swift; sourceTree = "<group>"; };
		5E316EB04A90576B80F838D9 /* PaneAgentReducerTests.swift */ = {isa = PBXFileReference; lastKnownFileType = sourcecode.swift; path = PaneAgentReducerTests.swift; sourceTree = "<group>"; };
		5E538FD3113F73580976CC7F /* WorkspaceHeaderSummaryBuilderTests.swift */ = {isa = PBXFileReference; lastKnownFileType = sourcecode.swift; path = WorkspaceHeaderSummaryBuilderTests.swift; sourceTree = "<group>"; };
		5E8B2580EB7F0B2DE369502F /* WorkspaceRenderCoordinator.swift */ = {isa = PBXFileReference; lastKnownFileType = sourcecode.swift; path = WorkspaceRenderCoordinator.swift; sourceTree = "<group>"; };
		5EEF748059F59CD2590E1C2C /* LibghosttySurface.swift */ = {isa = PBXFileReference; lastKnownFileType = sourcecode.swift; path = LibghosttySurface.swift; sourceTree = "<group>"; };
		5F668C5A47A3DF347AA3AEB6 /* WorkspaceAttentionNotificationCoordinator.swift */ = {isa = PBXFileReference; lastKnownFileType = sourcecode.swift; path = WorkspaceAttentionNotificationCoordinator.swift; sourceTree = "<group>"; };
		63590216920018B71F1ACB7A /* AppDelegateTests.swift */ = {isa = PBXFileReference; lastKnownFileType = sourcecode.swift; path = AppDelegateTests.swift; sourceTree = "<group>"; };
		65B4C03D59ECCAD47807696D /* WorkspaceHeaderSummary.swift */ = {isa = PBXFileReference; lastKnownFileType = sourcecode.swift; path = WorkspaceHeaderSummary.swift; sourceTree = "<group>"; };
		6A8E385B72B10B7D1AC7693E /* SidebarWorkspaceRowLayout.swift */ = {isa = PBXFileReference; lastKnownFileType = sourcecode.swift; path = SidebarWorkspaceRowLayout.swift; sourceTree = "<group>"; };
		6BC138BE273ED92291124633 /* main.swift */ = {isa = PBXFileReference; lastKnownFileType = sourcecode.swift; path = main.swift; sourceTree = "<group>"; };
		6D46D74C2BFDAC52C678BDB1 /* TerminalMetadata.swift */ = {isa = PBXFileReference; lastKnownFileType = sourcecode.swift; path = TerminalMetadata.swift; sourceTree = "<group>"; };
		7017B142217423B1126B8E2A /* WindowChromeRowLayoutPlanner.swift */ = {isa = PBXFileReference; lastKnownFileType = sourcecode.swift; path = WindowChromeRowLayoutPlanner.swift; sourceTree = "<group>"; };
		70234FD008E68026E8248FF5 /* AppIcon.icon */ = {isa = PBXFileReference; lastKnownFileType = wrapper.icon; path = AppIcon.icon; sourceTree = "<group>"; };
		7120EEE7A0C06BD8315283B9 /* MainWindowControllerTests.swift */ = {isa = PBXFileReference; lastKnownFileType = sourcecode.swift; path = MainWindowControllerTests.swift; sourceTree = "<group>"; };
		73931D75238B5C4F1427B708 /* ThemeCoordinator.swift */ = {isa = PBXFileReference; lastKnownFileType = sourcecode.swift; path = ThemeCoordinator.swift; sourceTree = "<group>"; };
		7404D6BABB68E5A9DF526865 /* WorkspaceStore.swift */ = {isa = PBXFileReference; lastKnownFileType = sourcecode.swift; path = WorkspaceStore.swift; sourceTree = "<group>"; };
		74CEBFAB725FA2FFBC3E014B /* ZenttyTests.swift */ = {isa = PBXFileReference; lastKnownFileType = sourcecode.swift; path = ZenttyTests.swift; sourceTree = "<group>"; };
		765B5594B1CFDD53C4A7C00B /* MockTerminalAdapter.swift */ = {isa = PBXFileReference; lastKnownFileType = sourcecode.swift; path = MockTerminalAdapter.swift; sourceTree = "<group>"; };
		76857E75C1FF0BD95C889941 /* PaneRuntimeRegistryTests.swift */ = {isa = PBXFileReference; lastKnownFileType = sourcecode.swift; path = PaneRuntimeRegistryTests.swift; sourceTree = "<group>"; };
		768B2F414D9DCDC035D32626 /* AgentWrapperTests.swift */ = {isa = PBXFileReference; lastKnownFileType = sourcecode.swift; path = AgentWrapperTests.swift; sourceTree = "<group>"; };
		7B93F46C5542A31805301C02 /* RootViewController.swift */ = {isa = PBXFileReference; lastKnownFileType = sourcecode.swift; path = RootViewController.swift; sourceTree = "<group>"; };
		7C375D40B7D01131EC91AB5E /* WorkspaceReviewStateResolver.swift */ = {isa = PBXFileReference; lastKnownFileType = sourcecode.swift; path = WorkspaceReviewStateResolver.swift; sourceTree = "<group>"; };
		7DDF1EF89E46D6EEECB8A320 /* LibghosttyAdapter.swift */ = {isa = PBXFileReference; lastKnownFileType = sourcecode.swift; path = LibghosttyAdapter.swift; sourceTree = "<group>"; };
		7F299D46F21F8BC295D1F0B3 /* PaneContainerView.swift */ = {isa = PBXFileReference; lastKnownFileType = sourcecode.swift; path = PaneContainerView.swift; sourceTree = "<group>"; };
		861A447F1412D69C3A79DD5F /* WorkspaceAttentionChipView.swift */ = {isa = PBXFileReference; lastKnownFileType = sourcecode.swift; path = WorkspaceAttentionChipView.swift; sourceTree = "<group>"; };
		86917D1F9201725F12438AD5 /* WindowChromeRowLayoutPlannerTests.swift */ = {isa = PBXFileReference; lastKnownFileType = sourcecode.swift; path = WindowChromeRowLayoutPlannerTests.swift; sourceTree = "<group>"; };
		873301C3643C70777575BF64 /* ClaudeHookBridge.swift */ = {isa = PBXFileReference; lastKnownFileType = sourcecode.swift; path = ClaudeHookBridge.swift; sourceTree = "<group>"; };
		8C28736E4D07F0610C33AAB2 /* WorkspaceStore+Metadata.swift */ = {isa = PBXFileReference; lastKnownFileType = sourcecode.swift; path = "WorkspaceStore+Metadata.swift"; sourceTree = "<group>"; };
		8F82AEDB8F3C8B3C5F014D8D /* TerminalPaneHostView.swift */ = {isa = PBXFileReference; lastKnownFileType = sourcecode.swift; path = TerminalPaneHostView.swift; sourceTree = "<group>"; };
		905DD9FD69FFEA7991390EA4 /* ScrollSwitchGestureHandler.swift */ = {isa = PBXFileReference; lastKnownFileType = sourcecode.swift; path = ScrollSwitchGestureHandler.swift; sourceTree = "<group>"; };
		94042661C850159F74FC9F69 /* PaneStripViewTests.swift */ = {isa = PBXFileReference; lastKnownFileType = sourcecode.swift; path = PaneStripViewTests.swift; sourceTree = "<group>"; };
		9760F3B7EDC0087FA89778B9 /* Info.plist */ = {isa = PBXFileReference; lastKnownFileType = text.plist; path = Info.plist; sourceTree = "<group>"; };
		A3CFC2B870895651B043DF45 /* AppDelegate.swift */ = {isa = PBXFileReference; lastKnownFileType = sourcecode.swift; path = AppDelegate.swift; sourceTree = "<group>"; };
		A4779867D7B89FB04DE30400 /* WorkspaceState+Testing.swift */ = {isa = PBXFileReference; lastKnownFileType = sourcecode.swift; path = "WorkspaceState+Testing.swift"; sourceTree = "<group>"; };
		A82AF72195ADAF95D5CDEA11 /* SidebarWorkspaceRowButton.swift */ = {isa = PBXFileReference; lastKnownFileType = sourcecode.swift; path = SidebarWorkspaceRowButton.swift; sourceTree = "<group>"; };
		AAEEE6EDBC73B9A55E684093 /* AgentStatus.swift */ = {isa = PBXFileReference; lastKnownFileType = sourcecode.swift; path = AgentStatus.swift; sourceTree = "<group>"; };
		AB09D3290BC74B522436CD80 /* WorkspaceSidebarSummary.swift */ = {isa = PBXFileReference; lastKnownFileType = sourcecode.swift; path = WorkspaceSidebarSummary.swift; sourceTree = "<group>"; };
		AB7FF718B0E0C3314C57BFC5 /* TerminalAdapter.swift */ = {isa = PBXFileReference; lastKnownFileType = sourcecode.swift; path = TerminalAdapter.swift; sourceTree = "<group>"; };
		AF38754F46DCDAAF2D32B847 /* PaneLayoutSizing.swift */ = {isa = PBXFileReference; lastKnownFileType = sourcecode.swift; path = PaneLayoutSizing.swift; sourceTree = "<group>"; };
		B50181BE811AE835D0DAAF33 /* RootViewControllerHeaderIntegrationTests.swift */ = {isa = PBXFileReference; lastKnownFileType = sourcecode.swift; path = RootViewControllerHeaderIntegrationTests.swift; sourceTree = "<group>"; };
		B530C90C0E34C9180D7FA019 /* Info.plist */ = {isa = PBXFileReference; lastKnownFileType = text.plist; path = Info.plist; sourceTree = "<group>"; };
		B79972CCAB3361277D4E949C /* AgentStatusPayload.swift */ = {isa = PBXFileReference; lastKnownFileType = sourcecode.swift; path = AgentStatusPayload.swift; sourceTree = "<group>"; };
		B8D348923237491F345AB193 /* KeyboardShortcut.swift */ = {isa = PBXFileReference; lastKnownFileType = sourcecode.swift; path = KeyboardShortcut.swift; sourceTree = "<group>"; };
		BFE28087CB8A8A0F579745CA /* PaneShellContext.swift */ = {isa = PBXFileReference; lastKnownFileType = sourcecode.swift; path = PaneShellContext.swift; sourceTree = "<group>"; };
		C2671C2153DB1DFA70522E94 /* LibghosttyAdapterTests.swift */ = {isa = PBXFileReference; lastKnownFileType = sourcecode.swift; path = LibghosttyAdapterTests.swift; sourceTree = "<group>"; };
		C344F4EE24498B605D2794B3 /* ClaudeHookSessionStore.swift */ = {isa = PBXFileReference; lastKnownFileType = sourcecode.swift; path = ClaudeHookSessionStore.swift; sourceTree = "<group>"; };
		C491850BAA79B14AE9C4FF56 /* AppConfigStore.swift */ = {isa = PBXFileReference; lastKnownFileType = sourcecode.swift; path = AppConfigStore.swift; sourceTree = "<group>"; };
		C50002F61829616FFF47B943 /* ZenttyLogicTests.xctest */ = {isa = PBXFileReference; explicitFileType = wrapper.cfbundle; includeInIndex = 0; path = ZenttyLogicTests.xctest; sourceTree = BUILT_PRODUCTS_DIR; };
		C917E13A98AEBA7EDD90654E /* AppConfig.swift */ = {isa = PBXFileReference; lastKnownFileType = sourcecode.swift; path = AppConfig.swift; sourceTree = "<group>"; };
		C1CE434538AE32B76DD2A883 /* WorkspaceAttentionChipViewTests.swift */ = {isa = PBXFileReference; lastKnownFileType = sourcecode.swift; path = WorkspaceAttentionChipViewTests.swift; sourceTree = "<group>"; };
		CA3810175E866C6CB11A8C87 /* SidebarMotionCoordinatorTests.swift */ = {isa = PBXFileReference; lastKnownFileType = sourcecode.swift; path = SidebarMotionCoordinatorTests.swift; sourceTree = "<group>"; };
		CA40FC14CFDB525CB2065ECC /* ScrollSwitchGestureHandlerTests.swift */ = {isa = PBXFileReference; lastKnownFileType = sourcecode.swift; path = ScrollSwitchGestureHandlerTests.swift; sourceTree = "<group>"; };
		CBF4079FD49C87B216061EB3 /* Info.plist */ = {isa = PBXFileReference; lastKnownFileType = text.plist; path = Info.plist; sourceTree = "<group>"; };
		CC71C4EF3052C39DDD2F1F57 /* PaneLayoutPreferences.swift */ = {isa = PBXFileReference; lastKnownFileType = sourcecode.swift; path = PaneLayoutPreferences.swift; sourceTree = "<group>"; };
		CDD7AA3458BBF1FAEFFC158A /* PaneStripMotionControllerTests.swift */ = {isa = PBXFileReference; lastKnownFileType = sourcecode.swift; path = PaneStripMotionControllerTests.swift; sourceTree = "<group>"; };
		CF28DD423B3DBCA9B0C589F8 /* WorkspaceSidebarSummaryBuilder.swift */ = {isa = PBXFileReference; lastKnownFileType = sourcecode.swift; path = WorkspaceSidebarSummaryBuilder.swift; sourceTree = "<group>"; };
		CFB4690A6E06FB3FC4C1909E /* PaneStripStoreTests.swift */ = {isa = PBXFileReference; lastKnownFileType = sourcecode.swift; path = PaneStripStoreTests.swift; sourceTree = "<group>"; };
		CFF845BEE5B989D3B3F5E8FF /* WorkspaceStoreGitContextTests.swift */ = {isa = PBXFileReference; lastKnownFileType = sourcecode.swift; path = WorkspaceStoreGitContextTests.swift; sourceTree = "<group>"; };
		D9E8C4A54E2C124B001E4B91 /* WorkspaceStoreOpenWithTests.swift */ = {isa = PBXFileReference; lastKnownFileType = sourcecode.swift; path = WorkspaceStoreOpenWithTests.swift; sourceTree = "<group>"; };
		D1DB0F3E90C5CCF115A2E27B /* AgentStatusCommand.swift */ = {isa = PBXFileReference; lastKnownFileType = sourcecode.swift; path = AgentStatusCommand.swift; sourceTree = "<group>"; };
		D24F62AFB71CBBAE4BC9B5A1 /* RootViewCompositionTests.swift */ = {isa = PBXFileReference; lastKnownFileType = sourcecode.swift; path = RootViewCompositionTests.swift; sourceTree = "<group>"; };
		D25EF5AC625776DA85911237 /* TrackpadPanGestureDriver.swift */ = {isa = PBXFileReference; lastKnownFileType = sourcecode.swift; path = TrackpadPanGestureDriver.swift; sourceTree = "<group>"; };
		DAA052B6DDCA1EE9D9F58BC0 /* PaneLayoutPreferencesTests.swift */ = {isa = PBXFileReference; lastKnownFileType = sourcecode.swift; path = PaneLayoutPreferencesTests.swift; sourceTree = "<group>"; };
		DBAD1A9BF197EEA6E4F636D7 /* MainWindowController.swift */ = {isa = PBXFileReference; lastKnownFileType = sourcecode.swift; path = MainWindowController.swift; sourceTree = "<group>"; };
		DE5E3F546E3753078DA6BF42 /* PaneLayoutSettingsWindowController.swift */ = {isa = PBXFileReference; lastKnownFileType = sourcecode.swift; path = PaneLayoutSettingsWindowController.swift; sourceTree = "<group>"; };
		E101FFDD49FF6625AC16DDED /* PaneAuxiliaryState.swift */ = {isa = PBXFileReference; lastKnownFileType = sourcecode.swift; path = PaneAuxiliaryState.swift; sourceTree = "<group>"; };
		E2CB877AA1685B897411B467 /* WorkspaceStore+AgentStatus.swift */ = {isa = PBXFileReference; lastKnownFileType = sourcecode.swift; path = "WorkspaceStore+AgentStatus.swift"; sourceTree = "<group>"; };
		E469BF2F5A021DBF256E8D20 /* PaneStripStateTests.swift */ = {isa = PBXFileReference; lastKnownFileType = sourcecode.swift; path = PaneStripStateTests.swift; sourceTree = "<group>"; };
		E5BDEE21BACB5E0E7AB95AE0 /* ZenttyTests.xctest */ = {isa = PBXFileReference; explicitFileType = wrapper.cfbundle; includeInIndex = 0; path = ZenttyTests.xctest; sourceTree = BUILT_PRODUCTS_DIR; };
		EA608346157BAE8D62A040C0 /* WorkspaceContextFormatter.swift */ = {isa = PBXFileReference; lastKnownFileType = sourcecode.swift; path = WorkspaceContextFormatter.swift; sourceTree = "<group>"; };
		EB869749410CBF86B97FA142 /* PaneAgentReducer.swift */ = {isa = PBXFileReference; lastKnownFileType = sourcecode.swift; path = PaneAgentReducer.swift; sourceTree = "<group>"; };
		ECBF42F4F7C6419804A6596F /* SidebarView.swift */ = {isa = PBXFileReference; lastKnownFileType = sourcecode.swift; path = SidebarView.swift; sourceTree = "<group>"; };
		ED4764B4017D1DF1354C6FFB /* SidebarWidthPreference.swift */ = {isa = PBXFileReference; lastKnownFileType = sourcecode.swift; path = SidebarWidthPreference.swift; sourceTree = "<group>"; };
		EDB71268537F60FF02894F12 /* WindowChromeViewTests.swift */ = {isa = PBXFileReference; lastKnownFileType = sourcecode.swift; path = WindowChromeViewTests.swift; sourceTree = "<group>"; };
		EE4A79EE9DA488020E7D0C71 /* Zentty.app */ = {isa = PBXFileReference; explicitFileType = wrapper.application; includeInIndex = 0; path = Zentty.app; sourceTree = BUILT_PRODUCTS_DIR; };
		EEC6392B8F0DAA70B35EA99B /* WorkspaceAttentionSummaryBuilderTests.swift */ = {isa = PBXFileReference; lastKnownFileType = sourcecode.swift; path = WorkspaceAttentionSummaryBuilderTests.swift; sourceTree = "<group>"; };
		F32F85F7274DE278E845FF4A /* GhosttyThemeResolverTests.swift */ = {isa = PBXFileReference; lastKnownFileType = sourcecode.swift; path = GhosttyThemeResolverTests.swift; sourceTree = "<group>"; };
		FD6261C82AADF1EDAAA09BC9 /* PaneStripMotionController.swift */ = {isa = PBXFileReference; lastKnownFileType = sourcecode.swift; path = PaneStripMotionController.swift; sourceTree = "<group>"; };
		FE8E85EADB93A2FE0E71BEA6 /* TerminalPaneHostViewTests.swift */ = {isa = PBXFileReference; lastKnownFileType = sourcecode.swift; path = TerminalPaneHostViewTests.swift; sourceTree = "<group>"; };
		FEFFC2CAEA605772B62E73E5 /* PaneStripView.swift */ = {isa = PBXFileReference; lastKnownFileType = sourcecode.swift; path = PaneStripView.swift; sourceTree = "<group>"; };
/* End PBXFileReference section */

/* Begin PBXFrameworksBuildPhase section */
		B46D17EAF081F8777D360637 /* Frameworks */ = {
			isa = PBXFrameworksBuildPhase;
			buildActionMask = 2147483647;
			files = (
				F42E958471B9D597F85A3894 /* GhosttyKit.xcframework in Frameworks */,
			);
			runOnlyForDeploymentPostprocessing = 0;
		};
/* End PBXFrameworksBuildPhase section */

/* Begin PBXGroup section */
		04023D829C9908BD3E618816 /* Frameworks */ = {
			isa = PBXGroup;
			children = (
				43EC896B9EA214B488CDCD09 /* GhosttyKit.xcframework */,
			);
			name = Frameworks;
			sourceTree = "<group>";
		};
		15AA6E2482F0B19E52214D55 /* Review */ = {
			isa = PBXGroup;
			children = (
				7C375D40B7D01131EC91AB5E /* WorkspaceReviewStateResolver.swift */,
			);
			path = Review;
			sourceTree = "<group>";
		};
		1C0506CDB868054B09C5CA8D /* AppState */ = {
			isa = PBXGroup;
			children = (
				E101FFDD49FF6625AC16DDED /* PaneAuxiliaryState.swift */,
				BFE28087CB8A8A0F579745CA /* PaneShellContext.swift */,
				5F668C5A47A3DF347AA3AEB6 /* WorkspaceAttentionNotificationCoordinator.swift */,
				11CCB35B6B709D47E3838B95 /* WorkspaceAttentionSummaryBuilder.swift */,
				EA608346157BAE8D62A040C0 /* WorkspaceContextFormatter.swift */,
				65B4C03D59ECCAD47807696D /* WorkspaceHeaderSummary.swift */,
				18065CC38B9A9058E3A43CD0 /* WorkspaceHeaderSummaryBuilder.swift */,
				7404D6BABB68E5A9DF526865 /* WorkspaceStore.swift */,
				E2CB877AA1685B897411B467 /* WorkspaceStore+AgentStatus.swift */,
				8C28736E4D07F0610C33AAB2 /* WorkspaceStore+Metadata.swift */,
				264B50030DEF3D754AF17738 /* WorkspaceStore+ReviewState.swift */,
				7F2110B46C3078BABC77C457 /* Agent */,
				15AA6E2482F0B19E52214D55 /* Review */,
			);
			path = AppState;
			sourceTree = "<group>";
		};
		1F2A3B4C5D6E7F8091A2B3C2 /* OpenWith */ = {
			isa = PBXGroup;
			children = (
				1F2A3B4C5D6E7F8091A2B3C3 /* OpenWithCatalog.swift */,
				2A7C91E44D1B44BFA0332211 /* OpenWithService.swift */,
			);
			path = OpenWith;
			sourceTree = "<group>";
		};
		3113646FB0F299F70B834339 /* Zentty */ = {
			isa = PBXGroup;
			children = (
				A3CFC2B870895651B043DF45 /* AppDelegate.swift */,
				70234FD008E68026E8248FF5 /* AppIcon.icon */,
				4AB3C0ACB087A96811645CE3 /* AppMenuBuilder.swift */,
				B530C90C0E34C9180D7FA019 /* Info.plist */,
				6BC138BE273ED92291124633 /* main.swift */,
				DBAD1A9BF197EEA6E4F636D7 /* MainWindowController.swift */,
				1C0506CDB868054B09C5CA8D /* AppState */,
				70FACCAC9A35090DB31D181D /* Config */,
				86D8A35364B8935BD9D2D219 /* Input */,
				7F1FD0AFD7DC8203464D5523 /* Layout */,
				E839246BBEECA8F611076C8E /* Motion */,
				1F2A3B4C5D6E7F8091A2B3C2 /* OpenWith */,
				C6E32875C15556A3A4C2AF9D /* Terminal */,
				DF5F1230FC57111D71EAF9A9 /* UI */,
			);
			path = Zentty;
			sourceTree = "<group>";
		};
		37CB5D1993A4151C254A16D2 = {
			isa = PBXGroup;
			children = (
				3113646FB0F299F70B834339 /* Zentty */,
				F8EF7D8196919BB1A50B1819 /* ZenttyLogicTests */,
				928C5204454C83A419DEEAFF /* ZenttyTests */,
				04023D829C9908BD3E618816 /* Frameworks */,
				77D242A536F1FD4B6EE328F9 /* Products */,
			);
			sourceTree = "<group>";
		};
		4A4B2BEA2DA770E96A563909 /* Canvas */ = {
			isa = PBXGroup;
			children = (
				4C4740E3F7FBB64DB5815643 /* AppCanvasView.swift */,
			);
			path = Canvas;
			sourceTree = "<group>";
		};
		70FACCAC9A35090DB31D181D /* Config */ = {
			isa = PBXGroup;
			children = (
				C917E13A98AEBA7EDD90654E /* AppConfig.swift */,
				C491850BAA79B14AE9C4FF56 /* AppConfigStore.swift */,
				25C38CE6BD2D5F5D24B1B7FE /* AppConfigTOML.swift */,
			);
			path = Config;
			sourceTree = "<group>";
		};
		77D242A536F1FD4B6EE328F9 /* Products */ = {
			isa = PBXGroup;
			children = (
				EE4A79EE9DA488020E7D0C71 /* Zentty.app */,
				C50002F61829616FFF47B943 /* ZenttyLogicTests.xctest */,
				E5BDEE21BACB5E0E7AB95AE0 /* ZenttyTests.xctest */,
			);
			name = Products;
			sourceTree = "<group>";
		};
		7F1FD0AFD7DC8203464D5523 /* Layout */ = {
			isa = PBXGroup;
			children = (
				CC71C4EF3052C39DDD2F1F57 /* PaneLayoutPreferences.swift */,
				AF38754F46DCDAAF2D32B847 /* PaneLayoutSizing.swift */,
				3D36706DB3DF677FA13DC722 /* PaneStripState.swift */,
			);
			path = Layout;
			sourceTree = "<group>";
		};
		7F2110B46C3078BABC77C457 /* Agent */ = {
			isa = PBXGroup;
			children = (
				290AC219C812A96036CA9061 /* AgentInteractionClassifier.swift */,
				AAEEE6EDBC73B9A55E684093 /* AgentStatus.swift */,
				58C0293DF0B4BA096A6646CC /* AgentStatusCenter.swift */,
				D1DB0F3E90C5CCF115A2E27B /* AgentStatusCommand.swift */,
				10C70E68528914C7BDC3B755 /* AgentStatusHelper.swift */,
				B79972CCAB3361277D4E949C /* AgentStatusPayload.swift */,
				A1B2C3D4E5F60718293A4B5C /* ProcessCWDResolver.swift */,
				873301C3643C70777575BF64 /* ClaudeHookBridge.swift */,
				C344F4EE24498B605D2794B3 /* ClaudeHookSessionStore.swift */,
				EB869749410CBF86B97FA142 /* PaneAgentReducer.swift */,
			);
			path = Agent;
			sourceTree = "<group>";
		};
		86D8A35364B8935BD9D2D219 /* Input */ = {
			isa = PBXGroup;
			children = (
				B8D348923237491F345AB193 /* KeyboardShortcut.swift */,
				2A94FD26FCD146425105D3FD /* KeyboardShortcutResolver.swift */,
				474B9A1AC6A427A707683CA3 /* PaneCommand.swift */,
			);
			path = Input;
			sourceTree = "<group>";
		};
		928C5204454C83A419DEEAFF /* ZenttyTests */ = {
			isa = PBXGroup;
			children = (
				63590216920018B71F1ACB7A /* AppDelegateTests.swift */,
				CBF4079FD49C87B216061EB3 /* Info.plist */,
				7120EEE7A0C06BD8315283B9 /* MainWindowControllerTests.swift */,
				48F435FA119C97C5F497FBD9 /* PaneLayoutSettingsWindowControllerTests.swift */,
				FE8E85EADB93A2FE0E71BEA6 /* TerminalPaneHostViewTests.swift */,
				A4779867D7B89FB04DE30400 /* WorkspaceState+Testing.swift */,
				74CEBFAB725FA2FFBC3E014B /* ZenttyTests.swift */,
			);
			path = ZenttyTests;
			sourceTree = "<group>";
		};
		92B122208C4253AF9DC49550 /* Theme */ = {
			isa = PBXGroup;
			children = (
				4006842B9BBF4DF8426EE5F3 /* AppTheme.swift */,
				51F182C0E58D8DC4249303AA /* GhosttyThemeResolver.swift */,
				28B65FF8B847E8E743D485D4 /* GlassSurfaceView.swift */,
				73931D75238B5C4F1427B708 /* ThemeCoordinator.swift */,
			);
			path = Theme;
			sourceTree = "<group>";
		};
		C2E4B49720CCE21570420D3B /* PaneStrip */ = {
			isa = PBXGroup;
			children = (
				7F299D46F21F8BC295D1F0B3 /* PaneContainerView.swift */,
				FEFFC2CAEA605772B62E73E5 /* PaneStripView.swift */,
				28E15DDC0970C4214A4C9E5E /* PaneStripView+Transitions.swift */,
				905DD9FD69FFEA7991390EA4 /* ScrollSwitchGestureHandler.swift */,
			);
			path = PaneStrip;
			sourceTree = "<group>";
		};
		C6E32875C15556A3A4C2AF9D /* Terminal */ = {
			isa = PBXGroup;
			children = (
				7DDF1EF89E46D6EEECB8A320 /* LibghosttyAdapter.swift */,
				041FEB5F657A57B5668D9BFD /* LibghosttyRuntime.swift */,
				5EEF748059F59CD2590E1C2C /* LibghosttySurface.swift */,
				50D5CEB5E915AE3FBE158512 /* LibghosttyView.swift */,
				765B5594B1CFDD53C4A7C00B /* MockTerminalAdapter.swift */,
				AB7FF718B0E0C3314C57BFC5 /* TerminalAdapter.swift */,
				6D46D74C2BFDAC52C678BDB1 /* TerminalMetadata.swift */,
				8F82AEDB8F3C8B3C5F014D8D /* TerminalPaneHostView.swift */,
			);
			path = Terminal;
			sourceTree = "<group>";
		};
		C6FE1D6C93ADCAF5A6AD1364 /* Chrome */ = {
			isa = PBXGroup;
			children = (
				35C0E504B38BD3778920B0BD /* OpenWithPopoverController.swift */,
				9D11A6534B69B29D10228001 /* OpenWithPopoverContentView.swift */,
				9D11A6554B69B29D10228001 /* OpenWithPopoverButtons.swift */,
				7017B142217423B1126B8E2A /* WindowChromeRowLayoutPlanner.swift */,
				57E665DBFE88E93E1133FFEF /* WindowChromeView.swift */,
				861A447F1412D69C3A79DD5F /* WorkspaceAttentionChipView.swift */,
			);
			path = Chrome;
			sourceTree = "<group>";
		};
		C91803792E050C61DDC543B3 /* Settings */ = {
			isa = PBXGroup;
			children = (
				DE5E3F546E3753078DA6BF42 /* PaneLayoutSettingsWindowController.swift */,
			);
			path = Settings;
			sourceTree = "<group>";
		};
		D32CC59A6D1E3B98F23280A0 /* Sidebar */ = {
			isa = PBXGroup;
			children = (
				162C940D9CBDBBB47552AA86 /* SidebarMotionCoordinator.swift */,
				ECBF42F4F7C6419804A6596F /* SidebarView.swift */,
				163D5C0FE862CC71E8B354E2 /* SidebarVisibilityController.swift */,
				ED4764B4017D1DF1354C6FFB /* SidebarWidthPreference.swift */,
				A82AF72195ADAF95D5CDEA11 /* SidebarWorkspaceRowButton.swift */,
				6A8E385B72B10B7D1AC7693E /* SidebarWorkspaceRowLayout.swift */,
				AB09D3290BC74B522436CD80 /* WorkspaceSidebarSummary.swift */,
				CF28DD423B3DBCA9B0C589F8 /* WorkspaceSidebarSummaryBuilder.swift */,
			);
			path = Sidebar;
			sourceTree = "<group>";
		};
		DF5F1230FC57111D71EAF9A9 /* UI */ = {
			isa = PBXGroup;
			children = (
				7B93F46C5542A31805301C02 /* RootViewController.swift */,
				16FEAF3CA4E96E1EB18692E8 /* ShellMetrics.swift */,
				5E8B2580EB7F0B2DE369502F /* WorkspaceRenderCoordinator.swift */,
				4A4B2BEA2DA770E96A563909 /* Canvas */,
				C6FE1D6C93ADCAF5A6AD1364 /* Chrome */,
				C2E4B49720CCE21570420D3B /* PaneStrip */,
				C91803792E050C61DDC543B3 /* Settings */,
				D32CC59A6D1E3B98F23280A0 /* Sidebar */,
				92B122208C4253AF9DC49550 /* Theme */,
			);
			path = UI;
			sourceTree = "<group>";
		};
		E839246BBEECA8F611076C8E /* Motion */ = {
			isa = PBXGroup;
			children = (
				FD6261C82AADF1EDAAA09BC9 /* PaneStripMotionController.swift */,
				D25EF5AC625776DA85911237 /* TrackpadPanGestureDriver.swift */,
			);
			path = Motion;
			sourceTree = "<group>";
		};
		F8EF7D8196919BB1A50B1819 /* ZenttyLogicTests */ = {
			isa = PBXGroup;
			children = (
				003771A9512A8005B0DCF7DE /* AgentStatusSupportTests.swift */,
				768B2F414D9DCDC035D32626 /* AgentWrapperTests.swift */,
				3F4FEACEEB990E8008700659 /* AppConfigStoreTests.swift */,
				F32F85F7274DE278E845FF4A /* GhosttyThemeResolverTests.swift */,
				9760F3B7EDC0087FA89778B9 /* Info.plist */,
				2B076EBD34D3A673A0937579 /* KeyboardShortcutResolverTests.swift */,
				C2671C2153DB1DFA70522E94 /* LibghosttyAdapterTests.swift */,
				1B7D9F684E2C11A8001E4B91 /* OpenWithCatalogTests.swift */,
				5E316EB04A90576B80F838D9 /* PaneAgentReducerTests.swift */,
				37F4631D0A8465D807F16977 /* PaneContainerViewTests.swift */,
				DAA052B6DDCA1EE9D9F58BC0 /* PaneLayoutPreferencesTests.swift */,
				017D80D8C20309A5F3A34381 /* PanePresentationStateTests.swift */,
				76857E75C1FF0BD95C889941 /* PaneRuntimeRegistryTests.swift */,
				CDD7AA3458BBF1FAEFFC158A /* PaneStripMotionControllerTests.swift */,
				E469BF2F5A021DBF256E8D20 /* PaneStripStateTests.swift */,
				CFB4690A6E06FB3FC4C1909E /* PaneStripStoreTests.swift */,
				94042661C850159F74FC9F69 /* PaneStripViewTests.swift */,
				D24F62AFB71CBBAE4BC9B5A1 /* RootViewCompositionTests.swift */,
				B50181BE811AE835D0DAAF33 /* RootViewControllerHeaderIntegrationTests.swift */,
				CA40FC14CFDB525CB2065ECC /* ScrollSwitchGestureHandlerTests.swift */,
				CA3810175E866C6CB11A8C87 /* SidebarMotionCoordinatorTests.swift */,
				25A34A831CA0E3FE65355578 /* SidebarVisibilityControllerTests.swift */,
				40F1A8BF59BE6D2250680C16 /* SidebarWorkspaceRowButtonTests.swift */,
				5144655F178B621FFCE38EDF /* SidebarWorkspaceRowLayoutTests.swift */,
				86917D1F9201725F12438AD5 /* WindowChromeRowLayoutPlannerTests.swift */,
				EDB71268537F60FF02894F12 /* WindowChromeViewTests.swift */,
				C1CE434538AE32B76DD2A883 /* WorkspaceAttentionChipViewTests.swift */,
				EEC6392B8F0DAA70B35EA99B /* WorkspaceAttentionSummaryBuilderTests.swift */,
				0AB7D25628313D541820A119 /* WorkspaceContextFormatterTests.swift */,
				39B05DD005B59A7F662CFDEE /* WorkspaceGitContextResolverTests.swift */,
				5E538FD3113F73580976CC7F /* WorkspaceHeaderSummaryBuilderTests.swift */,
				241BA69646CA6F342C7EA767 /* WorkspaceReviewStateResolverTests.swift */,
				489C32A2F39FD781A5882283 /* WorkspaceSidebarSummaryTests.swift */,
				16796BFEEF511152544CB6CD /* WorkspaceState+Testing.swift */,
				CFF845BEE5B989D3B3F5E8FF /* WorkspaceStoreGitContextTests.swift */,
				D9E8C4A54E2C124B001E4B91 /* WorkspaceStoreOpenWithTests.swift */,
			);
			path = ZenttyLogicTests;
			sourceTree = "<group>";
		};
/* End PBXGroup section */

/* Begin PBXNativeTarget section */
		1DF8F62E1BE7CCB86231ED30 /* ZenttyTests */ = {
			isa = PBXNativeTarget;
			buildConfigurationList = 4FCFCF2564A6DA103A27CCEE /* Build configuration list for PBXNativeTarget "ZenttyTests" */;
			buildPhases = (
				B9EEEBFA0C651DF53E2B0A3C /* Sources */,
			);
			buildRules = (
			);
			dependencies = (
				2D4FCC98FF4C309C0E7AEFA5 /* PBXTargetDependency */,
			);
			name = ZenttyTests;
			packageProductDependencies = (
			);
			productName = ZenttyTests;
			productReference = E5BDEE21BACB5E0E7AB95AE0 /* ZenttyTests.xctest */;
			productType = "com.apple.product-type.bundle.unit-test";
		};
		A49D02BEE612C3135AD03725 /* ZenttyLogicTests */ = {
			isa = PBXNativeTarget;
			buildConfigurationList = 8D8C7A4CD5361E93988E6AA6 /* Build configuration list for PBXNativeTarget "ZenttyLogicTests" */;
			buildPhases = (
				50150787CEC2E981BC54A060 /* Sources */,
			);
			buildRules = (
			);
			dependencies = (
				1E539F1E0E3A3A76A976A609 /* PBXTargetDependency */,
			);
			name = ZenttyLogicTests;
			packageProductDependencies = (
			);
			productName = ZenttyLogicTests;
			productReference = C50002F61829616FFF47B943 /* ZenttyLogicTests.xctest */;
			productType = "com.apple.product-type.bundle.unit-test";
		};
		E6B2AAF72FA88E67CF89C62D /* Zentty */ = {
			isa = PBXNativeTarget;
			buildConfigurationList = 8CF3F2B2CC3B4077397556BF /* Build configuration list for PBXNativeTarget "Zentty" */;
			buildPhases = (
				C7055FCE2E5119172F74E931 /* Verify GhosttyKit */,
				7F3DAA66194F5E5435D20992 /* Sources */,
				D401D02C9BD017D68D6BABAC /* Resources */,
				B46D17EAF081F8777D360637 /* Frameworks */,
				607A1966C04D6BF31E257B79 /* Copy Agent Shell Resources */,
			);
			buildRules = (
			);
			dependencies = (
			);
			name = Zentty;
			packageProductDependencies = (
			);
			productName = Zentty;
			productReference = EE4A79EE9DA488020E7D0C71 /* Zentty.app */;
			productType = "com.apple.product-type.application";
		};
/* End PBXNativeTarget section */

/* Begin PBXProject section */
		7A0ED500B3C67C2B4985B5EE /* Project object */ = {
			isa = PBXProject;
			attributes = {
				BuildIndependentTargetsInParallel = YES;
				LastUpgradeCheck = 1430;
				TargetAttributes = {
					1DF8F62E1BE7CCB86231ED30 = {
						DevelopmentTeam = 25TVW8MSGJ;
						ProvisioningStyle = Automatic;
					};
					A49D02BEE612C3135AD03725 = {
						DevelopmentTeam = 25TVW8MSGJ;
						ProvisioningStyle = Automatic;
					};
					E6B2AAF72FA88E67CF89C62D = {
						DevelopmentTeam = 25TVW8MSGJ;
						ProvisioningStyle = Automatic;
					};
				};
			};
			buildConfigurationList = 41E011D77BB2E01F52BCA543 /* Build configuration list for PBXProject "Zentty" */;
			developmentRegion = en;
			hasScannedForEncodings = 0;
			knownRegions = (
				Base,
				en,
			);
			mainGroup = 37CB5D1993A4151C254A16D2;
			minimizedProjectReferenceProxies = 1;
			preferredProjectObjectVersion = 77;
			productRefGroup = 77D242A536F1FD4B6EE328F9 /* Products */;
			projectDirPath = "";
			projectRoot = "";
			targets = (
				E6B2AAF72FA88E67CF89C62D /* Zentty */,
				A49D02BEE612C3135AD03725 /* ZenttyLogicTests */,
				1DF8F62E1BE7CCB86231ED30 /* ZenttyTests */,
			);
		};
/* End PBXProject section */

/* Begin PBXResourcesBuildPhase section */
		D401D02C9BD017D68D6BABAC /* Resources */ = {
			isa = PBXResourcesBuildPhase;
			buildActionMask = 2147483647;
			files = (
				039A651343EA7A91CA374AB3 /* AppIcon.icon in Resources */,
			);
			runOnlyForDeploymentPostprocessing = 0;
		};
/* End PBXResourcesBuildPhase section */

/* Begin PBXShellScriptBuildPhase section */
		607A1966C04D6BF31E257B79 /* Copy Agent Shell Resources */ = {
			isa = PBXShellScriptBuildPhase;
			alwaysOutOfDate = 1;
			buildActionMask = 2147483647;
			files = (
			);
			inputFileListPaths = (
			);
			inputPaths = (
			);
			name = "Copy Agent Shell Resources";
			outputFileListPaths = (
			);
			outputPaths = (
			);
			runOnlyForDeploymentPostprocessing = 0;
			shellPath = /bin/sh;
			shellScript = "set -euo pipefail\n\nRESOURCES_SRC=\"${PROJECT_DIR}/ZenttyResources\"\nRESOURCES_DST=\"${TARGET_BUILD_DIR}/${UNLOCALIZED_RESOURCES_FOLDER_PATH}\"\n\nmkdir -p \"${RESOURCES_DST}/bin\" \"${RESOURCES_DST}/shell-integration\"\nrsync -a --delete \"${RESOURCES_SRC}/bin/\" \"${RESOURCES_DST}/bin/\"\nrsync -a --delete \"${RESOURCES_SRC}/shell-integration/\" \"${RESOURCES_DST}/shell-integration/\"\n";
		};
		C7055FCE2E5119172F74E931 /* Verify GhosttyKit */ = {
			isa = PBXShellScriptBuildPhase;
			alwaysOutOfDate = 1;
			buildActionMask = 2147483647;
			files = (
			);
			inputFileListPaths = (
			);
			inputPaths = (
			);
			name = "Verify GhosttyKit";
			outputFileListPaths = (
			);
			outputPaths = (
			);
			runOnlyForDeploymentPostprocessing = 0;
			shellPath = /bin/sh;
			shellScript = "FRAMEWORK_PATH=\"${PROJECT_DIR}/FrameworksLocal/GhosttyKit.xcframework\"\nif [ ! -d \"$FRAMEWORK_PATH\" ]; then\n  echo \"error: GhosttyKit.xcframework not found. Run scripts/build_ghosttykit.sh first.\"\n  exit 1\nfi\n";
		};
/* End PBXShellScriptBuildPhase section */

/* Begin PBXSourcesBuildPhase section */
		50150787CEC2E981BC54A060 /* Sources */ = {
			isa = PBXSourcesBuildPhase;
			buildActionMask = 2147483647;
			files = (
				55C1CC506BD2F0613AD94835 /* AgentStatusSupportTests.swift in Sources */,
				1D4BC844610BEFF7A6AA0605 /* AgentWrapperTests.swift in Sources */,
				1AC994B38934FF453310224A /* AppConfigStoreTests.swift in Sources */,
				68971AE9A84508C3E111C8E7 /* GhosttyThemeResolverTests.swift in Sources */,
				5DC7AC548DD0073978E02681 /* KeyboardShortcutResolverTests.swift in Sources */,
				0ED2C234E696C111255B212A /* LibghosttyAdapterTests.swift in Sources */,
				1B7D9F6A4E2C11A8001E4B91 /* OpenWithCatalogTests.swift in Sources */,
				8E847756B23CB6F02E3897BD /* PaneAgentReducerTests.swift in Sources */,
				9305DFB3157057C5F774497D /* PaneContainerViewTests.swift in Sources */,
				4FE322E96C1A232404A28D38 /* PaneLayoutPreferencesTests.swift in Sources */,
				1041B5CDF3EA5C978F3580BC /* PanePresentationStateTests.swift in Sources */,
				F1E79CD825C39C592E844B63 /* PaneRuntimeRegistryTests.swift in Sources */,
				74A2DE5A0880B028476E3D8D /* PaneStripMotionControllerTests.swift in Sources */,
				C1E6E40E7FEAE93149414E37 /* PaneStripStateTests.swift in Sources */,
				F75C8D5EDC0772F56DE54C52 /* PaneStripStoreTests.swift in Sources */,
				53C04E574AF84DBCF050718B /* PaneStripViewTests.swift in Sources */,
				8B1430D7C662CD2D1CC2E080 /* RootViewCompositionTests.swift in Sources */,
				FB6421E478EA88F89ACE1603 /* RootViewControllerHeaderIntegrationTests.swift in Sources */,
				13F377DF3A4216C68CAFA429 /* ScrollSwitchGestureHandlerTests.swift in Sources */,
				267DEF07DD871705091F0BC8 /* SidebarMotionCoordinatorTests.swift in Sources */,
				26D68604F3403C3BC9299DEC /* SidebarVisibilityControllerTests.swift in Sources */,
				653D122294981E5A6241FB87 /* SidebarWorkspaceRowButtonTests.swift in Sources */,
				97B14DE69BD7962A75E993F9 /* SidebarWorkspaceRowLayoutTests.swift in Sources */,
				738453B16B8499ADFB4722CB /* WindowChromeRowLayoutPlannerTests.swift in Sources */,
				16E1DE875672D6743DF1B86D /* WindowChromeViewTests.swift in Sources */,
				C93043964F6A50BBB62A868D /* WorkspaceAttentionChipViewTests.swift in Sources */,
				8EC0BEECF0B373F8EB2689E9 /* WorkspaceAttentionSummaryBuilderTests.swift in Sources */,
				13AD6B773B110A9935CD8011 /* WorkspaceContextFormatterTests.swift in Sources */,
				ED86A6329D7754EA3ADAE6EB /* WorkspaceGitContextResolverTests.swift in Sources */,
				3C5EB873006F1C76827C67EA /* WorkspaceHeaderSummaryBuilderTests.swift in Sources */,
				9C601B72AA8D79E012E42F61 /* WorkspaceReviewStateResolverTests.swift in Sources */,
				C34632753C7F7CF13DB71196 /* WorkspaceSidebarSummaryTests.swift in Sources */,
				55480AC0A7C9DEA6E42FB686 /* WorkspaceState+Testing.swift in Sources */,
				C9940E2AC5DA4EC65555C4C0 /* WorkspaceStoreGitContextTests.swift in Sources */,
				D9E8C4A64E2C124B001E4B91 /* WorkspaceStoreOpenWithTests.swift in Sources */,
			);
			runOnlyForDeploymentPostprocessing = 0;
		};
		7F3DAA66194F5E5435D20992 /* Sources */ = {
			isa = PBXSourcesBuildPhase;
			buildActionMask = 2147483647;
			files = (
				8E2852FEAFC265DC3EC050BF /* AgentInteractionClassifier.swift in Sources */,
				E6D0CAB78E81B81367E2F583 /* AgentStatus.swift in Sources */,
				8553A4E49623C76F26D166F5 /* AgentStatusCenter.swift in Sources */,
				6BDA3DD6058C31E9C1635868 /* AgentStatusCommand.swift in Sources */,
				7564C7F11282A9CD3B3D0CC0 /* AgentStatusHelper.swift in Sources */,
				D4E5F60718293A4B5CA1B2C3 /* ProcessCWDResolver.swift in Sources */,
				04F27F3F3AE18FF0B4F78B44 /* AgentStatusPayload.swift in Sources */,
				166BEE11322EC8809FACB201 /* AppCanvasView.swift in Sources */,
				D59DA89E6E0CE0E9766052F0 /* AppConfig.swift in Sources */,
				21E006D9ECF19B42A661D6C1 /* AppConfigStore.swift in Sources */,
				65C5388D0DFD8FB84B5FCD14 /* AppConfigTOML.swift in Sources */,
				C384A9FA26C72AC1B662D7A4 /* AppDelegate.swift in Sources */,
				38DB18B3D68AD8CDA8D85C4E /* AppMenuBuilder.swift in Sources */,
				8E0796EA041134058F72C2D1 /* AppTheme.swift in Sources */,
				37BA55C0F8CA3C6AB8738F66 /* ClaudeHookBridge.swift in Sources */,
				720727A2DA0A0EA0C32EC86E /* ClaudeHookSessionStore.swift in Sources */,
				E35D333286219155A79F8E92 /* GhosttyThemeResolver.swift in Sources */,
				A92728F291D5458A677DDD7B /* GlassSurfaceView.swift in Sources */,
				F33474EA4FEC1975F4FB4754 /* KeyboardShortcut.swift in Sources */,
				801ECD25402540B6F022BC3F /* KeyboardShortcutResolver.swift in Sources */,
				064942C21BFD943CB5C8D46F /* LibghosttyAdapter.swift in Sources */,
				6D1FE5590C9482B094476836 /* LibghosttyRuntime.swift in Sources */,
				8D16DCB2D9A5CBFD25CBC5D1 /* LibghosttySurface.swift in Sources */,
				1139F5A8823B615631F1616C /* LibghosttyView.swift in Sources */,
				AFA0CB1E830B1464903655D6 /* MainWindowController.swift in Sources */,
				196932893F690C070D526631 /* MockTerminalAdapter.swift in Sources */,
				1F2A3B4C5D6E7F8091A2B3C4 /* OpenWithCatalog.swift in Sources */,
				2A7C91E54D1B44BFA0332211 /* OpenWithService.swift in Sources */,
				96C8DAEB457704BB7D4DEC7D /* PaneAgentReducer.swift in Sources */,
				840FDF34FA89D7BA5649AF0C /* PaneAuxiliaryState.swift in Sources */,
				4777880E60AB7C29B7CD2E12 /* PaneCommand.swift in Sources */,
				3F270AD6399CAA5729853F2D /* PaneContainerView.swift in Sources */,
				6407E321D23E068FFB2B995B /* PaneLayoutPreferences.swift in Sources */,
				BE6EAD5D790B664C18EF082A /* PaneLayoutSettingsWindowController.swift in Sources */,
				8000FFBB2A9BB2606A89CD92 /* PaneLayoutSizing.swift in Sources */,
				13A456B3644AB1AA586D10E9 /* PaneShellContext.swift in Sources */,
				C01A739643B858C0F3A69C88 /* PaneStripMotionController.swift in Sources */,
				ED97F9FB42E05ECE3179E60D /* PaneStripState.swift in Sources */,
				6E96BC22B94EF59BDF0E11E3 /* PaneStripView+Transitions.swift in Sources */,
				961ADDCEBB2BBB78B2820F67 /* PaneStripView.swift in Sources */,
				A9684C3ACA26BE7756C04436 /* RootViewController.swift in Sources */,
				269DD148F3D616460B3E5DE2 /* ScrollSwitchGestureHandler.swift in Sources */,
				17245348FB36801D95C10395 /* ShellMetrics.swift in Sources */,
				A31E0FD93C75D6B6059E3809 /* SidebarMotionCoordinator.swift in Sources */,
				14192E7073143E85E7A14BE9 /* SidebarView.swift in Sources */,
				C7E03A7F4908AC8B2713A19B /* SidebarVisibilityController.swift in Sources */,
				F2CC773E6329B7259DDB1868 /* SidebarWidthPreference.swift in Sources */,
				D7C9A22E1AA4A984D3128663 /* SidebarWorkspaceRowButton.swift in Sources */,
				761C5B69FE5495105A3495B8 /* SidebarWorkspaceRowLayout.swift in Sources */,
				DC139F18052FBD8126678D7F /* TerminalAdapter.swift in Sources */,
				AE15A3294DF80781A48DF69F /* TerminalMetadata.swift in Sources */,
				80151BBA3E6C4EBB099460AB /* TerminalPaneHostView.swift in Sources */,
				EE970D14373E2C135E45C480 /* ThemeCoordinator.swift in Sources */,
				F0FF1DAC11BDA07A28868FE4 /* TrackpadPanGestureDriver.swift in Sources */,
				35C0E503B38BD3778920B0BD /* OpenWithPopoverController.swift in Sources */,
				9D11A6544B69B29D10228001 /* OpenWithPopoverContentView.swift in Sources */,
				9D11A6564B69B29D10228001 /* OpenWithPopoverButtons.swift in Sources */,
				A524DA357EFACE58D38A111D /* WindowChromeRowLayoutPlanner.swift in Sources */,
				35C0E502B38BD3778920B0BD /* WindowChromeView.swift in Sources */,
				17E005AE9179F6781C059416 /* WorkspaceAttentionChipView.swift in Sources */,
				8C2BF7BE47535FD7A67CB268 /* WorkspaceAttentionNotificationCoordinator.swift in Sources */,
				C901A081809E9A1625D997DE /* WorkspaceAttentionSummaryBuilder.swift in Sources */,
				B2F734E62886962BE7FDBFEE /* WorkspaceContextFormatter.swift in Sources */,
				329CFE325B0730BE010AF0BE /* WorkspaceHeaderSummary.swift in Sources */,
				84D6E5E335E3E3688E462E50 /* WorkspaceHeaderSummaryBuilder.swift in Sources */,
				305673BBEEB5AA581054EF7D /* WorkspaceRenderCoordinator.swift in Sources */,
				3021E4088216AF55D84D2A89 /* WorkspaceReviewStateResolver.swift in Sources */,
				54F61F4B11847106665021D6 /* WorkspaceSidebarSummary.swift in Sources */,
				FF9A2483E459965DE8FDEC5A /* WorkspaceSidebarSummaryBuilder.swift in Sources */,
				7A9172FD19A31EFC1F0A38B0 /* WorkspaceStore+AgentStatus.swift in Sources */,
				EA26FAD62B5C3CE90789F5E0 /* WorkspaceStore+Metadata.swift in Sources */,
				642A516045C2AE1A58840CF3 /* WorkspaceStore+ReviewState.swift in Sources */,
				16286140AE5631878304F2C5 /* WorkspaceStore.swift in Sources */,
				1F8E1A9AF4D6D24D2C324242 /* main.swift in Sources */,
			);
			runOnlyForDeploymentPostprocessing = 0;
		};
		B9EEEBFA0C651DF53E2B0A3C /* Sources */ = {
			isa = PBXSourcesBuildPhase;
			buildActionMask = 2147483647;
			files = (
				EDF799E6005B1597EEA1314D /* AppDelegateTests.swift in Sources */,
				ADDC80F33AD74B2D67F3A005 /* MainWindowControllerTests.swift in Sources */,
				68542C40B0F24B31DDB1E9A2 /* PaneLayoutSettingsWindowControllerTests.swift in Sources */,
				D58A19DD4038B6D8E127DA5D /* TerminalPaneHostViewTests.swift in Sources */,
				2D567DB3A78588322173DF5D /* WorkspaceState+Testing.swift in Sources */,
				87EA948CE9A1C6B7DF2A1FBD /* ZenttyTests.swift in Sources */,
			);
			runOnlyForDeploymentPostprocessing = 0;
		};
/* End PBXSourcesBuildPhase section */

/* Begin PBXTargetDependency section */
		1E539F1E0E3A3A76A976A609 /* PBXTargetDependency */ = {
			isa = PBXTargetDependency;
			target = E6B2AAF72FA88E67CF89C62D /* Zentty */;
			targetProxy = 1C70CA881BB38F14002D9145 /* PBXContainerItemProxy */;
		};
		2D4FCC98FF4C309C0E7AEFA5 /* PBXTargetDependency */ = {
			isa = PBXTargetDependency;
			target = E6B2AAF72FA88E67CF89C62D /* Zentty */;
			targetProxy = 3052D0B64530701B3D43629A /* PBXContainerItemProxy */;
		};
/* End PBXTargetDependency section */

/* Begin XCBuildConfiguration section */
		1C63BF5BC76D67B67A1A72EF /* Debug */ = {
			isa = XCBuildConfiguration;
			buildSettings = {
				ALWAYS_SEARCH_USER_PATHS = NO;
				CLANG_ANALYZER_NONNULL = YES;
				CLANG_ANALYZER_NUMBER_OBJECT_CONVERSION = YES_AGGRESSIVE;
				CLANG_CXX_LANGUAGE_STANDARD = "gnu++14";
				CLANG_CXX_LIBRARY = "libc++";
				CLANG_ENABLE_MODULES = YES;
				CLANG_ENABLE_OBJC_ARC = YES;
				CLANG_ENABLE_OBJC_WEAK = YES;
				CLANG_WARN_BLOCK_CAPTURE_AUTORELEASING = YES;
				CLANG_WARN_BOOL_CONVERSION = YES;
				CLANG_WARN_COMMA = YES;
				CLANG_WARN_CONSTANT_CONVERSION = YES;
				CLANG_WARN_DEPRECATED_OBJC_IMPLEMENTATIONS = YES;
				CLANG_WARN_DIRECT_OBJC_ISA_USAGE = YES_ERROR;
				CLANG_WARN_DOCUMENTATION_COMMENTS = YES;
				CLANG_WARN_EMPTY_BODY = YES;
				CLANG_WARN_ENUM_CONVERSION = YES;
				CLANG_WARN_INFINITE_RECURSION = YES;
				CLANG_WARN_INT_CONVERSION = YES;
				CLANG_WARN_NON_LITERAL_NULL_CONVERSION = YES;
				CLANG_WARN_OBJC_IMPLICIT_RETAIN_SELF = YES;
				CLANG_WARN_OBJC_LITERAL_CONVERSION = YES;
				CLANG_WARN_OBJC_ROOT_CLASS = YES_ERROR;
				CLANG_WARN_QUOTED_INCLUDE_IN_FRAMEWORK_HEADER = YES;
				CLANG_WARN_RANGE_LOOP_ANALYSIS = YES;
				CLANG_WARN_STRICT_PROTOTYPES = YES;
				CLANG_WARN_SUSPICIOUS_MOVE = YES;
				CLANG_WARN_UNGUARDED_AVAILABILITY = YES_AGGRESSIVE;
				CLANG_WARN_UNREACHABLE_CODE = YES;
				CLANG_WARN__DUPLICATE_METHOD_MATCH = YES;
				CODE_SIGN_STYLE = Automatic;
				COPY_PHASE_STRIP = NO;
				DEBUG_INFORMATION_FORMAT = dwarf;
				DEVELOPMENT_TEAM = 25TVW8MSGJ;
				ENABLE_STRICT_OBJC_MSGSEND = YES;
				ENABLE_TESTABILITY = YES;
				GCC_C_LANGUAGE_STANDARD = gnu11;
				GCC_DYNAMIC_NO_PIC = NO;
				GCC_NO_COMMON_BLOCKS = YES;
				GCC_OPTIMIZATION_LEVEL = 0;
				GCC_PREPROCESSOR_DEFINITIONS = (
					"$(inherited)",
					"DEBUG=1",
				);
				GCC_WARN_64_TO_32_BIT_CONVERSION = YES;
				GCC_WARN_ABOUT_RETURN_TYPE = YES_ERROR;
				GCC_WARN_UNDECLARED_SELECTOR = YES;
				GCC_WARN_UNINITIALIZED_AUTOS = YES_AGGRESSIVE;
				GCC_WARN_UNUSED_FUNCTION = YES;
				GCC_WARN_UNUSED_VARIABLE = YES;
				GENERATE_INFOPLIST_FILE = NO;
				MACOSX_DEPLOYMENT_TARGET = 14.0;
				MTL_ENABLE_DEBUG_INFO = INCLUDE_SOURCE;
				MTL_FAST_MATH = YES;
				ONLY_ACTIVE_ARCH = YES;
				PRODUCT_NAME = Zentty;
				SDKROOT = macosx;
				SWIFT_ACTIVE_COMPILATION_CONDITIONS = DEBUG;
				SWIFT_OPTIMIZATION_LEVEL = "-Onone";
				SWIFT_VERSION = 6.0;
			};
			name = Debug;
		};
		2E8D36F2457EDB4F365E74D2 /* Release */ = {
			isa = XCBuildConfiguration;
			buildSettings = {
				ALWAYS_SEARCH_USER_PATHS = NO;
				CLANG_ANALYZER_NONNULL = YES;
				CLANG_ANALYZER_NUMBER_OBJECT_CONVERSION = YES_AGGRESSIVE;
				CLANG_CXX_LANGUAGE_STANDARD = "gnu++14";
				CLANG_CXX_LIBRARY = "libc++";
				CLANG_ENABLE_MODULES = YES;
				CLANG_ENABLE_OBJC_ARC = YES;
				CLANG_ENABLE_OBJC_WEAK = YES;
				CLANG_WARN_BLOCK_CAPTURE_AUTORELEASING = YES;
				CLANG_WARN_BOOL_CONVERSION = YES;
				CLANG_WARN_COMMA = YES;
				CLANG_WARN_CONSTANT_CONVERSION = YES;
				CLANG_WARN_DEPRECATED_OBJC_IMPLEMENTATIONS = YES;
				CLANG_WARN_DIRECT_OBJC_ISA_USAGE = YES_ERROR;
				CLANG_WARN_DOCUMENTATION_COMMENTS = YES;
				CLANG_WARN_EMPTY_BODY = YES;
				CLANG_WARN_ENUM_CONVERSION = YES;
				CLANG_WARN_INFINITE_RECURSION = YES;
				CLANG_WARN_INT_CONVERSION = YES;
				CLANG_WARN_NON_LITERAL_NULL_CONVERSION = YES;
				CLANG_WARN_OBJC_IMPLICIT_RETAIN_SELF = YES;
				CLANG_WARN_OBJC_LITERAL_CONVERSION = YES;
				CLANG_WARN_OBJC_ROOT_CLASS = YES_ERROR;
				CLANG_WARN_QUOTED_INCLUDE_IN_FRAMEWORK_HEADER = YES;
				CLANG_WARN_RANGE_LOOP_ANALYSIS = YES;
				CLANG_WARN_STRICT_PROTOTYPES = YES;
				CLANG_WARN_SUSPICIOUS_MOVE = YES;
				CLANG_WARN_UNGUARDED_AVAILABILITY = YES_AGGRESSIVE;
				CLANG_WARN_UNREACHABLE_CODE = YES;
				CLANG_WARN__DUPLICATE_METHOD_MATCH = YES;
				CODE_SIGN_STYLE = Automatic;
				COPY_PHASE_STRIP = NO;
				DEBUG_INFORMATION_FORMAT = "dwarf-with-dsym";
				DEVELOPMENT_TEAM = 25TVW8MSGJ;
				ENABLE_NS_ASSERTIONS = NO;
				ENABLE_STRICT_OBJC_MSGSEND = YES;
				GCC_C_LANGUAGE_STANDARD = gnu11;
				GCC_NO_COMMON_BLOCKS = YES;
				GCC_WARN_64_TO_32_BIT_CONVERSION = YES;
				GCC_WARN_ABOUT_RETURN_TYPE = YES_ERROR;
				GCC_WARN_UNDECLARED_SELECTOR = YES;
				GCC_WARN_UNINITIALIZED_AUTOS = YES_AGGRESSIVE;
				GCC_WARN_UNUSED_FUNCTION = YES;
				GCC_WARN_UNUSED_VARIABLE = YES;
				GENERATE_INFOPLIST_FILE = NO;
				MACOSX_DEPLOYMENT_TARGET = 14.0;
				MTL_ENABLE_DEBUG_INFO = NO;
				MTL_FAST_MATH = YES;
				PRODUCT_NAME = Zentty;
				SDKROOT = macosx;
				SWIFT_COMPILATION_MODE = wholemodule;
				SWIFT_OPTIMIZATION_LEVEL = "-O";
				SWIFT_VERSION = 6.0;
			};
			name = Release;
		};
		4B21389852DB717B430B61BD /* Debug */ = {
			isa = XCBuildConfiguration;
			buildSettings = {
				BUNDLE_LOADER = "$(BUILT_PRODUCTS_DIR)/Zentty.app/Contents/MacOS/Zentty";
				COMBINE_HIDPI_IMAGES = YES;
				INFOPLIST_FILE = ZenttyLogicTests/Info.plist;
				LD_RUNPATH_SEARCH_PATHS = (
					"$(inherited)",
					"@executable_path/../Frameworks",
					"@loader_path/../Frameworks",
					"@loader_path/../../../Zentty.app/Contents/MacOS",
				);
				OTHER_LDFLAGS = (
					"$(inherited)",
					"$(BUILT_PRODUCTS_DIR)/Zentty.app/Contents/MacOS/Zentty.debug.dylib",
				);
				PRODUCT_BUNDLE_IDENTIFIER = be.zentty.ZenttyLogicTests;
				PRODUCT_NAME = ZenttyLogicTests;
				SDKROOT = macosx;
				TEST_HOST = "$(BUILT_PRODUCTS_DIR)/Zentty.app/Contents/MacOS/Zentty";
			};
			name = Debug;
		};
		894C3951CB1202029CDE7C79 /* Debug */ = {
			isa = XCBuildConfiguration;
			buildSettings = {
				BUNDLE_LOADER = "$(TEST_HOST)";
				COMBINE_HIDPI_IMAGES = YES;
				INFOPLIST_FILE = ZenttyTests/Info.plist;
				LD_RUNPATH_SEARCH_PATHS = (
					"$(inherited)",
					"@executable_path/../Frameworks",
					"@loader_path/../Frameworks",
				);
				PRODUCT_BUNDLE_IDENTIFIER = com.peterdedene.zenttyTests;
				PRODUCT_NAME = ZenttyTests;
				SDKROOT = macosx;
				TEST_HOST = "$(BUILT_PRODUCTS_DIR)/Zentty.app/Contents/MacOS/Zentty";
			};
			name = Debug;
		};
		90275BC43130F3EAE5285FB4 /* Release */ = {
			isa = XCBuildConfiguration;
			buildSettings = {
				BUNDLE_LOADER = "$(BUILT_PRODUCTS_DIR)/Zentty.app/Contents/MacOS/Zentty";
				COMBINE_HIDPI_IMAGES = YES;
				INFOPLIST_FILE = ZenttyLogicTests/Info.plist;
				LD_RUNPATH_SEARCH_PATHS = (
					"$(inherited)",
					"@executable_path/../Frameworks",
					"@loader_path/../Frameworks",
				);
				PRODUCT_BUNDLE_IDENTIFIER = be.zentty.ZenttyLogicTests;
				PRODUCT_NAME = ZenttyLogicTests;
				SDKROOT = macosx;
				TEST_HOST = "$(BUILT_PRODUCTS_DIR)/Zentty.app/Contents/MacOS/Zentty";
			};
			name = Release;
		};
		91A4A41546D294D209429708 /* Debug */ = {
			isa = XCBuildConfiguration;
			buildSettings = {
				ASSETCATALOG_COMPILER_APPICON_NAME = AppIcon;
				COMBINE_HIDPI_IMAGES = YES;
				ENABLE_HARDENED_RUNTIME = YES;
				FRAMEWORK_SEARCH_PATHS = (
					"$(inherited)",
					"\"FrameworksLocal\"",
				);
				INFOPLIST_FILE = Zentty/Info.plist;
				LD_RUNPATH_SEARCH_PATHS = (
					"$(inherited)",
					"@executable_path/../Frameworks",
				);
				OTHER_LDFLAGS = (
					"-lc++",
					"-framework",
					Metal,
					"-framework",
					QuartzCore,
					"-framework",
					IOSurface,
					"-framework",
					UniformTypeIdentifiers,
					"-framework",
					Carbon,
				);
				PRODUCT_BUNDLE_IDENTIFIER = com.peterdedene.zentty;
				SDKROOT = macosx;
				SWIFT_EMIT_LOC_STRINGS = YES;
			};
			name = Debug;
		};
		BC09C6831896151FBEFE2CC3 /* Release */ = {
			isa = XCBuildConfiguration;
			buildSettings = {
				ASSETCATALOG_COMPILER_APPICON_NAME = AppIcon;
				COMBINE_HIDPI_IMAGES = YES;
				ENABLE_HARDENED_RUNTIME = YES;
				FRAMEWORK_SEARCH_PATHS = (
					"$(inherited)",
					"\"FrameworksLocal\"",
				);
				INFOPLIST_FILE = Zentty/Info.plist;
				LD_RUNPATH_SEARCH_PATHS = (
					"$(inherited)",
					"@executable_path/../Frameworks",
				);
				OTHER_LDFLAGS = (
					"-lc++",
					"-framework",
					Metal,
					"-framework",
					QuartzCore,
					"-framework",
					IOSurface,
					"-framework",
					UniformTypeIdentifiers,
					"-framework",
					Carbon,
				);
				PRODUCT_BUNDLE_IDENTIFIER = com.peterdedene.zentty;
				SDKROOT = macosx;
				SWIFT_EMIT_LOC_STRINGS = YES;
			};
			name = Release;
		};
		FD345E82C2B61BF4DF866E7F /* Release */ = {
			isa = XCBuildConfiguration;
			buildSettings = {
				BUNDLE_LOADER = "$(TEST_HOST)";
				COMBINE_HIDPI_IMAGES = YES;
				INFOPLIST_FILE = ZenttyTests/Info.plist;
				LD_RUNPATH_SEARCH_PATHS = (
					"$(inherited)",
					"@executable_path/../Frameworks",
					"@loader_path/../Frameworks",
				);
				PRODUCT_BUNDLE_IDENTIFIER = com.peterdedene.zenttyTests;
				PRODUCT_NAME = ZenttyTests;
				SDKROOT = macosx;
				TEST_HOST = "$(BUILT_PRODUCTS_DIR)/Zentty.app/Contents/MacOS/Zentty";
			};
			name = Release;
		};
/* End XCBuildConfiguration section */

/* Begin XCConfigurationList section */
		41E011D77BB2E01F52BCA543 /* Build configuration list for PBXProject "Zentty" */ = {
			isa = XCConfigurationList;
			buildConfigurations = (
				1C63BF5BC76D67B67A1A72EF /* Debug */,
				2E8D36F2457EDB4F365E74D2 /* Release */,
			);
			defaultConfigurationIsVisible = 0;
			defaultConfigurationName = Debug;
		};
		4FCFCF2564A6DA103A27CCEE /* Build configuration list for PBXNativeTarget "ZenttyTests" */ = {
			isa = XCConfigurationList;
			buildConfigurations = (
				894C3951CB1202029CDE7C79 /* Debug */,
				FD345E82C2B61BF4DF866E7F /* Release */,
			);
			defaultConfigurationIsVisible = 0;
			defaultConfigurationName = Debug;
		};
		8CF3F2B2CC3B4077397556BF /* Build configuration list for PBXNativeTarget "Zentty" */ = {
			isa = XCConfigurationList;
			buildConfigurations = (
				91A4A41546D294D209429708 /* Debug */,
				BC09C6831896151FBEFE2CC3 /* Release */,
			);
			defaultConfigurationIsVisible = 0;
			defaultConfigurationName = Debug;
		};
		8D8C7A4CD5361E93988E6AA6 /* Build configuration list for PBXNativeTarget "ZenttyLogicTests" */ = {
			isa = XCConfigurationList;
			buildConfigurations = (
				4B21389852DB717B430B61BD /* Debug */,
				90275BC43130F3EAE5285FB4 /* Release */,
			);
			defaultConfigurationIsVisible = 0;
			defaultConfigurationName = Debug;
		};
/* End XCConfigurationList section */
	};
	rootObject = 7A0ED500B3C67C2B4985B5EE /* Project object */;
}
