// !$*UTF8*$!
{
	archiveVersion = 1;
	classes = {
	};
	objectVersion = 77;
	objects = {

/* Begin PBXBuildFile section */
		039A651343EA7A91CA374AB3 /* AppIcon.icon in Resources */ = {isa = PBXBuildFile; fileRef = 70234FD008E68026E8248FF5 /* AppIcon.icon */; };
		064942C21BFD943CB5C8D46F /* LibghosttyAdapter.swift in Sources */ = {isa = PBXBuildFile; fileRef = 7DDF1EF89E46D6EEECB8A320 /* LibghosttyAdapter.swift */; };
		0D602ED83CC15D651D2BB819 /* PaneStripMotionControllerTests.swift in Sources */ = {isa = PBXBuildFile; fileRef = 10D5A07473DB76E4E3D2F00A /* PaneStripMotionControllerTests.swift */; };
		1139F5A8823B615631F1616C /* LibghosttyView.swift in Sources */ = {isa = PBXBuildFile; fileRef = 50D5CEB5E915AE3FBE158512 /* LibghosttyView.swift */; };
		1383C76F463DAE3D42A4C7FC /* ContextStripView.swift in Sources */ = {isa = PBXBuildFile; fileRef = BC63FD2674437F1139255B3E /* ContextStripView.swift */; };
		17245348FB36801D95C10395 /* ShellMetrics.swift in Sources */ = {isa = PBXBuildFile; fileRef = 16FEAF3CA4E96E1EB18692E8 /* ShellMetrics.swift */; };
		196932893F690C070D526631 /* MockTerminalAdapter.swift in Sources */ = {isa = PBXBuildFile; fileRef = 765B5594B1CFDD53C4A7C00B /* MockTerminalAdapter.swift */; };
		1E9155B18597D48510ACEDD8 /* PaneStripStore.swift in Sources */ = {isa = PBXBuildFile; fileRef = 8DEEB96E79CCE6DC7CB29BFD /* PaneStripStore.swift */; };
		1F8E1A9AF4D6D24D2C324242 /* main.swift in Sources */ = {isa = PBXBuildFile; fileRef = 6BC138BE273ED92291124633 /* main.swift */; };
		20FCC81AB1963BDACF462CC9 /* WorkspaceHeaderSummaryBuilderTests.swift in Sources */ = {isa = PBXBuildFile; fileRef = 9821F072C81511C059DB5551 /* WorkspaceHeaderSummaryBuilderTests.swift */; };
		260155FD237874A9F873EFC4 /* LibghosttyViewTests.swift in Sources */ = {isa = PBXBuildFile; fileRef = C6DBDFE63A76B3FA8FE9ABF9 /* LibghosttyViewTests.swift */; };
		31D1238F2694FD7391C5647F /* WorkspaceSidebarSummary.swift in Sources */ = {isa = PBXBuildFile; fileRef = 3C182DB0CDDD3D09D97C1F4A /* WorkspaceSidebarSummary.swift */; };
		329CFE325B0730BE010AF0BE /* WorkspaceHeaderSummary.swift in Sources */ = {isa = PBXBuildFile; fileRef = 65B4C03D59ECCAD47807696D /* WorkspaceHeaderSummary.swift */; };
		34824DD252B0DF07666D2CE3 /* WorkspaceAttentionChipView.swift in Sources */ = {isa = PBXBuildFile; fileRef = ECD488C69FD7A9E781CC054A /* WorkspaceAttentionChipView.swift */; };
		34F2FE817C6D4D0D8293DBE8 /* ContentShellView.swift in Sources */ = {isa = PBXBuildFile; fileRef = 3ED48E560454EAF321704E19 /* ContentShellView.swift */; };
		38DB18B3D68AD8CDA8D85C4E /* AppMenuBuilder.swift in Sources */ = {isa = PBXBuildFile; fileRef = 4AB3C0ACB087A96811645CE3 /* AppMenuBuilder.swift */; };
		40C4AE98F3A0F59860FE314D /* PaneStripViewTests.swift in Sources */ = {isa = PBXBuildFile; fileRef = 240A88D261256B90FC1F6A3B /* PaneStripViewTests.swift */; };
		44921AA881A26644F02859E6 /* AgentStatusSupport.swift in Sources */ = {isa = PBXBuildFile; fileRef = 8ABDA8C56453182E6638FFD4 /* AgentStatusSupport.swift */; };
		461A96CD2D21A685C13ADC2C /* WorkspaceReviewStateResolverTests.swift in Sources */ = {isa = PBXBuildFile; fileRef = 3F11AE4FC51E69C2249CC656 /* WorkspaceReviewStateResolverTests.swift */; };
		4777880E60AB7C29B7CD2E12 /* PaneCommand.swift in Sources */ = {isa = PBXBuildFile; fileRef = 474B9A1AC6A427A707683CA3 /* PaneCommand.swift */; };
		483A7641E717B984A257692C /* GlassSurfaceView.swift in Sources */ = {isa = PBXBuildFile; fileRef = 29B537B7096E6A676CEDAA46 /* GlassSurfaceView.swift */; };
		483C6244F3CD18CC74CDE7C4 /* WindowChromeViewTests.swift in Sources */ = {isa = PBXBuildFile; fileRef = 50F7EC5AD1D041527E4CB7AE /* WindowChromeViewTests.swift */; };
		48F07B2E3A80B9D431002E57 /* PaneContainerView.swift in Sources */ = {isa = PBXBuildFile; fileRef = 3870D523D8F0FCB79FE51ADF /* PaneContainerView.swift */; };
		4B3E95342B0C01FD11DBD4C3 /* PRArtifactResolver.swift in Sources */ = {isa = PBXBuildFile; fileRef = 85BB7BA16510777AA0B9BEA8 /* PRArtifactResolver.swift */; };
		4BFE69BEB6185BC3D19D88EC /* SidebarWorkspaceRowLayoutTests.swift in Sources */ = {isa = PBXBuildFile; fileRef = A409648F5BB3FE8F4B634B02 /* SidebarWorkspaceRowLayoutTests.swift */; };
		4D6EC1316FBA75B45DEAA321 /* SidebarWorkspaceRowLayout.swift in Sources */ = {isa = PBXBuildFile; fileRef = ACAC346B100365A5EF2E658C /* SidebarWorkspaceRowLayout.swift */; };
		4DC526EEE3231530CCA579D8 /* RootViewControllerHeaderIntegrationTests.swift in Sources */ = {isa = PBXBuildFile; fileRef = 29733893B08153CF68E63D13 /* RootViewControllerHeaderIntegrationTests.swift */; };
		54C6C0E71649CD45A7273324 /* TerminalAdapterRegistry.swift in Sources */ = {isa = PBXBuildFile; fileRef = A04D622D059F944A413FB9B4 /* TerminalAdapterRegistry.swift */; };
		581E3A1AB04E391540AC02F1 /* SidebarView.swift in Sources */ = {isa = PBXBuildFile; fileRef = 0D86A2473F58EC67BBFC4C7A /* SidebarView.swift */; };
		630788B02D31FB0E0FD83843 /* WorkspaceReviewStateResolver.swift in Sources */ = {isa = PBXBuildFile; fileRef = 7544C7B21941BA8753B02033 /* WorkspaceReviewStateResolver.swift */; };
		6407E321D23E068FFB2B995B /* PaneLayoutPreferences.swift in Sources */ = {isa = PBXBuildFile; fileRef = CC71C4EF3052C39DDD2F1F57 /* PaneLayoutPreferences.swift */; };
		68542C40B0F24B31DDB1E9A2 /* PaneLayoutSettingsWindowControllerTests.swift in Sources */ = {isa = PBXBuildFile; fileRef = 48F435FA119C97C5F497FBD9 /* PaneLayoutSettingsWindowControllerTests.swift */; };
		6D1FE5590C9482B094476836 /* LibghosttyRuntime.swift in Sources */ = {isa = PBXBuildFile; fileRef = 041FEB5F657A57B5668D9BFD /* LibghosttyRuntime.swift */; };
		8000FFBB2A9BB2606A89CD92 /* PaneLayoutSizing.swift in Sources */ = {isa = PBXBuildFile; fileRef = AF38754F46DCDAAF2D32B847 /* PaneLayoutSizing.swift */; };
		80151BBA3E6C4EBB099460AB /* TerminalPaneHostView.swift in Sources */ = {isa = PBXBuildFile; fileRef = 8F82AEDB8F3C8B3C5F014D8D /* TerminalPaneHostView.swift */; };
		801ECD25402540B6F022BC3F /* KeyboardShortcutResolver.swift in Sources */ = {isa = PBXBuildFile; fileRef = 2A94FD26FCD146425105D3FD /* KeyboardShortcutResolver.swift */; };
		80FA09F85DA44FE09E2F34F0 /* PaneLayoutSettingsWindowController.swift in Sources */ = {isa = PBXBuildFile; fileRef = 79D36E0FCD51FBD2A5F6A373 /* PaneLayoutSettingsWindowController.swift */; };
		84D6E5E335E3E3688E462E50 /* WorkspaceHeaderSummaryBuilder.swift in Sources */ = {isa = PBXBuildFile; fileRef = 18065CC38B9A9058E3A43CD0 /* WorkspaceHeaderSummaryBuilder.swift */; };
		87EA948CE9A1C6B7DF2A1FBD /* ZenttyTests.swift in Sources */ = {isa = PBXBuildFile; fileRef = 74CEBFAB725FA2FFBC3E014B /* ZenttyTests.swift */; };
		8D16DCB2D9A5CBFD25CBC5D1 /* LibghosttySurface.swift in Sources */ = {isa = PBXBuildFile; fileRef = 5EEF748059F59CD2590E1C2C /* LibghosttySurface.swift */; };
		8D1A5585A3CF45EE4DA9C137 /* WorkspaceSidebarSummaryTests.swift in Sources */ = {isa = PBXBuildFile; fileRef = 12844670AB726CAC597E74EE /* WorkspaceSidebarSummaryTests.swift */; };
		8F0F568491CA91D81FE0BE47 /* PaneStripStateTests.swift in Sources */ = {isa = PBXBuildFile; fileRef = 4DBA5050D2AB5F66D5F0B804 /* PaneStripStateTests.swift */; };
		9D7601CFA6D9A38A2C6B4E58 /* PaneStripView.swift in Sources */ = {isa = PBXBuildFile; fileRef = 51A592CFA32B2CA6FC7D24FB /* PaneStripView.swift */; };
		9EA5D9528480FB58049F84CB /* GhosttyThemeResolver.swift in Sources */ = {isa = PBXBuildFile; fileRef = 31EADA470DA34F159A40A96E /* GhosttyThemeResolver.swift */; };
		A03ECCAE74447138FF0E792C /* GhosttyThemeResolverTests.swift in Sources */ = {isa = PBXBuildFile; fileRef = 7B8463FF053AAF1280AF76B4 /* GhosttyThemeResolverTests.swift */; };
		A3BA15B5A0157C439C268E41 /* KeyboardShortcutResolverTests.swift in Sources */ = {isa = PBXBuildFile; fileRef = 1AE42248703776A7F3829B77 /* KeyboardShortcutResolverTests.swift */; };
		A9684C3ACA26BE7756C04436 /* RootViewController.swift in Sources */ = {isa = PBXBuildFile; fileRef = 7B93F46C5542A31805301C02 /* RootViewController.swift */; };
		ADDC80F33AD74B2D67F3A005 /* MainWindowControllerTests.swift in Sources */ = {isa = PBXBuildFile; fileRef = 7120EEE7A0C06BD8315283B9 /* MainWindowControllerTests.swift */; };
		AE15A3294DF80781A48DF69F /* TerminalMetadata.swift in Sources */ = {isa = PBXBuildFile; fileRef = 6D46D74C2BFDAC52C678BDB1 /* TerminalMetadata.swift */; };
		AFA0CB1E830B1464903655D6 /* MainWindowController.swift in Sources */ = {isa = PBXBuildFile; fileRef = DBAD1A9BF197EEA6E4F636D7 /* MainWindowController.swift */; };
		C01A739643B858C0F3A69C88 /* PaneStripMotionController.swift in Sources */ = {isa = PBXBuildFile; fileRef = FD6261C82AADF1EDAAA09BC9 /* PaneStripMotionController.swift */; };
		C32FB25FA2CDD536F75132F3 /* WorkspaceReviewStateProvider.swift in Sources */ = {isa = PBXBuildFile; fileRef = 58D1C573A9C9F58998DEF320 /* WorkspaceReviewStateProvider.swift */; };
		C36A64CD53CD17A65EAB53A1 /* WindowChromeRowLayoutPlannerTests.swift in Sources */ = {isa = PBXBuildFile; fileRef = 6D3685E71C217B8AF843DEE1 /* WindowChromeRowLayoutPlannerTests.swift */; };
		C384A9FA26C72AC1B662D7A4 /* AppDelegate.swift in Sources */ = {isa = PBXBuildFile; fileRef = A3CFC2B870895651B043DF45 /* AppDelegate.swift */; };
		C57BA14B09A04C00B5D71D33 /* AppTheme.swift in Sources */ = {isa = PBXBuildFile; fileRef = 33E9B2C75C5EF9392C6C7150 /* AppTheme.swift */; };
		C5B93AB63BA8FD549DF63C95 /* PaneStripStoreTests.swift in Sources */ = {isa = PBXBuildFile; fileRef = AE8E84FD25CC1033F027FE62 /* PaneStripStoreTests.swift */; };
		C81D9C7C653D365E64058A53 /* SidebarWidthPreference.swift in Sources */ = {isa = PBXBuildFile; fileRef = 1005C9DD652724E1953DE682 /* SidebarWidthPreference.swift */; };
		CC7E9AB74144ECDB9141C0ED /* PaneLayoutPreferencesTests.swift in Sources */ = {isa = PBXBuildFile; fileRef = 63FDB3182CFE57B0527E1335 /* PaneLayoutPreferencesTests.swift */; };
		D0BE5D387107963D7D279D4F /* PaneRuntimeRegistryTests.swift in Sources */ = {isa = PBXBuildFile; fileRef = E883B86FEB320305AC60018A /* PaneRuntimeRegistryTests.swift */; };
		D4143F461343C7B08DDF2A56 /* AgentStatusSupportTests.swift in Sources */ = {isa = PBXBuildFile; fileRef = 9FBF44DEE03410212D9FA626 /* AgentStatusSupportTests.swift */; };
		D58A19DD4038B6D8E127DA5D /* TerminalPaneHostViewTests.swift in Sources */ = {isa = PBXBuildFile; fileRef = FE8E85EADB93A2FE0E71BEA6 /* TerminalPaneHostViewTests.swift */; };
		D8EADC2142947F28F4872009 /* AgentStatus.swift in Sources */ = {isa = PBXBuildFile; fileRef = BA08055EB985B2018257F94F /* AgentStatus.swift */; };
		DC139F18052FBD8126678D7F /* TerminalAdapter.swift in Sources */ = {isa = PBXBuildFile; fileRef = AB7FF718B0E0C3314C57BFC5 /* TerminalAdapter.swift */; };
		EBD8B30A46636BC41AACF9CD /* RootViewCompositionTests.swift in Sources */ = {isa = PBXBuildFile; fileRef = FF4944514D465B85C6D9A3AC /* RootViewCompositionTests.swift */; };
		ED97F9FB42E05ECE3179E60D /* PaneStripState.swift in Sources */ = {isa = PBXBuildFile; fileRef = 3D36706DB3DF677FA13DC722 /* PaneStripState.swift */; };
		EDF799E6005B1597EEA1314D /* AppDelegateTests.swift in Sources */ = {isa = PBXBuildFile; fileRef = 63590216920018B71F1ACB7A /* AppDelegateTests.swift */; };
		F08AA3D868E2CB102E241960 /* LibghosttyAdapterTests.swift in Sources */ = {isa = PBXBuildFile; fileRef = EE2FF6BBFBD6D9C48DFD9100 /* LibghosttyAdapterTests.swift */; };
		F0FF1DAC11BDA07A28868FE4 /* TrackpadPanGestureDriver.swift in Sources */ = {isa = PBXBuildFile; fileRef = D25EF5AC625776DA85911237 /* TrackpadPanGestureDriver.swift */; };
		F169B8CA051F59CFC2E3E9EA /* PaneContainerViewTests.swift in Sources */ = {isa = PBXBuildFile; fileRef = 9D64582F940B037A6E30414C /* PaneContainerViewTests.swift */; };
		F33474EA4FEC1975F4FB4754 /* KeyboardShortcut.swift in Sources */ = {isa = PBXBuildFile; fileRef = B8D348923237491F345AB193 /* KeyboardShortcut.swift */; };
		F42E958471B9D597F85A3894 /* GhosttyKit.xcframework in Frameworks */ = {isa = PBXBuildFile; fileRef = 43EC896B9EA214B488CDCD09 /* GhosttyKit.xcframework */; };
		FB58D1E4E944C608740FCA48 /* WindowChromeRowLayoutPlanner.swift in Sources */ = {isa = PBXBuildFile; fileRef = E7FBE61EB4EABD3479BF0697 /* WindowChromeRowLayoutPlanner.swift */; };
		FE927A90AB3D0A3AE1AF2004 /* AppCanvasView.swift in Sources */ = {isa = PBXBuildFile; fileRef = 8085EEB54A83D5D7F7A68CAB /* AppCanvasView.swift */; };
		FFF5C4CF9EC103A80EAE3115 /* WindowChromeView.swift in Sources */ = {isa = PBXBuildFile; fileRef = AA85009CAB71FA50F1611E54 /* WindowChromeView.swift */; };
/* End PBXBuildFile section */

/* Begin PBXContainerItemProxy section */
		3052D0B64530701B3D43629A /* PBXContainerItemProxy */ = {
			isa = PBXContainerItemProxy;
			containerPortal = 7A0ED500B3C67C2B4985B5EE /* Project object */;
			proxyType = 1;
			remoteGlobalIDString = E6B2AAF72FA88E67CF89C62D;
			remoteInfo = Zentty;
		};
/* End PBXContainerItemProxy section */

/* Begin PBXFileReference section */
		041FEB5F657A57B5668D9BFD /* LibghosttyRuntime.swift */ = {isa = PBXFileReference; lastKnownFileType = sourcecode.swift; path = LibghosttyRuntime.swift; sourceTree = "<group>"; };
		0D86A2473F58EC67BBFC4C7A /* SidebarView.swift */ = {isa = PBXFileReference; lastKnownFileType = sourcecode.swift; path = SidebarView.swift; sourceTree = "<group>"; };
		1005C9DD652724E1953DE682 /* SidebarWidthPreference.swift */ = {isa = PBXFileReference; lastKnownFileType = sourcecode.swift; path = SidebarWidthPreference.swift; sourceTree = "<group>"; };
		10D5A07473DB76E4E3D2F00A /* PaneStripMotionControllerTests.swift */ = {isa = PBXFileReference; lastKnownFileType = sourcecode.swift; path = PaneStripMotionControllerTests.swift; sourceTree = "<group>"; };
		12844670AB726CAC597E74EE /* WorkspaceSidebarSummaryTests.swift */ = {isa = PBXFileReference; lastKnownFileType = sourcecode.swift; path = WorkspaceSidebarSummaryTests.swift; sourceTree = "<group>"; };
		16FEAF3CA4E96E1EB18692E8 /* ShellMetrics.swift */ = {isa = PBXFileReference; lastKnownFileType = sourcecode.swift; path = ShellMetrics.swift; sourceTree = "<group>"; };
		18065CC38B9A9058E3A43CD0 /* WorkspaceHeaderSummaryBuilder.swift */ = {isa = PBXFileReference; lastKnownFileType = sourcecode.swift; path = WorkspaceHeaderSummaryBuilder.swift; sourceTree = "<group>"; };
		1AE42248703776A7F3829B77 /* KeyboardShortcutResolverTests.swift */ = {isa = PBXFileReference; lastKnownFileType = sourcecode.swift; path = KeyboardShortcutResolverTests.swift; sourceTree = "<group>"; };
		240A88D261256B90FC1F6A3B /* PaneStripViewTests.swift */ = {isa = PBXFileReference; lastKnownFileType = sourcecode.swift; path = PaneStripViewTests.swift; sourceTree = "<group>"; };
		29733893B08153CF68E63D13 /* RootViewControllerHeaderIntegrationTests.swift */ = {isa = PBXFileReference; lastKnownFileType = sourcecode.swift; path = RootViewControllerHeaderIntegrationTests.swift; sourceTree = "<group>"; };
		29B537B7096E6A676CEDAA46 /* GlassSurfaceView.swift */ = {isa = PBXFileReference; lastKnownFileType = sourcecode.swift; path = GlassSurfaceView.swift; sourceTree = "<group>"; };
		2A94FD26FCD146425105D3FD /* KeyboardShortcutResolver.swift */ = {isa = PBXFileReference; lastKnownFileType = sourcecode.swift; path = KeyboardShortcutResolver.swift; sourceTree = "<group>"; };
		31EADA470DA34F159A40A96E /* GhosttyThemeResolver.swift */ = {isa = PBXFileReference; lastKnownFileType = sourcecode.swift; path = GhosttyThemeResolver.swift; sourceTree = "<group>"; };
		33E9B2C75C5EF9392C6C7150 /* AppTheme.swift */ = {isa = PBXFileReference; lastKnownFileType = sourcecode.swift; path = AppTheme.swift; sourceTree = "<group>"; };
		3870D523D8F0FCB79FE51ADF /* PaneContainerView.swift */ = {isa = PBXFileReference; lastKnownFileType = sourcecode.swift; path = PaneContainerView.swift; sourceTree = "<group>"; };
		3C182DB0CDDD3D09D97C1F4A /* WorkspaceSidebarSummary.swift */ = {isa = PBXFileReference; lastKnownFileType = sourcecode.swift; path = WorkspaceSidebarSummary.swift; sourceTree = "<group>"; };
		3D36706DB3DF677FA13DC722 /* PaneStripState.swift */ = {isa = PBXFileReference; lastKnownFileType = sourcecode.swift; path = PaneStripState.swift; sourceTree = "<group>"; };
		3ED48E560454EAF321704E19 /* ContentShellView.swift */ = {isa = PBXFileReference; lastKnownFileType = sourcecode.swift; path = ContentShellView.swift; sourceTree = "<group>"; };
		3F11AE4FC51E69C2249CC656 /* WorkspaceReviewStateResolverTests.swift */ = {isa = PBXFileReference; lastKnownFileType = sourcecode.swift; path = WorkspaceReviewStateResolverTests.swift; sourceTree = "<group>"; };
		43EC896B9EA214B488CDCD09 /* GhosttyKit.xcframework */ = {isa = PBXFileReference; lastKnownFileType = wrapper.xcframework; name = GhosttyKit.xcframework; path = FrameworksLocal/GhosttyKit.xcframework; sourceTree = "<group>"; };
		474B9A1AC6A427A707683CA3 /* PaneCommand.swift */ = {isa = PBXFileReference; lastKnownFileType = sourcecode.swift; path = PaneCommand.swift; sourceTree = "<group>"; };
		48F435FA119C97C5F497FBD9 /* PaneLayoutSettingsWindowControllerTests.swift */ = {isa = PBXFileReference; lastKnownFileType = sourcecode.swift; path = PaneLayoutSettingsWindowControllerTests.swift; sourceTree = "<group>"; };
		4AB3C0ACB087A96811645CE3 /* AppMenuBuilder.swift */ = {isa = PBXFileReference; lastKnownFileType = sourcecode.swift; path = AppMenuBuilder.swift; sourceTree = "<group>"; };
		4DBA5050D2AB5F66D5F0B804 /* PaneStripStateTests.swift */ = {isa = PBXFileReference; lastKnownFileType = sourcecode.swift; path = PaneStripStateTests.swift; sourceTree = "<group>"; };
		50D5CEB5E915AE3FBE158512 /* LibghosttyView.swift */ = {isa = PBXFileReference; lastKnownFileType = sourcecode.swift; path = LibghosttyView.swift; sourceTree = "<group>"; };
		50F7EC5AD1D041527E4CB7AE /* WindowChromeViewTests.swift */ = {isa = PBXFileReference; lastKnownFileType = sourcecode.swift; path = WindowChromeViewTests.swift; sourceTree = "<group>"; };
		51A592CFA32B2CA6FC7D24FB /* PaneStripView.swift */ = {isa = PBXFileReference; lastKnownFileType = sourcecode.swift; path = PaneStripView.swift; sourceTree = "<group>"; };
		58D1C573A9C9F58998DEF320 /* WorkspaceReviewStateProvider.swift */ = {isa = PBXFileReference; lastKnownFileType = sourcecode.swift; path = WorkspaceReviewStateProvider.swift; sourceTree = "<group>"; };
		5EEF748059F59CD2590E1C2C /* LibghosttySurface.swift */ = {isa = PBXFileReference; lastKnownFileType = sourcecode.swift; path = LibghosttySurface.swift; sourceTree = "<group>"; };
		63590216920018B71F1ACB7A /* AppDelegateTests.swift */ = {isa = PBXFileReference; lastKnownFileType = sourcecode.swift; path = AppDelegateTests.swift; sourceTree = "<group>"; };
		63FDB3182CFE57B0527E1335 /* PaneLayoutPreferencesTests.swift */ = {isa = PBXFileReference; lastKnownFileType = sourcecode.swift; path = PaneLayoutPreferencesTests.swift; sourceTree = "<group>"; };
		65B4C03D59ECCAD47807696D /* WorkspaceHeaderSummary.swift */ = {isa = PBXFileReference; lastKnownFileType = sourcecode.swift; path = WorkspaceHeaderSummary.swift; sourceTree = "<group>"; };
		6BC138BE273ED92291124633 /* main.swift */ = {isa = PBXFileReference; lastKnownFileType = sourcecode.swift; path = main.swift; sourceTree = "<group>"; };
		6D3685E71C217B8AF843DEE1 /* WindowChromeRowLayoutPlannerTests.swift */ = {isa = PBXFileReference; lastKnownFileType = sourcecode.swift; path = WindowChromeRowLayoutPlannerTests.swift; sourceTree = "<group>"; };
		6D46D74C2BFDAC52C678BDB1 /* TerminalMetadata.swift */ = {isa = PBXFileReference; lastKnownFileType = sourcecode.swift; path = TerminalMetadata.swift; sourceTree = "<group>"; };
		70234FD008E68026E8248FF5 /* AppIcon.icon */ = {isa = PBXFileReference; lastKnownFileType = wrapper.icon; path = AppIcon.icon; sourceTree = "<group>"; };
		7120EEE7A0C06BD8315283B9 /* MainWindowControllerTests.swift */ = {isa = PBXFileReference; lastKnownFileType = sourcecode.swift; path = MainWindowControllerTests.swift; sourceTree = "<group>"; };
		74CEBFAB725FA2FFBC3E014B /* ZenttyTests.swift */ = {isa = PBXFileReference; lastKnownFileType = sourcecode.swift; path = ZenttyTests.swift; sourceTree = "<group>"; };
		7544C7B21941BA8753B02033 /* WorkspaceReviewStateResolver.swift */ = {isa = PBXFileReference; lastKnownFileType = sourcecode.swift; path = WorkspaceReviewStateResolver.swift; sourceTree = "<group>"; };
		765B5594B1CFDD53C4A7C00B /* MockTerminalAdapter.swift */ = {isa = PBXFileReference; lastKnownFileType = sourcecode.swift; path = MockTerminalAdapter.swift; sourceTree = "<group>"; };
		79D36E0FCD51FBD2A5F6A373 /* PaneLayoutSettingsWindowController.swift */ = {isa = PBXFileReference; lastKnownFileType = sourcecode.swift; path = PaneLayoutSettingsWindowController.swift; sourceTree = "<group>"; };
		7B8463FF053AAF1280AF76B4 /* GhosttyThemeResolverTests.swift */ = {isa = PBXFileReference; lastKnownFileType = sourcecode.swift; path = GhosttyThemeResolverTests.swift; sourceTree = "<group>"; };
		7B93F46C5542A31805301C02 /* RootViewController.swift */ = {isa = PBXFileReference; lastKnownFileType = sourcecode.swift; path = RootViewController.swift; sourceTree = "<group>"; };
		7DDF1EF89E46D6EEECB8A320 /* LibghosttyAdapter.swift */ = {isa = PBXFileReference; lastKnownFileType = sourcecode.swift; path = LibghosttyAdapter.swift; sourceTree = "<group>"; };
		8085EEB54A83D5D7F7A68CAB /* AppCanvasView.swift */ = {isa = PBXFileReference; lastKnownFileType = sourcecode.swift; path = AppCanvasView.swift; sourceTree = "<group>"; };
		85BB7BA16510777AA0B9BEA8 /* PRArtifactResolver.swift */ = {isa = PBXFileReference; lastKnownFileType = sourcecode.swift; path = PRArtifactResolver.swift; sourceTree = "<group>"; };
		8ABDA8C56453182E6638FFD4 /* AgentStatusSupport.swift */ = {isa = PBXFileReference; lastKnownFileType = sourcecode.swift; path = AgentStatusSupport.swift; sourceTree = "<group>"; };
		8DEEB96E79CCE6DC7CB29BFD /* PaneStripStore.swift */ = {isa = PBXFileReference; lastKnownFileType = sourcecode.swift; path = PaneStripStore.swift; sourceTree = "<group>"; };
		8F82AEDB8F3C8B3C5F014D8D /* TerminalPaneHostView.swift */ = {isa = PBXFileReference; lastKnownFileType = sourcecode.swift; path = TerminalPaneHostView.swift; sourceTree = "<group>"; };
		9821F072C81511C059DB5551 /* WorkspaceHeaderSummaryBuilderTests.swift */ = {isa = PBXFileReference; lastKnownFileType = sourcecode.swift; path = WorkspaceHeaderSummaryBuilderTests.swift; sourceTree = "<group>"; };
		9D64582F940B037A6E30414C /* PaneContainerViewTests.swift */ = {isa = PBXFileReference; lastKnownFileType = sourcecode.swift; path = PaneContainerViewTests.swift; sourceTree = "<group>"; };
		9FBF44DEE03410212D9FA626 /* AgentStatusSupportTests.swift */ = {isa = PBXFileReference; lastKnownFileType = sourcecode.swift; path = AgentStatusSupportTests.swift; sourceTree = "<group>"; };
		A04D622D059F944A413FB9B4 /* TerminalAdapterRegistry.swift */ = {isa = PBXFileReference; lastKnownFileType = sourcecode.swift; path = TerminalAdapterRegistry.swift; sourceTree = "<group>"; };
		A3CFC2B870895651B043DF45 /* AppDelegate.swift */ = {isa = PBXFileReference; lastKnownFileType = sourcecode.swift; path = AppDelegate.swift; sourceTree = "<group>"; };
		A409648F5BB3FE8F4B634B02 /* SidebarWorkspaceRowLayoutTests.swift */ = {isa = PBXFileReference; lastKnownFileType = sourcecode.swift; path = SidebarWorkspaceRowLayoutTests.swift; sourceTree = "<group>"; };
		AA85009CAB71FA50F1611E54 /* WindowChromeView.swift */ = {isa = PBXFileReference; lastKnownFileType = sourcecode.swift; path = WindowChromeView.swift; sourceTree = "<group>"; };
		AB7FF718B0E0C3314C57BFC5 /* TerminalAdapter.swift */ = {isa = PBXFileReference; lastKnownFileType = sourcecode.swift; path = TerminalAdapter.swift; sourceTree = "<group>"; };
		ACAC346B100365A5EF2E658C /* SidebarWorkspaceRowLayout.swift */ = {isa = PBXFileReference; lastKnownFileType = sourcecode.swift; path = SidebarWorkspaceRowLayout.swift; sourceTree = "<group>"; };
		AE8E84FD25CC1033F027FE62 /* PaneStripStoreTests.swift */ = {isa = PBXFileReference; lastKnownFileType = sourcecode.swift; path = PaneStripStoreTests.swift; sourceTree = "<group>"; };
		AF38754F46DCDAAF2D32B847 /* PaneLayoutSizing.swift */ = {isa = PBXFileReference; lastKnownFileType = sourcecode.swift; path = PaneLayoutSizing.swift; sourceTree = "<group>"; };
		B530C90C0E34C9180D7FA019 /* Info.plist */ = {isa = PBXFileReference; lastKnownFileType = text.plist; path = Info.plist; sourceTree = "<group>"; };
		B8D348923237491F345AB193 /* KeyboardShortcut.swift */ = {isa = PBXFileReference; lastKnownFileType = sourcecode.swift; path = KeyboardShortcut.swift; sourceTree = "<group>"; };
		BA08055EB985B2018257F94F /* AgentStatus.swift */ = {isa = PBXFileReference; lastKnownFileType = sourcecode.swift; path = AgentStatus.swift; sourceTree = "<group>"; };
		BC63FD2674437F1139255B3E /* ContextStripView.swift */ = {isa = PBXFileReference; lastKnownFileType = sourcecode.swift; path = ContextStripView.swift; sourceTree = "<group>"; };
		C6DBDFE63A76B3FA8FE9ABF9 /* LibghosttyViewTests.swift */ = {isa = PBXFileReference; lastKnownFileType = sourcecode.swift; path = LibghosttyViewTests.swift; sourceTree = "<group>"; };
		CBF4079FD49C87B216061EB3 /* Info.plist */ = {isa = PBXFileReference; lastKnownFileType = text.plist; path = Info.plist; sourceTree = "<group>"; };
		CC71C4EF3052C39DDD2F1F57 /* PaneLayoutPreferences.swift */ = {isa = PBXFileReference; lastKnownFileType = sourcecode.swift; path = PaneLayoutPreferences.swift; sourceTree = "<group>"; };
		D25EF5AC625776DA85911237 /* TrackpadPanGestureDriver.swift */ = {isa = PBXFileReference; lastKnownFileType = sourcecode.swift; path = TrackpadPanGestureDriver.swift; sourceTree = "<group>"; };
		DBAD1A9BF197EEA6E4F636D7 /* MainWindowController.swift */ = {isa = PBXFileReference; lastKnownFileType = sourcecode.swift; path = MainWindowController.swift; sourceTree = "<group>"; };
		E5BDEE21BACB5E0E7AB95AE0 /* ZenttyTests.xctest */ = {isa = PBXFileReference; explicitFileType = wrapper.cfbundle; includeInIndex = 0; path = ZenttyTests.xctest; sourceTree = BUILT_PRODUCTS_DIR; };
		E7FBE61EB4EABD3479BF0697 /* WindowChromeRowLayoutPlanner.swift */ = {isa = PBXFileReference; lastKnownFileType = sourcecode.swift; path = WindowChromeRowLayoutPlanner.swift; sourceTree = "<group>"; };
		E883B86FEB320305AC60018A /* PaneRuntimeRegistryTests.swift */ = {isa = PBXFileReference; lastKnownFileType = sourcecode.swift; path = PaneRuntimeRegistryTests.swift; sourceTree = "<group>"; };
		ECD488C69FD7A9E781CC054A /* WorkspaceAttentionChipView.swift */ = {isa = PBXFileReference; lastKnownFileType = sourcecode.swift; path = WorkspaceAttentionChipView.swift; sourceTree = "<group>"; };
		EE2FF6BBFBD6D9C48DFD9100 /* LibghosttyAdapterTests.swift */ = {isa = PBXFileReference; lastKnownFileType = sourcecode.swift; path = LibghosttyAdapterTests.swift; sourceTree = "<group>"; };
		EE4A79EE9DA488020E7D0C71 /* Zentty.app */ = {isa = PBXFileReference; explicitFileType = wrapper.application; includeInIndex = 0; path = Zentty.app; sourceTree = BUILT_PRODUCTS_DIR; };
		FD6261C82AADF1EDAAA09BC9 /* PaneStripMotionController.swift */ = {isa = PBXFileReference; lastKnownFileType = sourcecode.swift; path = PaneStripMotionController.swift; sourceTree = "<group>"; };
		FE8E85EADB93A2FE0E71BEA6 /* TerminalPaneHostViewTests.swift */ = {isa = PBXFileReference; lastKnownFileType = sourcecode.swift; path = TerminalPaneHostViewTests.swift; sourceTree = "<group>"; };
		FF4944514D465B85C6D9A3AC /* RootViewCompositionTests.swift */ = {isa = PBXFileReference; lastKnownFileType = sourcecode.swift; path = RootViewCompositionTests.swift; sourceTree = "<group>"; };
/* End PBXFileReference section */

/* Begin PBXFrameworksBuildPhase section */
		B46D17EAF081F8777D360637 /* Frameworks */ = {
			isa = PBXFrameworksBuildPhase;
			buildActionMask = 2147483647;
			files = (
				F42E958471B9D597F85A3894 /* GhosttyKit.xcframework in Frameworks */,
			);
			runOnlyForDeploymentPostprocessing = 0;
		};
/* End PBXFrameworksBuildPhase section */

/* Begin PBXGroup section */
		04023D829C9908BD3E618816 /* Frameworks */ = {
			isa = PBXGroup;
			children = (
				43EC896B9EA214B488CDCD09 /* GhosttyKit.xcframework */,
			);
			name = Frameworks;
			sourceTree = "<group>";
		};
		1C0506CDB868054B09C5CA8D /* AppState */ = {
			isa = PBXGroup;
			children = (
				BA08055EB985B2018257F94F /* AgentStatus.swift */,
				8DEEB96E79CCE6DC7CB29BFD /* PaneStripStore.swift */,
				85BB7BA16510777AA0B9BEA8 /* PRArtifactResolver.swift */,
				65B4C03D59ECCAD47807696D /* WorkspaceHeaderSummary.swift */,
				18065CC38B9A9058E3A43CD0 /* WorkspaceHeaderSummaryBuilder.swift */,
				58D1C573A9C9F58998DEF320 /* WorkspaceReviewStateProvider.swift */,
				7544C7B21941BA8753B02033 /* WorkspaceReviewStateResolver.swift */,
			);
			path = AppState;
			sourceTree = "<group>";
		};
		3113646FB0F299F70B834339 /* Zentty */ = {
			isa = PBXGroup;
			children = (
				8ABDA8C56453182E6638FFD4 /* AgentStatusSupport.swift */,
				A3CFC2B870895651B043DF45 /* AppDelegate.swift */,
				70234FD008E68026E8248FF5 /* AppIcon.icon */,
				4AB3C0ACB087A96811645CE3 /* AppMenuBuilder.swift */,
				B530C90C0E34C9180D7FA019 /* Info.plist */,
				6BC138BE273ED92291124633 /* main.swift */,
				DBAD1A9BF197EEA6E4F636D7 /* MainWindowController.swift */,
				1C0506CDB868054B09C5CA8D /* AppState */,
				86D8A35364B8935BD9D2D219 /* Input */,
				7F1FD0AFD7DC8203464D5523 /* Layout */,
				E839246BBEECA8F611076C8E /* Motion */,
				C6E32875C15556A3A4C2AF9D /* Terminal */,
				DF5F1230FC57111D71EAF9A9 /* UI */,
			);
			path = Zentty;
			sourceTree = "<group>";
		};
		37CB5D1993A4151C254A16D2 = {
			isa = PBXGroup;
			children = (
				3113646FB0F299F70B834339 /* Zentty */,
				928C5204454C83A419DEEAFF /* ZenttyTests */,
				04023D829C9908BD3E618816 /* Frameworks */,
				77D242A536F1FD4B6EE328F9 /* Products */,
			);
			sourceTree = "<group>";
		};
		77D242A536F1FD4B6EE328F9 /* Products */ = {
			isa = PBXGroup;
			children = (
				EE4A79EE9DA488020E7D0C71 /* Zentty.app */,
				E5BDEE21BACB5E0E7AB95AE0 /* ZenttyTests.xctest */,
			);
			name = Products;
			sourceTree = "<group>";
		};
		7F1FD0AFD7DC8203464D5523 /* Layout */ = {
			isa = PBXGroup;
			children = (
				CC71C4EF3052C39DDD2F1F57 /* PaneLayoutPreferences.swift */,
				AF38754F46DCDAAF2D32B847 /* PaneLayoutSizing.swift */,
				3D36706DB3DF677FA13DC722 /* PaneStripState.swift */,
			);
			path = Layout;
			sourceTree = "<group>";
		};
		86D8A35364B8935BD9D2D219 /* Input */ = {
			isa = PBXGroup;
			children = (
				B8D348923237491F345AB193 /* KeyboardShortcut.swift */,
				2A94FD26FCD146425105D3FD /* KeyboardShortcutResolver.swift */,
				474B9A1AC6A427A707683CA3 /* PaneCommand.swift */,
			);
			path = Input;
			sourceTree = "<group>";
		};
		928C5204454C83A419DEEAFF /* ZenttyTests */ = {
			isa = PBXGroup;
			children = (
				9FBF44DEE03410212D9FA626 /* AgentStatusSupportTests.swift */,
				63590216920018B71F1ACB7A /* AppDelegateTests.swift */,
				7B8463FF053AAF1280AF76B4 /* GhosttyThemeResolverTests.swift */,
				CBF4079FD49C87B216061EB3 /* Info.plist */,
				1AE42248703776A7F3829B77 /* KeyboardShortcutResolverTests.swift */,
				EE2FF6BBFBD6D9C48DFD9100 /* LibghosttyAdapterTests.swift */,
				C6DBDFE63A76B3FA8FE9ABF9 /* LibghosttyViewTests.swift */,
				7120EEE7A0C06BD8315283B9 /* MainWindowControllerTests.swift */,
				9D64582F940B037A6E30414C /* PaneContainerViewTests.swift */,
				63FDB3182CFE57B0527E1335 /* PaneLayoutPreferencesTests.swift */,
				48F435FA119C97C5F497FBD9 /* PaneLayoutSettingsWindowControllerTests.swift */,
				E883B86FEB320305AC60018A /* PaneRuntimeRegistryTests.swift */,
				10D5A07473DB76E4E3D2F00A /* PaneStripMotionControllerTests.swift */,
				4DBA5050D2AB5F66D5F0B804 /* PaneStripStateTests.swift */,
				AE8E84FD25CC1033F027FE62 /* PaneStripStoreTests.swift */,
				240A88D261256B90FC1F6A3B /* PaneStripViewTests.swift */,
				FF4944514D465B85C6D9A3AC /* RootViewCompositionTests.swift */,
				29733893B08153CF68E63D13 /* RootViewControllerHeaderIntegrationTests.swift */,
				A409648F5BB3FE8F4B634B02 /* SidebarWorkspaceRowLayoutTests.swift */,
				FE8E85EADB93A2FE0E71BEA6 /* TerminalPaneHostViewTests.swift */,
				6D3685E71C217B8AF843DEE1 /* WindowChromeRowLayoutPlannerTests.swift */,
				50F7EC5AD1D041527E4CB7AE /* WindowChromeViewTests.swift */,
				9821F072C81511C059DB5551 /* WorkspaceHeaderSummaryBuilderTests.swift */,
				3F11AE4FC51E69C2249CC656 /* WorkspaceReviewStateResolverTests.swift */,
				12844670AB726CAC597E74EE /* WorkspaceSidebarSummaryTests.swift */,
				74CEBFAB725FA2FFBC3E014B /* ZenttyTests.swift */,
			);
			path = ZenttyTests;
			sourceTree = "<group>";
		};
		C6E32875C15556A3A4C2AF9D /* Terminal */ = {
			isa = PBXGroup;
			children = (
				7DDF1EF89E46D6EEECB8A320 /* LibghosttyAdapter.swift */,
				041FEB5F657A57B5668D9BFD /* LibghosttyRuntime.swift */,
				5EEF748059F59CD2590E1C2C /* LibghosttySurface.swift */,
				50D5CEB5E915AE3FBE158512 /* LibghosttyView.swift */,
				765B5594B1CFDD53C4A7C00B /* MockTerminalAdapter.swift */,
				AB7FF718B0E0C3314C57BFC5 /* TerminalAdapter.swift */,
				A04D622D059F944A413FB9B4 /* TerminalAdapterRegistry.swift */,
				6D46D74C2BFDAC52C678BDB1 /* TerminalMetadata.swift */,
				8F82AEDB8F3C8B3C5F014D8D /* TerminalPaneHostView.swift */,
			);
			path = Terminal;
			sourceTree = "<group>";
		};
		DF5F1230FC57111D71EAF9A9 /* UI */ = {
			isa = PBXGroup;
			children = (
				8085EEB54A83D5D7F7A68CAB /* AppCanvasView.swift */,
				33E9B2C75C5EF9392C6C7150 /* AppTheme.swift */,
				3ED48E560454EAF321704E19 /* ContentShellView.swift */,
				BC63FD2674437F1139255B3E /* ContextStripView.swift */,
				31EADA470DA34F159A40A96E /* GhosttyThemeResolver.swift */,
				29B537B7096E6A676CEDAA46 /* GlassSurfaceView.swift */,
				3870D523D8F0FCB79FE51ADF /* PaneContainerView.swift */,
				79D36E0FCD51FBD2A5F6A373 /* PaneLayoutSettingsWindowController.swift */,
				51A592CFA32B2CA6FC7D24FB /* PaneStripView.swift */,
				7B93F46C5542A31805301C02 /* RootViewController.swift */,
				16FEAF3CA4E96E1EB18692E8 /* ShellMetrics.swift */,
				0D86A2473F58EC67BBFC4C7A /* SidebarView.swift */,
				1005C9DD652724E1953DE682 /* SidebarWidthPreference.swift */,
				ACAC346B100365A5EF2E658C /* SidebarWorkspaceRowLayout.swift */,
				E7FBE61EB4EABD3479BF0697 /* WindowChromeRowLayoutPlanner.swift */,
				AA85009CAB71FA50F1611E54 /* WindowChromeView.swift */,
				ECD488C69FD7A9E781CC054A /* WorkspaceAttentionChipView.swift */,
				3C182DB0CDDD3D09D97C1F4A /* WorkspaceSidebarSummary.swift */,
			);
			path = UI;
			sourceTree = "<group>";
		};
		E839246BBEECA8F611076C8E /* Motion */ = {
			isa = PBXGroup;
			children = (
				FD6261C82AADF1EDAAA09BC9 /* PaneStripMotionController.swift */,
				D25EF5AC625776DA85911237 /* TrackpadPanGestureDriver.swift */,
			);
			path = Motion;
			sourceTree = "<group>";
		};
/* End PBXGroup section */

/* Begin PBXNativeTarget section */
		1DF8F62E1BE7CCB86231ED30 /* ZenttyTests */ = {
			isa = PBXNativeTarget;
			buildConfigurationList = 4FCFCF2564A6DA103A27CCEE /* Build configuration list for PBXNativeTarget "ZenttyTests" */;
			buildPhases = (
				B9EEEBFA0C651DF53E2B0A3C /* Sources */,
			);
			buildRules = (
			);
			dependencies = (
				2D4FCC98FF4C309C0E7AEFA5 /* PBXTargetDependency */,
			);
			name = ZenttyTests;
			packageProductDependencies = (
			);
			productName = ZenttyTests;
			productReference = E5BDEE21BACB5E0E7AB95AE0 /* ZenttyTests.xctest */;
			productType = "com.apple.product-type.bundle.unit-test";
		};
		E6B2AAF72FA88E67CF89C62D /* Zentty */ = {
			isa = PBXNativeTarget;
			buildConfigurationList = 8CF3F2B2CC3B4077397556BF /* Build configuration list for PBXNativeTarget "Zentty" */;
			buildPhases = (
				C7055FCE2E5119172F74E931 /* Verify GhosttyKit */,
				7F3DAA66194F5E5435D20992 /* Sources */,
				D401D02C9BD017D68D6BABAC /* Resources */,
				B46D17EAF081F8777D360637 /* Frameworks */,
			);
			buildRules = (
			);
			dependencies = (
			);
			name = Zentty;
			packageProductDependencies = (
			);
			productName = Zentty;
			productReference = EE4A79EE9DA488020E7D0C71 /* Zentty.app */;
			productType = "com.apple.product-type.application";
		};
/* End PBXNativeTarget section */

/* Begin PBXProject section */
		7A0ED500B3C67C2B4985B5EE /* Project object */ = {
			isa = PBXProject;
			attributes = {
				BuildIndependentTargetsInParallel = YES;
				LastUpgradeCheck = 1430;
				TargetAttributes = {
					1DF8F62E1BE7CCB86231ED30 = {
						ProvisioningStyle = Automatic;
					};
					E6B2AAF72FA88E67CF89C62D = {
						ProvisioningStyle = Automatic;
					};
				};
			};
			buildConfigurationList = 41E011D77BB2E01F52BCA543 /* Build configuration list for PBXProject "Zentty" */;
			developmentRegion = en;
			hasScannedForEncodings = 0;
			knownRegions = (
				Base,
				en,
			);
			mainGroup = 37CB5D1993A4151C254A16D2;
			minimizedProjectReferenceProxies = 1;
			preferredProjectObjectVersion = 77;
			productRefGroup = 77D242A536F1FD4B6EE328F9 /* Products */;
			projectDirPath = "";
			projectRoot = "";
			targets = (
				E6B2AAF72FA88E67CF89C62D /* Zentty */,
				1DF8F62E1BE7CCB86231ED30 /* ZenttyTests */,
			);
		};
/* End PBXProject section */

/* Begin PBXResourcesBuildPhase section */
		D401D02C9BD017D68D6BABAC /* Resources */ = {
			isa = PBXResourcesBuildPhase;
			buildActionMask = 2147483647;
			files = (
				039A651343EA7A91CA374AB3 /* AppIcon.icon in Resources */,
			);
			runOnlyForDeploymentPostprocessing = 0;
		};
/* End PBXResourcesBuildPhase section */

/* Begin PBXShellScriptBuildPhase section */
		C7055FCE2E5119172F74E931 /* Verify GhosttyKit */ = {
			isa = PBXShellScriptBuildPhase;
			alwaysOutOfDate = 1;
			buildActionMask = 2147483647;
			files = (
			);
			inputFileListPaths = (
			);
			inputPaths = (
			);
			name = "Verify GhosttyKit";
			outputFileListPaths = (
			);
			outputPaths = (
			);
			runOnlyForDeploymentPostprocessing = 0;
			shellPath = /bin/sh;
			shellScript = "FRAMEWORK_PATH=\"${PROJECT_DIR}/FrameworksLocal/GhosttyKit.xcframework\"\nif [ ! -d \"$FRAMEWORK_PATH\" ]; then\n  echo \"error: GhosttyKit.xcframework not found. Run scripts/build_ghosttykit.sh first.\"\n  exit 1\nfi\n";
		};
/* End PBXShellScriptBuildPhase section */

/* Begin PBXSourcesBuildPhase section */
		7F3DAA66194F5E5435D20992 /* Sources */ = {
			isa = PBXSourcesBuildPhase;
			buildActionMask = 2147483647;
			files = (
				D8EADC2142947F28F4872009 /* AgentStatus.swift in Sources */,
				44921AA881A26644F02859E6 /* AgentStatusSupport.swift in Sources */,
				FE927A90AB3D0A3AE1AF2004 /* AppCanvasView.swift in Sources */,
				C384A9FA26C72AC1B662D7A4 /* AppDelegate.swift in Sources */,
				38DB18B3D68AD8CDA8D85C4E /* AppMenuBuilder.swift in Sources */,
				C57BA14B09A04C00B5D71D33 /* AppTheme.swift in Sources */,
				34F2FE817C6D4D0D8293DBE8 /* ContentShellView.swift in Sources */,
				1383C76F463DAE3D42A4C7FC /* ContextStripView.swift in Sources */,
				9EA5D9528480FB58049F84CB /* GhosttyThemeResolver.swift in Sources */,
				483A7641E717B984A257692C /* GlassSurfaceView.swift in Sources */,
				F33474EA4FEC1975F4FB4754 /* KeyboardShortcut.swift in Sources */,
				801ECD25402540B6F022BC3F /* KeyboardShortcutResolver.swift in Sources */,
				064942C21BFD943CB5C8D46F /* LibghosttyAdapter.swift in Sources */,
				6D1FE5590C9482B094476836 /* LibghosttyRuntime.swift in Sources */,
				8D16DCB2D9A5CBFD25CBC5D1 /* LibghosttySurface.swift in Sources */,
				1139F5A8823B615631F1616C /* LibghosttyView.swift in Sources */,
				AFA0CB1E830B1464903655D6 /* MainWindowController.swift in Sources */,
				196932893F690C070D526631 /* MockTerminalAdapter.swift in Sources */,
				4B3E95342B0C01FD11DBD4C3 /* PRArtifactResolver.swift in Sources */,
				4777880E60AB7C29B7CD2E12 /* PaneCommand.swift in Sources */,
				48F07B2E3A80B9D431002E57 /* PaneContainerView.swift in Sources */,
				6407E321D23E068FFB2B995B /* PaneLayoutPreferences.swift in Sources */,
				80FA09F85DA44FE09E2F34F0 /* PaneLayoutSettingsWindowController.swift in Sources */,
				8000FFBB2A9BB2606A89CD92 /* PaneLayoutSizing.swift in Sources */,
				C01A739643B858C0F3A69C88 /* PaneStripMotionController.swift in Sources */,
				ED97F9FB42E05ECE3179E60D /* PaneStripState.swift in Sources */,
				1E9155B18597D48510ACEDD8 /* PaneStripStore.swift in Sources */,
				9D7601CFA6D9A38A2C6B4E58 /* PaneStripView.swift in Sources */,
				A9684C3ACA26BE7756C04436 /* RootViewController.swift in Sources */,
				17245348FB36801D95C10395 /* ShellMetrics.swift in Sources */,
				581E3A1AB04E391540AC02F1 /* SidebarView.swift in Sources */,
				C81D9C7C653D365E64058A53 /* SidebarWidthPreference.swift in Sources */,
				4D6EC1316FBA75B45DEAA321 /* SidebarWorkspaceRowLayout.swift in Sources */,
				DC139F18052FBD8126678D7F /* TerminalAdapter.swift in Sources */,
				54C6C0E71649CD45A7273324 /* TerminalAdapterRegistry.swift in Sources */,
				AE15A3294DF80781A48DF69F /* TerminalMetadata.swift in Sources */,
				80151BBA3E6C4EBB099460AB /* TerminalPaneHostView.swift in Sources */,
				F0FF1DAC11BDA07A28868FE4 /* TrackpadPanGestureDriver.swift in Sources */,
				FB58D1E4E944C608740FCA48 /* WindowChromeRowLayoutPlanner.swift in Sources */,
				FFF5C4CF9EC103A80EAE3115 /* WindowChromeView.swift in Sources */,
				34824DD252B0DF07666D2CE3 /* WorkspaceAttentionChipView.swift in Sources */,
				329CFE325B0730BE010AF0BE /* WorkspaceHeaderSummary.swift in Sources */,
				84D6E5E335E3E3688E462E50 /* WorkspaceHeaderSummaryBuilder.swift in Sources */,
				C32FB25FA2CDD536F75132F3 /* WorkspaceReviewStateProvider.swift in Sources */,
				630788B02D31FB0E0FD83843 /* WorkspaceReviewStateResolver.swift in Sources */,
				31D1238F2694FD7391C5647F /* WorkspaceSidebarSummary.swift in Sources */,
				1F8E1A9AF4D6D24D2C324242 /* main.swift in Sources */,
			);
			runOnlyForDeploymentPostprocessing = 0;
		};
		B9EEEBFA0C651DF53E2B0A3C /* Sources */ = {
			isa = PBXSourcesBuildPhase;
			buildActionMask = 2147483647;
			files = (
				D4143F461343C7B08DDF2A56 /* AgentStatusSupportTests.swift in Sources */,
				EDF799E6005B1597EEA1314D /* AppDelegateTests.swift in Sources */,
				A03ECCAE74447138FF0E792C /* GhosttyThemeResolverTests.swift in Sources */,
				A3BA15B5A0157C439C268E41 /* KeyboardShortcutResolverTests.swift in Sources */,
				F08AA3D868E2CB102E241960 /* LibghosttyAdapterTests.swift in Sources */,
				260155FD237874A9F873EFC4 /* LibghosttyViewTests.swift in Sources */,
				ADDC80F33AD74B2D67F3A005 /* MainWindowControllerTests.swift in Sources */,
				F169B8CA051F59CFC2E3E9EA /* PaneContainerViewTests.swift in Sources */,
				CC7E9AB74144ECDB9141C0ED /* PaneLayoutPreferencesTests.swift in Sources */,
				68542C40B0F24B31DDB1E9A2 /* PaneLayoutSettingsWindowControllerTests.swift in Sources */,
				D0BE5D387107963D7D279D4F /* PaneRuntimeRegistryTests.swift in Sources */,
				0D602ED83CC15D651D2BB819 /* PaneStripMotionControllerTests.swift in Sources */,
				8F0F568491CA91D81FE0BE47 /* PaneStripStateTests.swift in Sources */,
				C5B93AB63BA8FD549DF63C95 /* PaneStripStoreTests.swift in Sources */,
				40C4AE98F3A0F59860FE314D /* PaneStripViewTests.swift in Sources */,
				EBD8B30A46636BC41AACF9CD /* RootViewCompositionTests.swift in Sources */,
				4DC526EEE3231530CCA579D8 /* RootViewControllerHeaderIntegrationTests.swift in Sources */,
				4BFE69BEB6185BC3D19D88EC /* SidebarWorkspaceRowLayoutTests.swift in Sources */,
				D58A19DD4038B6D8E127DA5D /* TerminalPaneHostViewTests.swift in Sources */,
				C36A64CD53CD17A65EAB53A1 /* WindowChromeRowLayoutPlannerTests.swift in Sources */,
				483C6244F3CD18CC74CDE7C4 /* WindowChromeViewTests.swift in Sources */,
				20FCC81AB1963BDACF462CC9 /* WorkspaceHeaderSummaryBuilderTests.swift in Sources */,
				461A96CD2D21A685C13ADC2C /* WorkspaceReviewStateResolverTests.swift in Sources */,
				8D1A5585A3CF45EE4DA9C137 /* WorkspaceSidebarSummaryTests.swift in Sources */,
				87EA948CE9A1C6B7DF2A1FBD /* ZenttyTests.swift in Sources */,
			);
			runOnlyForDeploymentPostprocessing = 0;
		};
/* End PBXSourcesBuildPhase section */

/* Begin PBXTargetDependency section */
		2D4FCC98FF4C309C0E7AEFA5 /* PBXTargetDependency */ = {
			isa = PBXTargetDependency;
			target = E6B2AAF72FA88E67CF89C62D /* Zentty */;
			targetProxy = 3052D0B64530701B3D43629A /* PBXContainerItemProxy */;
		};
/* End PBXTargetDependency section */

/* Begin XCBuildConfiguration section */
		1C63BF5BC76D67B67A1A72EF /* Debug */ = {
			isa = XCBuildConfiguration;
			buildSettings = {
				ALWAYS_SEARCH_USER_PATHS = NO;
				CLANG_ANALYZER_NONNULL = YES;
				CLANG_ANALYZER_NUMBER_OBJECT_CONVERSION = YES_AGGRESSIVE;
				CLANG_CXX_LANGUAGE_STANDARD = "gnu++14";
				CLANG_CXX_LIBRARY = "libc++";
				CLANG_ENABLE_MODULES = YES;
				CLANG_ENABLE_OBJC_ARC = YES;
				CLANG_ENABLE_OBJC_WEAK = YES;
				CLANG_WARN_BLOCK_CAPTURE_AUTORELEASING = YES;
				CLANG_WARN_BOOL_CONVERSION = YES;
				CLANG_WARN_COMMA = YES;
				CLANG_WARN_CONSTANT_CONVERSION = YES;
				CLANG_WARN_DEPRECATED_OBJC_IMPLEMENTATIONS = YES;
				CLANG_WARN_DIRECT_OBJC_ISA_USAGE = YES_ERROR;
				CLANG_WARN_DOCUMENTATION_COMMENTS = YES;
				CLANG_WARN_EMPTY_BODY = YES;
				CLANG_WARN_ENUM_CONVERSION = YES;
				CLANG_WARN_INFINITE_RECURSION = YES;
				CLANG_WARN_INT_CONVERSION = YES;
				CLANG_WARN_NON_LITERAL_NULL_CONVERSION = YES;
				CLANG_WARN_OBJC_IMPLICIT_RETAIN_SELF = YES;
				CLANG_WARN_OBJC_LITERAL_CONVERSION = YES;
				CLANG_WARN_OBJC_ROOT_CLASS = YES_ERROR;
				CLANG_WARN_QUOTED_INCLUDE_IN_FRAMEWORK_HEADER = YES;
				CLANG_WARN_RANGE_LOOP_ANALYSIS = YES;
				CLANG_WARN_STRICT_PROTOTYPES = YES;
				CLANG_WARN_SUSPICIOUS_MOVE = YES;
				CLANG_WARN_UNGUARDED_AVAILABILITY = YES_AGGRESSIVE;
				CLANG_WARN_UNREACHABLE_CODE = YES;
				CLANG_WARN__DUPLICATE_METHOD_MATCH = YES;
				CODE_SIGN_STYLE = Automatic;
				COPY_PHASE_STRIP = NO;
				DEBUG_INFORMATION_FORMAT = dwarf;
				ENABLE_STRICT_OBJC_MSGSEND = YES;
				ENABLE_TESTABILITY = YES;
				GCC_C_LANGUAGE_STANDARD = gnu11;
				GCC_DYNAMIC_NO_PIC = NO;
				GCC_NO_COMMON_BLOCKS = YES;
				GCC_OPTIMIZATION_LEVEL = 0;
				GCC_PREPROCESSOR_DEFINITIONS = (
					"$(inherited)",
					"DEBUG=1",
				);
				GCC_WARN_64_TO_32_BIT_CONVERSION = YES;
				GCC_WARN_ABOUT_RETURN_TYPE = YES_ERROR;
				GCC_WARN_UNDECLARED_SELECTOR = YES;
				GCC_WARN_UNINITIALIZED_AUTOS = YES_AGGRESSIVE;
				GCC_WARN_UNUSED_FUNCTION = YES;
				GCC_WARN_UNUSED_VARIABLE = YES;
				GENERATE_INFOPLIST_FILE = NO;
				MACOSX_DEPLOYMENT_TARGET = 14.0;
				MTL_ENABLE_DEBUG_INFO = INCLUDE_SOURCE;
				MTL_FAST_MATH = YES;
				ONLY_ACTIVE_ARCH = YES;
				PRODUCT_NAME = Zentty;
				SDKROOT = macosx;
				SWIFT_ACTIVE_COMPILATION_CONDITIONS = DEBUG;
				SWIFT_OPTIMIZATION_LEVEL = "-Onone";
				SWIFT_VERSION = 6.0;
			};
			name = Debug;
		};
		2E8D36F2457EDB4F365E74D2 /* Release */ = {
			isa = XCBuildConfiguration;
			buildSettings = {
				ALWAYS_SEARCH_USER_PATHS = NO;
				CLANG_ANALYZER_NONNULL = YES;
				CLANG_ANALYZER_NUMBER_OBJECT_CONVERSION = YES_AGGRESSIVE;
				CLANG_CXX_LANGUAGE_STANDARD = "gnu++14";
				CLANG_CXX_LIBRARY = "libc++";
				CLANG_ENABLE_MODULES = YES;
				CLANG_ENABLE_OBJC_ARC = YES;
				CLANG_ENABLE_OBJC_WEAK = YES;
				CLANG_WARN_BLOCK_CAPTURE_AUTORELEASING = YES;
				CLANG_WARN_BOOL_CONVERSION = YES;
				CLANG_WARN_COMMA = YES;
				CLANG_WARN_CONSTANT_CONVERSION = YES;
				CLANG_WARN_DEPRECATED_OBJC_IMPLEMENTATIONS = YES;
				CLANG_WARN_DIRECT_OBJC_ISA_USAGE = YES_ERROR;
				CLANG_WARN_DOCUMENTATION_COMMENTS = YES;
				CLANG_WARN_EMPTY_BODY = YES;
				CLANG_WARN_ENUM_CONVERSION = YES;
				CLANG_WARN_INFINITE_RECURSION = YES;
				CLANG_WARN_INT_CONVERSION = YES;
				CLANG_WARN_NON_LITERAL_NULL_CONVERSION = YES;
				CLANG_WARN_OBJC_IMPLICIT_RETAIN_SELF = YES;
				CLANG_WARN_OBJC_LITERAL_CONVERSION = YES;
				CLANG_WARN_OBJC_ROOT_CLASS = YES_ERROR;
				CLANG_WARN_QUOTED_INCLUDE_IN_FRAMEWORK_HEADER = YES;
				CLANG_WARN_RANGE_LOOP_ANALYSIS = YES;
				CLANG_WARN_STRICT_PROTOTYPES = YES;
				CLANG_WARN_SUSPICIOUS_MOVE = YES;
				CLANG_WARN_UNGUARDED_AVAILABILITY = YES_AGGRESSIVE;
				CLANG_WARN_UNREACHABLE_CODE = YES;
				CLANG_WARN__DUPLICATE_METHOD_MATCH = YES;
				CODE_SIGN_STYLE = Automatic;
				COPY_PHASE_STRIP = NO;
				DEBUG_INFORMATION_FORMAT = "dwarf-with-dsym";
				ENABLE_NS_ASSERTIONS = NO;
				ENABLE_STRICT_OBJC_MSGSEND = YES;
				GCC_C_LANGUAGE_STANDARD = gnu11;
				GCC_NO_COMMON_BLOCKS = YES;
				GCC_WARN_64_TO_32_BIT_CONVERSION = YES;
				GCC_WARN_ABOUT_RETURN_TYPE = YES_ERROR;
				GCC_WARN_UNDECLARED_SELECTOR = YES;
				GCC_WARN_UNINITIALIZED_AUTOS = YES_AGGRESSIVE;
				GCC_WARN_UNUSED_FUNCTION = YES;
				GCC_WARN_UNUSED_VARIABLE = YES;
				GENERATE_INFOPLIST_FILE = NO;
				MACOSX_DEPLOYMENT_TARGET = 14.0;
				MTL_ENABLE_DEBUG_INFO = NO;
				MTL_FAST_MATH = YES;
				PRODUCT_NAME = Zentty;
				SDKROOT = macosx;
				SWIFT_COMPILATION_MODE = wholemodule;
				SWIFT_OPTIMIZATION_LEVEL = "-O";
				SWIFT_VERSION = 6.0;
			};
			name = Release;
		};
		894C3951CB1202029CDE7C79 /* Debug */ = {
			isa = XCBuildConfiguration;
			buildSettings = {
				BUNDLE_LOADER = "$(TEST_HOST)";
				COMBINE_HIDPI_IMAGES = YES;
				INFOPLIST_FILE = ZenttyTests/Info.plist;
				LD_RUNPATH_SEARCH_PATHS = (
					"$(inherited)",
					"@executable_path/../Frameworks",
					"@loader_path/../Frameworks",
				);
				PRODUCT_BUNDLE_IDENTIFIER = com.peterdedene.zenttyTests;
				PRODUCT_NAME = ZenttyTests;
				SDKROOT = macosx;
				TEST_HOST = "$(BUILT_PRODUCTS_DIR)/Zentty.app/Contents/MacOS/Zentty";
			};
			name = Debug;
		};
		91A4A41546D294D209429708 /* Debug */ = {
			isa = XCBuildConfiguration;
			buildSettings = {
				ASSETCATALOG_COMPILER_APPICON_NAME = AppIcon;
				COMBINE_HIDPI_IMAGES = YES;
				ENABLE_HARDENED_RUNTIME = YES;
				FRAMEWORK_SEARCH_PATHS = (
					"$(inherited)",
					"\"FrameworksLocal\"",
				);
				INFOPLIST_FILE = Zentty/Info.plist;
				LD_RUNPATH_SEARCH_PATHS = (
					"$(inherited)",
					"@executable_path/../Frameworks",
				);
				OTHER_LDFLAGS = (
					"-lc++",
					"-framework",
					Metal,
					"-framework",
					QuartzCore,
					"-framework",
					IOSurface,
					"-framework",
					UniformTypeIdentifiers,
					"-framework",
					Carbon,
				);
				PRODUCT_BUNDLE_IDENTIFIER = com.peterdedene.zentty;
				SDKROOT = macosx;
				SWIFT_EMIT_LOC_STRINGS = YES;
			};
			name = Debug;
		};
		BC09C6831896151FBEFE2CC3 /* Release */ = {
			isa = XCBuildConfiguration;
			buildSettings = {
				ASSETCATALOG_COMPILER_APPICON_NAME = AppIcon;
				COMBINE_HIDPI_IMAGES = YES;
				ENABLE_HARDENED_RUNTIME = YES;
				FRAMEWORK_SEARCH_PATHS = (
					"$(inherited)",
					"\"FrameworksLocal\"",
				);
				INFOPLIST_FILE = Zentty/Info.plist;
				LD_RUNPATH_SEARCH_PATHS = (
					"$(inherited)",
					"@executable_path/../Frameworks",
				);
				OTHER_LDFLAGS = (
					"-lc++",
					"-framework",
					Metal,
					"-framework",
					QuartzCore,
					"-framework",
					IOSurface,
					"-framework",
					UniformTypeIdentifiers,
					"-framework",
					Carbon,
				);
				PRODUCT_BUNDLE_IDENTIFIER = com.peterdedene.zentty;
				SDKROOT = macosx;
				SWIFT_EMIT_LOC_STRINGS = YES;
			};
			name = Release;
		};
		FD345E82C2B61BF4DF866E7F /* Release */ = {
			isa = XCBuildConfiguration;
			buildSettings = {
				BUNDLE_LOADER = "$(TEST_HOST)";
				COMBINE_HIDPI_IMAGES = YES;
				INFOPLIST_FILE = ZenttyTests/Info.plist;
				LD_RUNPATH_SEARCH_PATHS = (
					"$(inherited)",
					"@executable_path/../Frameworks",
					"@loader_path/../Frameworks",
				);
				PRODUCT_BUNDLE_IDENTIFIER = com.peterdedene.zenttyTests;
				PRODUCT_NAME = ZenttyTests;
				SDKROOT = macosx;
				TEST_HOST = "$(BUILT_PRODUCTS_DIR)/Zentty.app/Contents/MacOS/Zentty";
			};
			name = Release;
		};
/* End XCBuildConfiguration section */

/* Begin XCConfigurationList section */
		41E011D77BB2E01F52BCA543 /* Build configuration list for PBXProject "Zentty" */ = {
			isa = XCConfigurationList;
			buildConfigurations = (
				1C63BF5BC76D67B67A1A72EF /* Debug */,
				2E8D36F2457EDB4F365E74D2 /* Release */,
			);
			defaultConfigurationIsVisible = 0;
			defaultConfigurationName = Debug;
		};
		4FCFCF2564A6DA103A27CCEE /* Build configuration list for PBXNativeTarget "ZenttyTests" */ = {
			isa = XCConfigurationList;
			buildConfigurations = (
				894C3951CB1202029CDE7C79 /* Debug */,
				FD345E82C2B61BF4DF866E7F /* Release */,
			);
			defaultConfigurationIsVisible = 0;
			defaultConfigurationName = Debug;
		};
		8CF3F2B2CC3B4077397556BF /* Build configuration list for PBXNativeTarget "Zentty" */ = {
			isa = XCConfigurationList;
			buildConfigurations = (
				91A4A41546D294D209429708 /* Debug */,
				BC09C6831896151FBEFE2CC3 /* Release */,
			);
			defaultConfigurationIsVisible = 0;
			defaultConfigurationName = Debug;
		};
/* End XCConfigurationList section */
	};
	rootObject = 7A0ED500B3C67C2B4985B5EE /* Project object */;
}
